{
  "version": 4,
  "terraform_version": "1.14.6",
  "serial": 1216,
  "lineage": "0ec67b2e-8f10-fa6b-c1e1-fa12c14283e4",
  "outputs": {},
  "resources": [
    {
      "mode": "managed",
      "type": "helm_release",
      "name": "argocd",
      "provider": "provider[\"registry.terraform.io/hashicorp/helm\"]",
      "instances": [
        {
          "schema_version": 2,
          "attributes": {
            "atomic": false,
            "chart": "argo-cd",
            "cleanup_on_fail": false,
            "create_namespace": true,
            "dependency_update": false,
            "description": null,
            "devel": null,
            "disable_crd_hooks": false,
            "disable_openapi_validation": false,
            "disable_webhooks": false,
            "force_update": false,
            "id": "argocd",
            "keyring": null,
            "lint": false,
            "manifest": null,
            "max_history": 0,
            "metadata": {
              "app_version": "v3.3.2",
              "chart": "argo-cd",
              "first_deployed": 1772433961,
              "last_deployed": 1772433961,
              "name": "argocd",
              "namespace": "argocd",
              "notes": "\nIn order to access the server UI you have the following options:\n\n1. kubectl port-forward service/argocd-server -n argocd 8080:443\n\n    and then open the browser on http://localhost:8080 and accept the certificate\n\n2. enable ingress in the values file `server.ingress.enabled` and either\n      - Add the annotation for ssl passthrough: https://argo-cd.readthedocs.io/en/stable/operator-manual/ingress/#option-1-ssl-passthrough\n      - Set the `configs.params.\"server.insecure\"` in the values file and terminate SSL at your ingress: https://argo-cd.readthedocs.io/en/stable/operator-manual/ingress/#option-2-multiple-ingress-objects-and-hosts\n\n\nAfter reaching the UI the first time you can login with username: admin and the random password generated during the installation. You can find the password by running:\n\nkubectl -n argocd get secret argocd-initial-admin-secret -o jsonpath=\"{.data.password}\" | base64 -d\n\n(You should delete the initial secret afterwards as suggested by the Getting Started Guide: https://argo-cd.readthedocs.io/en/stable/getting_started/#4-login-using-the-cli)\n",
              "revision": 1,
              "values": "{\"server\":{\"service\":{\"type\":\"LoadBalancer\"}}}",
              "version": "9.4.6"
            },
            "name": "argocd",
            "namespace": "argocd",
            "pass_credentials": false,
            "postrender": null,
            "recreate_pods": false,
            "render_subchart_notes": true,
            "replace": false,
            "repository": "https://argoproj.github.io/argo-helm",
            "repository_ca_file": null,
            "repository_cert_file": null,
            "repository_key_file": null,
            "repository_password": null,
            "repository_username": null,
            "reset_values": false,
            "resources": null,
            "reuse_values": false,
            "set": [
              {
                "name": "server.service.type",
                "type": "",
                "value": "LoadBalancer"
              }
            ],
            "set_list": null,
            "set_sensitive": null,
            "set_wo": null,
            "set_wo_revision": null,
            "skip_crds": false,
            "status": "deployed",
            "take_ownership": false,
            "timeout": 600,
            "timeouts": null,
            "upgrade_install": false,
            "values": null,
            "verify": false,
            "version": "9.4.6",
            "wait": true,
            "wait_for_jobs": false
          },
          "sensitive_attributes": [
            [
              {
                "type": "get_attr",
                "value": "repository_password"
              }
            ]
          ],
          "identity_schema_version": 0,
          "identity": {
            "namespace": "argocd",
            "release_name": "argocd"
          },
          "dependencies": [
            "helm_release.aws_load_balancer_controller",
            "module.eks_mod.aws_cloudwatch_log_group.this",
            "module.eks_mod.aws_eks_access_entry.this",
            "module.eks_mod.aws_eks_access_policy_association.this",
            "module.eks_mod.aws_eks_cluster.this",
            "module.eks_mod.aws_iam_openid_connect_provider.oidc_provider",
            "module.eks_mod.aws_iam_policy.cni_ipv6_policy",
            "module.eks_mod.aws_iam_role.eks_auto",
            "module.eks_mod.aws_iam_role.this",
            "module.eks_mod.aws_iam_role_policy_attachment.this",
            "module.eks_mod.aws_security_group.cluster",
            "module.eks_mod.aws_security_group.node",
            "module.eks_mod.aws_security_group_rule.cluster",
            "module.eks_mod.aws_security_group_rule.node",
            "module.eks_mod.data.aws_caller_identity.current",
            "module.eks_mod.data.aws_iam_policy_document.assume_role_policy",
            "module.eks_mod.data.aws_iam_policy_document.cni_ipv6_policy",
            "module.eks_mod.data.aws_iam_policy_document.node_assume_role_policy",
            "module.eks_mod.data.aws_iam_session_context.current",
            "module.eks_mod.data.aws_partition.current",
            "module.eks_mod.data.tls_certificate.this",
            "module.eks_mod.module.kms.aws_kms_external_key.this",
            "module.eks_mod.module.kms.aws_kms_key.this",
            "module.eks_mod.module.kms.aws_kms_replica_external_key.this",
            "module.eks_mod.module.kms.aws_kms_replica_key.this",
            "module.eks_mod.module.kms.data.aws_caller_identity.current",
            "module.eks_mod.module.kms.data.aws_iam_policy_document.this",
            "module.eks_mod.module.kms.data.aws_partition.current",
            "module.lb_role.aws_iam_role.this",
            "module.lb_role.data.aws_caller_identity.current",
            "module.lb_role.data.aws_iam_policy_document.this",
            "module.lb_role.data.aws_partition.current",
            "module.vpc_mod.aws_subnet.private",
            "module.vpc_mod.aws_vpc.this",
            "module.vpc_mod.aws_vpc_ipv4_cidr_block_association.this"
          ]
        }
      ]
    },
    {
      "mode": "managed",
      "type": "helm_release",
      "name": "aws_load_balancer_controller",
      "provider": "provider[\"registry.terraform.io/hashicorp/helm\"]",
      "instances": [
        {
          "schema_version": 2,
          "attributes": {
            "atomic": false,
            "chart": "aws-load-balancer-controller",
            "cleanup_on_fail": false,
            "create_namespace": false,
            "dependency_update": false,
            "description": null,
            "devel": null,
            "disable_crd_hooks": false,
            "disable_openapi_validation": false,
            "disable_webhooks": false,
            "force_update": false,
            "id": "aws-load-balancer-controller",
            "keyring": null,
            "lint": false,
            "manifest": null,
            "max_history": 0,
            "metadata": {
              "app_version": "v3.1.0",
              "chart": "aws-load-balancer-controller",
              "first_deployed": 1772433830,
              "last_deployed": 1772433830,
              "name": "aws-load-balancer-controller",
              "namespace": "kube-system",
              "notes": "AWS Load Balancer controller installed!\n",
              "revision": 1,
              "values": "{\"clusterName\":\"eks-mod\",\"serviceAccount\":{\"annotations\":{\"eks.amazonaws.com/role-arn\":\"arn:aws:iam::739961805636:role/eks-mod-lb-controller\"},\"create\":true,\"name\":\"aws-load-balancer-controller\"}}",
              "version": "3.1.0"
            },
            "name": "aws-load-balancer-controller",
            "namespace": "kube-system",
            "pass_credentials": false,
            "postrender": null,
            "recreate_pods": false,
            "render_subchart_notes": true,
            "replace": false,
            "repository": "https://aws.github.io/eks-charts",
            "repository_ca_file": null,
            "repository_cert_file": null,
            "repository_key_file": null,
            "repository_password": null,
            "repository_username": null,
            "reset_values": false,
            "resources": null,
            "reuse_values": false,
            "set": [
              {
                "name": "clusterName",
                "type": "",
                "value": "eks-mod"
              },
              {
                "name": "serviceAccount.create",
                "type": "",
                "value": "true"
              },
              {
                "name": "serviceAccount.name",
                "type": "",
                "value": "aws-load-balancer-controller"
              },
              {
                "name": "serviceAccount.annotations.eks\\.amazonaws\\.com/role-arn",
                "type": "",
                "value": "arn:aws:iam::739961805636:role/eks-mod-lb-controller"
              }
            ],
            "set_list": null,
            "set_sensitive": null,
            "set_wo": null,
            "set_wo_revision": null,
            "skip_crds": false,
            "status": "deployed",
            "take_ownership": false,
            "timeout": 600,
            "timeouts": null,
            "upgrade_install": false,
            "values": null,
            "verify": false,
            "version": "3.1.0",
            "wait": true,
            "wait_for_jobs": false
          },
          "sensitive_attributes": [
            [
              {
                "type": "get_attr",
                "value": "repository_password"
              }
            ]
          ],
          "identity_schema_version": 0,
          "identity": {
            "namespace": "kube-system",
            "release_name": "aws-load-balancer-controller"
          },
          "dependencies": [
            "module.eks_mod.aws_cloudwatch_log_group.this",
            "module.eks_mod.aws_eks_access_entry.this",
            "module.eks_mod.aws_eks_access_policy_association.this",
            "module.eks_mod.aws_eks_cluster.this",
            "module.eks_mod.aws_iam_openid_connect_provider.oidc_provider",
            "module.eks_mod.aws_iam_policy.cni_ipv6_policy",
            "module.eks_mod.aws_iam_role.eks_auto",
            "module.eks_mod.aws_iam_role.this",
            "module.eks_mod.aws_iam_role_policy_attachment.this",
            "module.eks_mod.aws_security_group.cluster",
            "module.eks_mod.aws_security_group.node",
            "module.eks_mod.aws_security_group_rule.cluster",
            "module.eks_mod.aws_security_group_rule.node",
            "module.eks_mod.data.aws_caller_identity.current",
            "module.eks_mod.data.aws_iam_policy_document.assume_role_policy",
            "module.eks_mod.data.aws_iam_policy_document.cni_ipv6_policy",
            "module.eks_mod.data.aws_iam_policy_document.node_assume_role_policy",
            "module.eks_mod.data.aws_iam_session_context.current",
            "module.eks_mod.data.aws_partition.current",
            "module.eks_mod.data.tls_certificate.this",
            "module.eks_mod.module.kms.aws_kms_external_key.this",
            "module.eks_mod.module.kms.aws_kms_key.this",
            "module.eks_mod.module.kms.aws_kms_replica_external_key.this",
            "module.eks_mod.module.kms.aws_kms_replica_key.this",
            "module.eks_mod.module.kms.data.aws_caller_identity.current",
            "module.eks_mod.module.kms.data.aws_iam_policy_document.this",
            "module.eks_mod.module.kms.data.aws_partition.current",
            "module.lb_role.aws_iam_role.this",
            "module.lb_role.data.aws_caller_identity.current",
            "module.lb_role.data.aws_iam_policy_document.this",
            "module.lb_role.data.aws_partition.current",
            "module.vpc_mod.aws_subnet.private",
            "module.vpc_mod.aws_vpc.this",
            "module.vpc_mod.aws_vpc_ipv4_cidr_block_association.this"
          ]
        }
      ]
    },
    {
      "module": "module.eks_mod",
      "mode": "data",
      "type": "aws_caller_identity",
      "name": "current",
      "provider": "provider[\"registry.terraform.io/hashicorp/aws\"]",
      "instances": [
        {
          "index_key": 0,
          "schema_version": 0,
          "attributes": {
            "account_id": "739961805636",
            "arn": "arn:aws:iam::739961805636:user/admin-user",
            "id": "739961805636",
            "user_id": "AIDA2YSJJDNCNEHFS2DS4"
          },
          "sensitive_attributes": [],
          "identity_schema_version": 0
        }
      ]
    },
    {
      "module": "module.eks_mod",
      "mode": "data",
      "type": "aws_iam_policy_document",
      "name": "assume_role_policy",
      "provider": "provider[\"registry.terraform.io/hashicorp/aws\"]",
      "instances": [
        {
          "index_key": 0,
          "schema_version": 0,
          "attributes": {
            "id": "2830595799",
            "json": "{\n  \"Version\": \"2012-10-17\",\n  \"Statement\": [\n    {\n      \"Sid\": \"EKSClusterAssumeRole\",\n      \"Effect\": \"Allow\",\n      \"Action\": [\n        \"sts:TagSession\",\n        \"sts:AssumeRole\"\n      ],\n      \"Principal\": {\n        \"Service\": \"eks.amazonaws.com\"\n      }\n    }\n  ]\n}",
            "minified_json": "{\"Version\":\"2012-10-17\",\"Statement\":[{\"Sid\":\"EKSClusterAssumeRole\",\"Effect\":\"Allow\",\"Action\":[\"sts:TagSession\",\"sts:AssumeRole\"],\"Principal\":{\"Service\":\"eks.amazonaws.com\"}}]}",
            "override_json": null,
            "override_policy_documents": null,
            "policy_id": null,
            "source_json": null,
            "source_policy_documents": null,
            "statement": [
              {
                "actions": [
                  "sts:AssumeRole",
                  "sts:TagSession"
                ],
                "condition": [],
                "effect": "Allow",
                "not_actions": [],
                "not_principals": [],
                "not_resources": [],
                "principals": [
                  {
                    "identifiers": [
                      "eks.amazonaws.com"
                    ],
                    "type": "Service"
                  }
                ],
                "resources": [],
                "sid": "EKSClusterAssumeRole"
              }
            ],
            "version": "2012-10-17"
          },
          "sensitive_attributes": [],
          "identity_schema_version": 0
        }
      ]
    },
    {
      "module": "module.eks_mod",
      "mode": "data",
      "type": "aws_iam_policy_document",
      "name": "cni_ipv6_policy",
      "provider": "provider[\"registry.terraform.io/hashicorp/aws\"]",
      "instances": []
    },
    {
      "module": "module.eks_mod",
      "mode": "data",
      "type": "aws_iam_policy_document",
      "name": "node_assume_role_policy",
      "provider": "provider[\"registry.terraform.io/hashicorp/aws\"]",
      "instances": []
    },
    {
      "module": "module.eks_mod",
      "mode": "data",
      "type": "aws_iam_session_context",
      "name": "current",
      "provider": "provider[\"registry.terraform.io/hashicorp/aws\"]",
      "instances": [
        {
          "index_key": 0,
          "schema_version": 0,
          "attributes": {
            "arn": "arn:aws:iam::739961805636:user/admin-user",
            "id": "arn:aws:iam::739961805636:user/admin-user",
            "issuer_arn": "arn:aws:iam::739961805636:user/admin-user",
            "issuer_id": "",
            "issuer_name": "",
            "session_name": ""
          },
          "sensitive_attributes": [],
          "identity_schema_version": 0
        }
      ]
    },
    {
      "module": "module.eks_mod",
      "mode": "data",
      "type": "aws_partition",
      "name": "current",
      "provider": "provider[\"registry.terraform.io/hashicorp/aws\"]",
      "instances": [
        {
          "index_key": 0,
          "schema_version": 0,
          "attributes": {
            "dns_suffix": "amazonaws.com",
            "id": "aws",
            "partition": "aws",
            "reverse_dns_prefix": "com.amazonaws"
          },
          "sensitive_attributes": [],
          "identity_schema_version": 0
        }
      ]
    },
    {
      "module": "module.eks_mod",
      "mode": "data",
      "type": "tls_certificate",
      "name": "this",
      "provider": "provider[\"registry.terraform.io/hashicorp/tls\"]",
      "instances": [
        {
          "index_key": 0,
          "schema_version": 0,
          "attributes": {
            "certificates": [
              {
                "cert_pem": "-----BEGIN CERTIFICATE-----\nMIIEkjCCA3qgAwIBAgITBn+USionzfP6wq4rAfkI7rnExjANBgkqhkiG9w0BAQsF\nADCBmDELMAkGA1UEBhMCVVMxEDAOBgNVBAgTB0FyaXpvbmExEzARBgNVBAcTClNj\nb3R0c2RhbGUxJTAjBgNVBAoTHFN0YXJmaWVsZCBUZWNobm9sb2dpZXMsIEluYy4x\nOzA5BgNVBAMTMlN0YXJmaWVsZCBTZXJ2aWNlcyBSb290IENlcnRpZmljYXRlIEF1\ndGhvcml0eSAtIEcyMB4XDTE1MDUyNTEyMDAwMFoXDTM3MTIzMTAxMDAwMFowOTEL\nMAkGA1UEBhMCVVMxDzANBgNVBAoTBkFtYXpvbjEZMBcGA1UEAxMQQW1hem9uIFJv\nb3QgQ0EgMTCCASIwDQYJKoZIhvcNAQEBBQADggEPADCCAQoCggEBALJ4gHHKeNXj\nca9HgFB0fW7Y14h29Jlo91ghYPl0hAEvrAIthtOgQ3pOsqTQNroBvo3bSMgHFzZM\n9O6II8c+6zf1tRn4SWiw3te5djgdYZ6k/oI2peVKVuRF4fn9tBb6dNqcmzU5L/qw\nIFAGbHrQgLKm+a/sRxmPUDgH3KKHOVj4utWp+UhnMJbulHheb4mjUcAwhmahRWa6\nVOujw5H5SNz/0egwLX0tdHA114gk957EWW67c4cX8jJGKLhD+rcdqsq08p8kDi1L\n93FcXmn/6pUCyziKrlA4b9v7LWIbxcceVOF34GfID5yHI9Y/QCB/IIDEgEw+OyQm\njgSubJrIqg0CAwEAAaOCATEwggEtMA8GA1UdEwEB/wQFMAMBAf8wDgYDVR0PAQH/\nBAQDAgGGMB0GA1UdDgQWBBSEGMyFNOy8DJSULghZnMeyEE4KCDAfBgNVHSMEGDAW\ngBScXwDfqgHXMCs4iKK4bUqc8hGRgzB4BggrBgEFBQcBAQRsMGowLgYIKwYBBQUH\nMAGGImh0dHA6Ly9vY3NwLnJvb3RnMi5hbWF6b250cnVzdC5jb20wOAYIKwYBBQUH\nMAKGLGh0dHA6Ly9jcnQucm9vdGcyLmFtYXpvbnRydXN0LmNvbS9yb290ZzIuY2Vy\nMD0GA1UdHwQ2MDQwMqAwoC6GLGh0dHA6Ly9jcmwucm9vdGcyLmFtYXpvbnRydXN0\nLmNvbS9yb290ZzIuY3JsMBEGA1UdIAQKMAgwBgYEVR0gADANBgkqhkiG9w0BAQsF\nAAOCAQEAYjdCXLwQtT6LLOkMm2xF4gcAevnFWAu5CIw+7bMlPLVvUOTNNWqnkzSW\nMiGpSESrnO09tKpzbeR/FoCJbM8oAxiDR3mjEH4wW6w7sGDgd9QIpuEdfF7Au/ma\neyKdpwAJfqxGF4PcnCZXmTA5YpaP7dreqsXMGz7KQ2hsVxa81Q4gLv7/wmpdLqBK\nbRRYh5TmOTFffHPLkIhqhBGWJ6bt2YFGpn6jcgAKUj6DiAdjd4lpFw85hdKrCEVN\n0FE6/V1dN2RMfjCyVSRCnTawXZwXgWHxyvkQAiSr6w10kY17RSlQOYiypok1JR4U\nakcjMS9cmvqtmg5iUaQqqcT5NJ0hGA==\n-----END CERTIFICATE-----\n",
                "is_ca": true,
                "issuer": "CN=Starfield Services Root Certificate Authority - G2,O=Starfield Technologies\\, Inc.,L=Scottsdale,ST=Arizona,C=US",
                "max_path_length": -1,
                "not_after": "2037-12-31T01:00:00Z",
                "not_before": "2015-05-25T12:00:00Z",
                "public_key_algorithm": "RSA",
                "serial_number": "144918191876577076464031512351042010504348870",
                "sha1_fingerprint": "06b25927c42a721631c1efd9431e648fa62e1e39",
                "signature_algorithm": "SHA256-RSA",
                "subject": "CN=Amazon Root CA 1,O=Amazon,C=US",
                "version": 3
              },
              {
                "cert_pem": "-----BEGIN CERTIFICATE-----\nMIIEXjCCA0agAwIBAgITB3MSOAudZoijOx7Zv5zNpo4ODzANBgkqhkiG9w0BAQsF\nADA5MQswCQYDVQQGEwJVUzEPMA0GA1UEChMGQW1hem9uMRkwFwYDVQQDExBBbWF6\nb24gUm9vdCBDQSAxMB4XDTIyMDgyMzIyMjEyOFoXDTMwMDgyMzIyMjEyOFowPDEL\nMAkGA1UEBhMCVVMxDzANBgNVBAoTBkFtYXpvbjEcMBoGA1UEAxMTQW1hem9uIFJT\nQSAyMDQ4IE0wMTCCASIwDQYJKoZIhvcNAQEBBQADggEPADCCAQoCggEBAOtxLKnL\nH4gokjIwr4pXD3i3NyWVVYesZ1yX0yLI2qIUZ2t88Gfa4gMqs1YSXca1R/lnCKeT\nepWSGA+0+fkQNpp/L4C2T7oTTsddUx7g3ZYzByDTlrwS5HRQQqEFE3O1T5tEJP4t\nf+28IoXsNiEzl3UGzicYgtzj2cWCB41eJgEmJmcf2T8TzzK6a614ZPyq/w4CPAff\nnAV4coz96nW3AyiE2uhuB4zQUIXvgVSycW7sbWLvj5TDXunEpNCRwC4kkZjK7rol\njtT2cbb7W2s4Bkg3R42G3PLqBvt2N32e/0JOTViCk8/iccJ4sXqrS1uUN4iB5Nmv\nJK74csVl+0u0UecCAwEAAaOCAVowggFWMBIGA1UdEwEB/wQIMAYBAf8CAQAwDgYD\nVR0PAQH/BAQDAgGGMB0GA1UdJQQWMBQGCCsGAQUFBwMBBggrBgEFBQcDAjAdBgNV\nHQ4EFgQUgbgOY4qJEhjl+js7UJWf5uWQE4UwHwYDVR0jBBgwFoAUhBjMhTTsvAyU\nlC4IWZzHshBOCggwewYIKwYBBQUHAQEEbzBtMC8GCCsGAQUFBzABhiNodHRwOi8v\nb2NzcC5yb290Y2ExLmFtYXpvbnRydXN0LmNvbTA6BggrBgEFBQcwAoYuaHR0cDov\nL2NydC5yb290Y2ExLmFtYXpvbnRydXN0LmNvbS9yb290Y2ExLmNlcjA/BgNVHR8E\nODA2MDSgMqAwhi5odHRwOi8vY3JsLnJvb3RjYTEuYW1hem9udHJ1c3QuY29tL3Jv\nb3RjYTEuY3JsMBMGA1UdIAQMMAowCAYGZ4EMAQIBMA0GCSqGSIb3DQEBCwUAA4IB\nAQCtAN4CBSMuBjJitGuxlBbkEUDeK/pZwTXv4KqPK0G50fOHOQAd8j21p0cMBgbG\nkfMHVwLU7b0XwZCav0h1ogdPMN1KakK1DT0VwA/+hFvGPJnMV1Kx2G4S1ZaSk0uU\n5QfoiYIIano01J5k4T2HapKQmmOhS/iPtuo00wW+IMLeBuKMn3OLn005hcrOGTad\nhcmeyfhQP7Z+iKHvyoQGi1C0ClymHETx/chhQGDyYSWqB/THwnN15AwLQo0E5V9E\nSJlbe4mBlqeInUsNYugExNf+tOiybcrswBy8OFsd34XOW3rjSUtsuafd9AWySa3h\nxRRrwszrzX/WWGm6wyB+f7C4\n-----END CERTIFICATE-----\n",
                "is_ca": true,
                "issuer": "CN=Amazon Root CA 1,O=Amazon,C=US",
                "max_path_length": 0,
                "not_after": "2030-08-23T22:21:28Z",
                "not_before": "2022-08-23T22:21:28Z",
                "public_key_algorithm": "RSA",
                "serial_number": "166129328851546858514271303855646110030630415",
                "sha1_fingerprint": "2ad974a775f73cbdbbd8f5ac3a49255fa8fb1f8c",
                "signature_algorithm": "SHA256-RSA",
                "subject": "CN=Amazon RSA 2048 M01,O=Amazon,C=US",
                "version": 3
              },
              {
                "cert_pem": "-----BEGIN CERTIFICATE-----\nMIIF5jCCBM6gAwIBAgIQCJsK/ZUgMjxpk/kJ/P9+WTANBgkqhkiG9w0BAQsFADA8\nMQswCQYDVQQGEwJVUzEPMA0GA1UEChMGQW1hem9uMRwwGgYDVQQDExNBbWF6b24g\nUlNBIDIwNDggTTAxMB4XDTI2MDEyNjAwMDAwMFoXDTI3MDIyNDIzNTk1OVowLTEr\nMCkGA1UEAwwiKi5la3MuYXAtbm9ydGhlYXN0LTIuYW1hem9uYXdzLmNvbTCCASIw\nDQYJKoZIhvcNAQEBBQADggEPADCCAQoCggEBAKIe1OC/cy7NnDpiYTuYwcHplB6L\ngXx6mxpQ06s4B3Sg7jvaV6xV7mi8QZxXiG8yJiNdb2XWK2/1CmQ09OBlkq1+WvbQ\nr1xLEOUNQpL2Lw7kqlLLH8m2tpSuc/zqrZZXj6IS+3JKjYbzi9zRswADRuiTUeYX\njYhBvPgtwJRYEgckf7FFAXHdiYJiNmRs0mPXTBX8XytUwU5E5LgEFA7teckU5fIO\nYB9NcueBWTvgvLjnhAPU4yvPqGAnJIRVKLJ8HA7p2Fe6KTo+nxSVLKRTuV/PQj9N\np6slwiKWwdPAO+EI7munuKuScMrgQU603rIqiXxXheZdIuQWtNy6Z6MiMMMCAwEA\nAaOCAvEwggLtMB8GA1UdIwQYMBaAFIG4DmOKiRIY5fo7O1CVn+blkBOFMB0GA1Ud\nDgQWBBQlJ/RISfDNPp7CNwi+65OWUKG6cjAtBgNVHREEJjAkgiIqLmVrcy5hcC1u\nb3J0aGVhc3QtMi5hbWF6b25hd3MuY29tMBMGA1UdIAQMMAowCAYGZ4EMAQIBMA4G\nA1UdDwEB/wQEAwIFoDATBgNVHSUEDDAKBggrBgEFBQcDATA7BgNVHR8ENDAyMDCg\nLqAshipodHRwOi8vY3JsLnIybTAxLmFtYXpvbnRydXN0LmNvbS9yMm0wMS5jcmww\ndQYIKwYBBQUHAQEEaTBnMC0GCCsGAQUFBzABhiFodHRwOi8vb2NzcC5yMm0wMS5h\nbWF6b250cnVzdC5jb20wNgYIKwYBBQUHMAKGKmh0dHA6Ly9jcnQucjJtMDEuYW1h\nem9udHJ1c3QuY29tL3IybTAxLmNlcjAMBgNVHRMBAf8EAjAAMIIBfgYKKwYBBAHW\neQIEAgSCAW4EggFqAWgAdwBMY9yY5Zwdq4j2Hoo93q6Pq0SjN3tfm5TD+6Gc/MG+\nJgAAAZv3ppGbAAAEAwBIMEYCIQCpwj08RpHwUp/ZrZhNqxxjlVqgcmHIQbyBqtIC\n2ZpXWQIhAPF68Eb2dEfZT9rRUDpw27ExUj1iXq0zOyvWpHjW1BGxAHYAHJ9oLOn6\n8EVpUPgbloqH3dsyENhM5siy44JSSsTPWZ8AAAGb96aRqAAABAMARzBFAiByWoO9\nB53SVyPz+C4DTbr8EYF0r4Q3u1mf2ptGTRMwGQIhAN0hA3swmip1UY++CgvKysBe\nQkC/v4Vj40VhljtDx7uuAHUAYEyar3p/d18B1Ab8kg3ImesLHH34yVIb+voXdzuX\ni8kAAAGb96aSpQAABAMARjBEAiBjKxuuTNAGdywi+oe/l8G6KQ1JqMaWFnFsDY6I\nVbHEDQIgZ9mcMfjeu7z5CcOVLG6BKNurxjt05pTXlnV59EjbuhgwDQYJKoZIhvcN\nAQELBQADggEBAOYiRZvQBB9jGIdTDT93UrH7Pg5z7Icd3m1l/93kbAeRGrig2qA8\nFHxR+R7u2F5keTT8qB91YzTkKBR4lpsiWm0j7MQuTw7EbIUksE1epC8qHk1BLhPN\nvqussr1yLnASvz1Vtutv2VycHb5eivgSkHwyzVj/pK9iO6+/gO/vqXFbI7BeK8UK\nsfwItdcA7Sj5lrfZvLesDOeN+2UmBvanSfIAbOHWkX37q9xFNb0nZqAW1WaJUKjI\nf699IysN7UwT8WN8fl9/SzcnIpk8luDMvSwHpoHZJwtqr3sdQ2eZqV4eyrKpSeBN\nIvQbij0NR+apS5mE0AuKiUgnizN2tfCCYzg=\n-----END CERTIFICATE-----\n",
                "is_ca": false,
                "issuer": "CN=Amazon RSA 2048 M01,O=Amazon,C=US",
                "max_path_length": -1,
                "not_after": "2027-02-24T23:59:59Z",
                "not_before": "2026-01-26T00:00:00Z",
                "public_key_algorithm": "RSA",
                "serial_number": "11438852894325567213578903347674447449",
                "sha1_fingerprint": "b5ff9c677325645101f7c5b456c6bfdb3c037425",
                "signature_algorithm": "SHA256-RSA",
                "subject": "CN=*.eks.ap-northeast-2.amazonaws.com",
                "version": 3
              }
            ],
            "content": null,
            "id": "db89cecc3adb9ea30f9819b0e895f1b1184c090f",
            "url": "https://oidc.eks.ap-northeast-2.amazonaws.com/id/156F1E82FB57ECB1659EE4B598EB745D",
            "verify_chain": true
          },
          "sensitive_attributes": [],
          "identity_schema_version": 0
        }
      ]
    },
    {
      "module": "module.eks_mod",
      "mode": "managed",
      "type": "aws_cloudwatch_log_group",
      "name": "this",
      "provider": "provider[\"registry.terraform.io/hashicorp/aws\"]",
      "instances": [
        {
          "index_key": 0,
          "schema_version": 0,
          "attributes": {
            "arn": "arn:aws:logs:ap-northeast-2:739961805636:log-group:/aws/eks/eks-mod/cluster",
            "id": "/aws/eks/eks-mod/cluster",
            "kms_key_id": "",
            "log_group_class": "STANDARD",
            "name": "/aws/eks/eks-mod/cluster",
            "name_prefix": "",
            "retention_in_days": 90,
            "skip_destroy": false,
            "tags": {
              "Name": "/aws/eks/eks-mod/cluster",
              "project": "eks-mod"
            },
            "tags_all": {
              "Name": "/aws/eks/eks-mod/cluster",
              "project": "eks-mod"
            }
          },
          "sensitive_attributes": [],
          "identity_schema_version": 0,
          "private": "bnVsbA==",
          "create_before_destroy": true
        }
      ]
    },
    {
      "module": "module.eks_mod",
      "mode": "managed",
      "type": "aws_eks_access_entry",
      "name": "this",
      "provider": "provider[\"registry.terraform.io/hashicorp/aws\"]",
      "instances": [
        {
          "index_key": "cluster_creator",
          "schema_version": 0,
          "attributes": {
            "access_entry_arn": "arn:aws:eks:ap-northeast-2:739961805636:access-entry/eks-mod/user/739961805636/admin-user/a0ce56a4-e113-2b01-19d8-47cfb34da414",
            "cluster_name": "eks-mod",
            "created_at": "2026-03-02T06:43:38Z",
            "id": "eks-mod:arn:aws:iam::739961805636:user/admin-user",
            "kubernetes_groups": [],
            "modified_at": "2026-03-02T06:43:38Z",
            "principal_arn": "arn:aws:iam::739961805636:user/admin-user",
            "tags": {
              "project": "eks-mod"
            },
            "tags_all": {
              "project": "eks-mod"
            },
            "timeouts": null,
            "type": "STANDARD",
            "user_name": "arn:aws:iam::739961805636:user/admin-user"
          },
          "sensitive_attributes": [],
          "identity_schema_version": 0,
          "private": "eyJlMmJmYjczMC1lY2FhLTExZTYtOGY4OC0zNDM2M2JjN2M0YzAiOnsiY3JlYXRlIjo2MDAwMDAwMDAwMDAsImRlbGV0ZSI6NjAwMDAwMDAwMDAwfX0=",
          "dependencies": [
            "module.eks_mod.aws_cloudwatch_log_group.this",
            "module.eks_mod.aws_eks_cluster.this",
            "module.eks_mod.aws_iam_policy.cni_ipv6_policy",
            "module.eks_mod.aws_iam_role.eks_auto",
            "module.eks_mod.aws_iam_role.this",
            "module.eks_mod.aws_iam_role_policy_attachment.this",
            "module.eks_mod.aws_security_group.cluster",
            "module.eks_mod.aws_security_group.node",
            "module.eks_mod.aws_security_group_rule.cluster",
            "module.eks_mod.aws_security_group_rule.node",
            "module.eks_mod.data.aws_caller_identity.current",
            "module.eks_mod.data.aws_iam_policy_document.assume_role_policy",
            "module.eks_mod.data.aws_iam_policy_document.cni_ipv6_policy",
            "module.eks_mod.data.aws_iam_policy_document.node_assume_role_policy",
            "module.eks_mod.data.aws_iam_session_context.current",
            "module.eks_mod.data.aws_partition.current",
            "module.eks_mod.module.kms.aws_kms_external_key.this",
            "module.eks_mod.module.kms.aws_kms_key.this",
            "module.eks_mod.module.kms.aws_kms_replica_external_key.this",
            "module.eks_mod.module.kms.aws_kms_replica_key.this",
            "module.eks_mod.module.kms.data.aws_caller_identity.current",
            "module.eks_mod.module.kms.data.aws_iam_policy_document.this",
            "module.eks_mod.module.kms.data.aws_partition.current",
            "module.vpc_mod.aws_subnet.private",
            "module.vpc_mod.aws_vpc.this",
            "module.vpc_mod.aws_vpc_ipv4_cidr_block_association.this"
          ]
        }
      ]
    },
    {
      "module": "module.eks_mod",
      "mode": "managed",
      "type": "aws_eks_access_policy_association",
      "name": "this",
      "provider": "provider[\"registry.terraform.io/hashicorp/aws\"]",
      "instances": [
        {
          "index_key": "cluster_creator_admin",
          "schema_version": 0,
          "attributes": {
            "access_scope": [
              {
                "namespaces": [],
                "type": "cluster"
              }
            ],
            "associated_at": "2026-03-02 06:43:38.985 +0000 UTC",
            "cluster_name": "eks-mod",
            "id": "eks-mod#arn:aws:iam::739961805636:user/admin-user#arn:aws:eks::aws:cluster-access-policy/AmazonEKSClusterAdminPolicy",
            "modified_at": "2026-03-02 06:43:38.985 +0000 UTC",
            "policy_arn": "arn:aws:eks::aws:cluster-access-policy/AmazonEKSClusterAdminPolicy",
            "principal_arn": "arn:aws:iam::739961805636:user/admin-user",
            "timeouts": null
          },
          "sensitive_attributes": [],
          "identity_schema_version": 0,
          "private": "eyJlMmJmYjczMC1lY2FhLTExZTYtOGY4OC0zNDM2M2JjN2M0YzAiOnsiY3JlYXRlIjo2MDAwMDAwMDAwMDAsImRlbGV0ZSI6NjAwMDAwMDAwMDAwfX0=",
          "dependencies": [
            "module.eks_mod.aws_cloudwatch_log_group.this",
            "module.eks_mod.aws_eks_access_entry.this",
            "module.eks_mod.aws_eks_cluster.this",
            "module.eks_mod.aws_iam_policy.cni_ipv6_policy",
            "module.eks_mod.aws_iam_role.eks_auto",
            "module.eks_mod.aws_iam_role.this",
            "module.eks_mod.aws_iam_role_policy_attachment.this",
            "module.eks_mod.aws_security_group.cluster",
            "module.eks_mod.aws_security_group.node",
            "module.eks_mod.aws_security_group_rule.cluster",
            "module.eks_mod.aws_security_group_rule.node",
            "module.eks_mod.data.aws_caller_identity.current",
            "module.eks_mod.data.aws_iam_policy_document.assume_role_policy",
            "module.eks_mod.data.aws_iam_policy_document.cni_ipv6_policy",
            "module.eks_mod.data.aws_iam_policy_document.node_assume_role_policy",
            "module.eks_mod.data.aws_iam_session_context.current",
            "module.eks_mod.data.aws_partition.current",
            "module.eks_mod.module.kms.aws_kms_external_key.this",
            "module.eks_mod.module.kms.aws_kms_key.this",
            "module.eks_mod.module.kms.aws_kms_replica_external_key.this",
            "module.eks_mod.module.kms.aws_kms_replica_key.this",
            "module.eks_mod.module.kms.data.aws_caller_identity.current",
            "module.eks_mod.module.kms.data.aws_iam_policy_document.this",
            "module.eks_mod.module.kms.data.aws_partition.current",
            "module.vpc_mod.aws_subnet.private",
            "module.vpc_mod.aws_vpc.this",
            "module.vpc_mod.aws_vpc_ipv4_cidr_block_association.this"
          ]
        }
      ]
    },
    {
      "module": "module.eks_mod",
      "mode": "managed",
      "type": "aws_eks_cluster",
      "name": "this",
      "provider": "provider[\"registry.terraform.io/hashicorp/aws\"]",
      "instances": [
        {
          "index_key": 0,
          "schema_version": 1,
          "attributes": {
            "access_config": [
              {
                "authentication_mode": "API_AND_CONFIG_MAP",
                "bootstrap_cluster_creator_admin_permissions": false
              }
            ],
            "arn": "arn:aws:eks:ap-northeast-2:739961805636:cluster/eks-mod",
            "bootstrap_self_managed_addons": true,
            "certificate_authority": [
              {
                "data": "LS0tLS1CRUdJTiBDRVJUSUZJQ0FURS0tLS0tCk1JSURCVENDQWUyZ0F3SUJBZ0lJUmR1VE9vamZYUEV3RFFZSktvWklodmNOQVFFTEJRQXdGVEVUTUJFR0ExVUUKQXhNS2EzVmlaWEp1WlhSbGN6QWVGdzB5TmpBek1ESXdOak0wTkRaYUZ3MHpOakF5TWpnd05qTTVORFphTUJVeApFekFSQmdOVkJBTVRDbXQxWW1WeWJtVjBaWE13Z2dFaU1BMEdDU3FHU0liM0RRRUJBUVVBQTRJQkR3QXdnZ0VLCkFvSUJBUURDWDM2SXQyMXhiYXBtVG9za3p6ZVNHaHBEc2t2ZDNON1dRMDNEeXJyQ1Q1c0laTWYvNDRmbzhsTjMKVVpFRjdmeVJkS1Vmb1JuaUQ5MnkwclA0Y2gvTG1kR0JyUys0bm9xWEo0Y1NHbjFXaWk1ODFaMWM1L2dLc213bApjRzJwdmthanNmSU1aZnFTTFZ1b2NPNzhUNWdqOC9DdEJ5YXNjWmlZZm9keTBvNkNIT0RlTTBuSHdpUkNxZnQwClhRcDlkTFd1R1NIc1l0N25mQ0gxREZrUHljbW5oSTdlOGo2VnRZYWdaQk9RclN0dkNYR0tpYTNzNzU2Y0ZKYmwKRE5SRDFVZVZhVVBOd2FNcHphYkttY1VrcXkvUGNONDdwN1poOHJwTkp0Z0NMWWM4NGxybWpQNlVqSTNnQWdHNQpDZGFwOUV2OUdUQmwweGh3MVNZVnRldEtWM0xqQWdNQkFBR2pXVEJYTUE0R0ExVWREd0VCL3dRRUF3SUNwREFQCkJnTlZIUk1CQWY4RUJUQURBUUgvTUIwR0ExVWREZ1FXQkJRN2RkRUtpa1hsWW1XRnJ3ajU0d0lKVDVvNUZUQVYKQmdOVkhSRUVEakFNZ2dwcmRXSmxjbTVsZEdWek1BMEdDU3FHU0liM0RRRUJDd1VBQTRJQkFRQ3RsNm1vQk95TQpSZ3FlT0dwdEd2aVZPaWo2cVV1eWx6Y3JiSnNoTXRjSnRjaHl4cUNTMzZscjdCRDRTTDJOSmZYMVhENTI4VVQxCjZaaHV6NldXZmhpUG9WaUk3d2pleTk0MzB6NEJLZ2dRZXd3Z2dyMmJPRHFDMS9KSXd4OW5hYVM3K0NEODVFZlUKL0FveGJMRjRsMGVZTFRvU3Q3N1oxdnlZNFR0bHN4dVplWDJUUC95UGtkNUdnTnVKS2VMKzI0QkxKd0FMLzV1TQo0SVl2VkxSbFVuaUNYNWhENm1TbzRWeTRSc0RoWjR0T3A0anNTdWY5MjVnT1lmYlh5ejhNZndJN3N5R0F3RExpCndlaVg4cy9JNXpLQllpUmlIWmZ5VmhZWkMrNkptYnpxVWl3VHdQUldqQjZQUVEwVTNRMlFIZHkzdTB0N0wrWnUKRmMzRmJVLyt0WnVsCi0tLS0tRU5EIENFUlRJRklDQVRFLS0tLS0K"
              }
            ],
            "cluster_id": null,
            "compute_config": [],
            "created_at": "2026-03-02T06:34:33Z",
            "enabled_cluster_log_types": [
              "api",
              "audit",
              "authenticator"
            ],
            "encryption_config": [
              {
                "provider": [
                  {
                    "key_arn": "arn:aws:kms:ap-northeast-2:739961805636:key/a49db3cb-816d-4153-8c06-6e8fb036d389"
                  }
                ],
                "resources": [
                  "secrets"
                ]
              }
            ],
            "endpoint": "https://156F1E82FB57ECB1659EE4B598EB745D.yl4.ap-northeast-2.eks.amazonaws.com",
            "force_update_version": null,
            "id": "eks-mod",
            "identity": [
              {
                "oidc": [
                  {
                    "issuer": "https://oidc.eks.ap-northeast-2.amazonaws.com/id/156F1E82FB57ECB1659EE4B598EB745D"
                  }
                ]
              }
            ],
            "kubernetes_network_config": [
              {
                "elastic_load_balancing": [
                  {
                    "enabled": false
                  }
                ],
                "ip_family": "ipv4",
                "service_ipv4_cidr": "172.20.0.0/16",
                "service_ipv6_cidr": ""
              }
            ],
            "name": "eks-mod",
            "outpost_config": [],
            "platform_version": "eks.63",
            "remote_network_config": [],
            "role_arn": "arn:aws:iam::739961805636:role/eks-mod-cluster-20260302063408773500000001",
            "status": "ACTIVE",
            "storage_config": [],
            "tags": {
              "project": "eks-mod",
              "terraform-aws-modules": "eks"
            },
            "tags_all": {
              "project": "eks-mod",
              "terraform-aws-modules": "eks"
            },
            "timeouts": {
              "create": null,
              "delete": null,
              "update": null
            },
            "upgrade_policy": [
              {
                "support_type": "EXTENDED"
              }
            ],
            "version": "1.29",
            "vpc_config": [
              {
                "cluster_security_group_id": "sg-069a2a0253f9e1823",
                "endpoint_private_access": true,
                "endpoint_public_access": true,
                "public_access_cidrs": [
                  "0.0.0.0/0"
                ],
                "security_group_ids": [
                  "sg-0f3f3d1e419687dc5"
                ],
                "subnet_ids": [
                  "subnet-009e300704f59e5d0",
                  "subnet-0573a98aea7f06626"
                ],
                "vpc_id": "vpc-01bc425b97e51fd71"
              }
            ],
            "zonal_shift_config": []
          },
          "sensitive_attributes": [],
          "identity_schema_version": 0,
          "private": "eyJlMmJmYjczMC1lY2FhLTExZTYtOGY4OC0zNDM2M2JjN2M0YzAiOnsiY3JlYXRlIjoxODAwMDAwMDAwMDAwLCJkZWxldGUiOjkwMDAwMDAwMDAwMCwidXBkYXRlIjozNjAwMDAwMDAwMDAwfSwic2NoZW1hX3ZlcnNpb24iOiIxIn0=",
          "dependencies": [
            "module.eks_mod.aws_cloudwatch_log_group.this",
            "module.eks_mod.aws_iam_policy.cni_ipv6_policy",
            "module.eks_mod.aws_iam_role.eks_auto",
            "module.eks_mod.aws_iam_role.this",
            "module.eks_mod.aws_iam_role_policy_attachment.this",
            "module.eks_mod.aws_security_group.cluster",
            "module.eks_mod.aws_security_group.node",
            "module.eks_mod.aws_security_group_rule.cluster",
            "module.eks_mod.aws_security_group_rule.node",
            "module.eks_mod.data.aws_caller_identity.current",
            "module.eks_mod.data.aws_iam_policy_document.assume_role_policy",
            "module.eks_mod.data.aws_iam_policy_document.cni_ipv6_policy",
            "module.eks_mod.data.aws_iam_policy_document.node_assume_role_policy",
            "module.eks_mod.data.aws_iam_session_context.current",
            "module.eks_mod.data.aws_partition.current",
            "module.eks_mod.module.kms.aws_kms_external_key.this",
            "module.eks_mod.module.kms.aws_kms_key.this",
            "module.eks_mod.module.kms.aws_kms_replica_external_key.this",
            "module.eks_mod.module.kms.aws_kms_replica_key.this",
            "module.eks_mod.module.kms.data.aws_caller_identity.current",
            "module.eks_mod.module.kms.data.aws_iam_policy_document.this",
            "module.eks_mod.module.kms.data.aws_partition.current",
            "module.vpc_mod.aws_subnet.private",
            "module.vpc_mod.aws_vpc.this",
            "module.vpc_mod.aws_vpc_ipv4_cidr_block_association.this"
          ],
          "create_before_destroy": true
        }
      ]
    },
    {
      "module": "module.eks_mod",
      "mode": "managed",
      "type": "aws_iam_openid_connect_provider",
      "name": "oidc_provider",
      "provider": "provider[\"registry.terraform.io/hashicorp/aws\"]",
      "instances": [
        {
          "index_key": 0,
          "schema_version": 0,
          "attributes": {
            "arn": "arn:aws:iam::739961805636:oidc-provider/oidc.eks.ap-northeast-2.amazonaws.com/id/156F1E82FB57ECB1659EE4B598EB745D",
            "client_id_list": [
              "sts.amazonaws.com"
            ],
            "id": "arn:aws:iam::739961805636:oidc-provider/oidc.eks.ap-northeast-2.amazonaws.com/id/156F1E82FB57ECB1659EE4B598EB745D",
            "tags": {
              "Name": "eks-mod-eks-irsa",
              "project": "eks-mod"
            },
            "tags_all": {
              "Name": "eks-mod-eks-irsa",
              "project": "eks-mod"
            },
            "thumbprint_list": [
              "06b25927c42a721631c1efd9431e648fa62e1e39"
            ],
            "url": "oidc.eks.ap-northeast-2.amazonaws.com/id/156F1E82FB57ECB1659EE4B598EB745D"
          },
          "sensitive_attributes": [],
          "identity_schema_version": 0,
          "private": "bnVsbA==",
          "dependencies": [
            "module.eks_mod.aws_cloudwatch_log_group.this",
            "module.eks_mod.aws_eks_cluster.this",
            "module.eks_mod.aws_iam_policy.cni_ipv6_policy",
            "module.eks_mod.aws_iam_role.eks_auto",
            "module.eks_mod.aws_iam_role.this",
            "module.eks_mod.aws_iam_role_policy_attachment.this",
            "module.eks_mod.aws_security_group.cluster",
            "module.eks_mod.aws_security_group.node",
            "module.eks_mod.aws_security_group_rule.cluster",
            "module.eks_mod.aws_security_group_rule.node",
            "module.eks_mod.data.aws_caller_identity.current",
            "module.eks_mod.data.aws_iam_policy_document.assume_role_policy",
            "module.eks_mod.data.aws_iam_policy_document.cni_ipv6_policy",
            "module.eks_mod.data.aws_iam_policy_document.node_assume_role_policy",
            "module.eks_mod.data.aws_iam_session_context.current",
            "module.eks_mod.data.aws_partition.current",
            "module.eks_mod.data.tls_certificate.this",
            "module.eks_mod.module.kms.aws_kms_external_key.this",
            "module.eks_mod.module.kms.aws_kms_key.this",
            "module.eks_mod.module.kms.aws_kms_replica_external_key.this",
            "module.eks_mod.module.kms.aws_kms_replica_key.this",
            "module.eks_mod.module.kms.data.aws_caller_identity.current",
            "module.eks_mod.module.kms.data.aws_iam_policy_document.this",
            "module.eks_mod.module.kms.data.aws_partition.current",
            "module.vpc_mod.aws_subnet.private",
            "module.vpc_mod.aws_vpc.this",
            "module.vpc_mod.aws_vpc_ipv4_cidr_block_association.this"
          ]
        }
      ]
    },
    {
      "module": "module.eks_mod",
      "mode": "managed",
      "type": "aws_iam_policy",
      "name": "cni_ipv6_policy",
      "provider": "provider[\"registry.terraform.io/hashicorp/aws\"]",
      "instances": []
    },
    {
      "module": "module.eks_mod",
      "mode": "managed",
      "type": "aws_iam_role",
      "name": "eks_auto",
      "provider": "provider[\"registry.terraform.io/hashicorp/aws\"]",
      "instances": []
    },
    {
      "module": "module.eks_mod",
      "mode": "managed",
      "type": "aws_iam_role",
      "name": "this",
      "provider": "provider[\"registry.terraform.io/hashicorp/aws\"]",
      "instances": [
        {
          "index_key": 0,
          "schema_version": 0,
          "attributes": {
            "arn": "arn:aws:iam::739961805636:role/eks-mod-cluster-20260302063408773500000001",
            "assume_role_policy": "{\"Statement\":[{\"Action\":[\"sts:TagSession\",\"sts:AssumeRole\"],\"Effect\":\"Allow\",\"Principal\":{\"Service\":\"eks.amazonaws.com\"},\"Sid\":\"EKSClusterAssumeRole\"}],\"Version\":\"2012-10-17\"}",
            "create_date": "2026-03-02T06:34:09Z",
            "description": "",
            "force_detach_policies": true,
            "id": "eks-mod-cluster-20260302063408773500000001",
            "inline_policy": [],
            "managed_policy_arns": [
              "arn:aws:iam::739961805636:policy/eks-mod-cluster-20260302063408774000000005",
              "arn:aws:iam::739961805636:policy/eks-mod-cluster-ClusterEncryption20260302063430920600000011",
              "arn:aws:iam::aws:policy/AmazonEKSClusterPolicy",
              "arn:aws:iam::aws:policy/AmazonEKSVPCResourceController"
            ],
            "max_session_duration": 3600,
            "name": "eks-mod-cluster-20260302063408773500000001",
            "name_prefix": "eks-mod-cluster-",
            "path": "/",
            "permissions_boundary": "",
            "tags": {
              "project": "eks-mod"
            },
            "tags_all": {
              "project": "eks-mod"
            },
            "unique_id": "AROA2YSJJDNCBATT7KFCL"
          },
          "sensitive_attributes": [],
          "identity_schema_version": 0,
          "private": "bnVsbA==",
          "dependencies": [
            "module.eks_mod.data.aws_iam_policy_document.assume_role_policy"
          ],
          "create_before_destroy": true
        }
      ]
    },
    {
      "module": "module.eks_mod",
      "mode": "managed",
      "type": "aws_iam_role_policy_attachment",
      "name": "this",
      "provider": "provider[\"registry.terraform.io/hashicorp/aws\"]",
      "instances": [
        {
          "index_key": "AmazonEKSClusterPolicy",
          "schema_version": 0,
          "attributes": {
            "id": "eks-mod-cluster-20260302063408773500000001-2026030206341082180000000b",
            "policy_arn": "arn:aws:iam::aws:policy/AmazonEKSClusterPolicy",
            "role": "eks-mod-cluster-20260302063408773500000001"
          },
          "sensitive_attributes": [],
          "identity_schema_version": 0,
          "private": "bnVsbA==",
          "dependencies": [
            "module.eks_mod.aws_iam_role.this",
            "module.eks_mod.data.aws_iam_policy_document.assume_role_policy",
            "module.eks_mod.data.aws_partition.current"
          ],
          "create_before_destroy": true
        },
        {
          "index_key": "AmazonEKSVPCResourceController",
          "schema_version": 0,
          "attributes": {
            "id": "eks-mod-cluster-20260302063408773500000001-2026030206341094650000000c",
            "policy_arn": "arn:aws:iam::aws:policy/AmazonEKSVPCResourceController",
            "role": "eks-mod-cluster-20260302063408773500000001"
          },
          "sensitive_attributes": [],
          "identity_schema_version": 0,
          "private": "bnVsbA==",
          "dependencies": [
            "module.eks_mod.aws_iam_role.this",
            "module.eks_mod.data.aws_iam_policy_document.assume_role_policy",
            "module.eks_mod.data.aws_partition.current"
          ],
          "create_before_destroy": true
        }
      ]
    },
    {
      "module": "module.eks_mod",
      "mode": "managed",
      "type": "aws_security_group",
      "name": "cluster",
      "provider": "provider[\"registry.terraform.io/hashicorp/aws\"]",
      "instances": [
        {
          "index_key": 0,
          "schema_version": 1,
          "attributes": {
            "arn": "arn:aws:ec2:ap-northeast-2:739961805636:security-group/sg-0f3f3d1e419687dc5",
            "description": "EKS cluster security group",
            "egress": [],
            "id": "sg-0f3f3d1e419687dc5",
            "ingress": [
              {
                "cidr_blocks": [],
                "description": "Node groups to cluster API",
                "from_port": 443,
                "ipv6_cidr_blocks": [],
                "prefix_list_ids": [],
                "protocol": "tcp",
                "security_groups": [
                  "sg-048340cbdd90180f8"
                ],
                "self": false,
                "to_port": 443
              }
            ],
            "name": "eks-mod-cluster-20260302063408773600000002",
            "name_prefix": "eks-mod-cluster-",
            "owner_id": "739961805636",
            "revoke_rules_on_delete": false,
            "tags": {
              "Name": "eks-mod-cluster",
              "project": "eks-mod"
            },
            "tags_all": {
              "Name": "eks-mod-cluster",
              "project": "eks-mod"
            },
            "timeouts": null,
            "vpc_id": "vpc-01bc425b97e51fd71"
          },
          "sensitive_attributes": [],
          "identity_schema_version": 0,
          "private": "eyJlMmJmYjczMC1lY2FhLTExZTYtOGY4OC0zNDM2M2JjN2M0YzAiOnsiY3JlYXRlIjo2MDAwMDAwMDAwMDAsImRlbGV0ZSI6OTAwMDAwMDAwMDAwfSwic2NoZW1hX3ZlcnNpb24iOiIxIn0=",
          "dependencies": [
            "module.vpc_mod.aws_vpc.this"
          ],
          "create_before_destroy": true
        }
      ]
    },
    {
      "module": "module.eks_mod",
      "mode": "managed",
      "type": "aws_security_group",
      "name": "node",
      "provider": "provider[\"registry.terraform.io/hashicorp/aws\"]",
      "instances": [
        {
          "index_key": 0,
          "schema_version": 1,
          "attributes": {
            "arn": "arn:aws:ec2:ap-northeast-2:739961805636:security-group/sg-048340cbdd90180f8",
            "description": "EKS node shared security group",
            "egress": [
              {
                "cidr_blocks": [
                  "0.0.0.0/0"
                ],
                "description": "Allow all egress",
                "from_port": 0,
                "ipv6_cidr_blocks": [],
                "prefix_list_ids": [],
                "protocol": "-1",
                "security_groups": [],
                "self": false,
                "to_port": 0
              }
            ],
            "id": "sg-048340cbdd90180f8",
            "ingress": [
              {
                "cidr_blocks": [],
                "description": "Cluster API to node 4443/tcp webhook",
                "from_port": 4443,
                "ipv6_cidr_blocks": [],
                "prefix_list_ids": [],
                "protocol": "tcp",
                "security_groups": [
                  "sg-0f3f3d1e419687dc5"
                ],
                "self": false,
                "to_port": 4443
              },
              {
                "cidr_blocks": [],
                "description": "Cluster API to node 6443/tcp webhook",
                "from_port": 6443,
                "ipv6_cidr_blocks": [],
                "prefix_list_ids": [],
                "protocol": "tcp",
                "security_groups": [
                  "sg-0f3f3d1e419687dc5"
                ],
                "self": false,
                "to_port": 6443
              },
              {
                "cidr_blocks": [],
                "description": "Cluster API to node 8443/tcp webhook",
                "from_port": 8443,
                "ipv6_cidr_blocks": [],
                "prefix_list_ids": [],
                "protocol": "tcp",
                "security_groups": [
                  "sg-0f3f3d1e419687dc5"
                ],
                "self": false,
                "to_port": 8443
              },
              {
                "cidr_blocks": [],
                "description": "Cluster API to node 9443/tcp webhook",
                "from_port": 9443,
                "ipv6_cidr_blocks": [],
                "prefix_list_ids": [],
                "protocol": "tcp",
                "security_groups": [
                  "sg-0f3f3d1e419687dc5"
                ],
                "self": false,
                "to_port": 9443
              },
              {
                "cidr_blocks": [],
                "description": "Cluster API to node groups",
                "from_port": 443,
                "ipv6_cidr_blocks": [],
                "prefix_list_ids": [],
                "protocol": "tcp",
                "security_groups": [
                  "sg-0f3f3d1e419687dc5"
                ],
                "self": false,
                "to_port": 443
              },
              {
                "cidr_blocks": [],
                "description": "Cluster API to node kubelets",
                "from_port": 10250,
                "ipv6_cidr_blocks": [],
                "prefix_list_ids": [],
                "protocol": "tcp",
                "security_groups": [
                  "sg-0f3f3d1e419687dc5"
                ],
                "self": false,
                "to_port": 10250
              },
              {
                "cidr_blocks": [],
                "description": "Node to node CoreDNS UDP",
                "from_port": 53,
                "ipv6_cidr_blocks": [],
                "prefix_list_ids": [],
                "protocol": "udp",
                "security_groups": [],
                "self": true,
                "to_port": 53
              },
              {
                "cidr_blocks": [],
                "description": "Node to node CoreDNS",
                "from_port": 53,
                "ipv6_cidr_blocks": [],
                "prefix_list_ids": [],
                "protocol": "tcp",
                "security_groups": [],
                "self": true,
                "to_port": 53
              },
              {
                "cidr_blocks": [],
                "description": "Node to node ingress on ephemeral ports",
                "from_port": 1025,
                "ipv6_cidr_blocks": [],
                "prefix_list_ids": [],
                "protocol": "tcp",
                "security_groups": [],
                "self": true,
                "to_port": 65535
              },
              {
                "cidr_blocks": [],
                "description": "elbv2.k8s.aws/targetGroupBinding=shared",
                "from_port": 31542,
                "ipv6_cidr_blocks": [],
                "prefix_list_ids": [],
                "protocol": "tcp",
                "security_groups": [
                  "sg-01750c10daf15ac1c"
                ],
                "self": false,
                "to_port": 32067
              }
            ],
            "name": "eks-mod-node-20260302063408774000000004",
            "name_prefix": "eks-mod-node-",
            "owner_id": "739961805636",
            "revoke_rules_on_delete": false,
            "tags": {
              "Name": "eks-mod-node",
              "kubernetes.io/cluster/eks-mod": "owned",
              "project": "eks-mod"
            },
            "tags_all": {
              "Name": "eks-mod-node",
              "kubernetes.io/cluster/eks-mod": "owned",
              "project": "eks-mod"
            },
            "timeouts": null,
            "vpc_id": "vpc-01bc425b97e51fd71"
          },
          "sensitive_attributes": [],
          "identity_schema_version": 0,
          "private": "eyJlMmJmYjczMC1lY2FhLTExZTYtOGY4OC0zNDM2M2JjN2M0YzAiOnsiY3JlYXRlIjo2MDAwMDAwMDAwMDAsImRlbGV0ZSI6OTAwMDAwMDAwMDAwfSwic2NoZW1hX3ZlcnNpb24iOiIxIn0=",
          "dependencies": [
            "module.vpc_mod.aws_vpc.this"
          ],
          "create_before_destroy": true
        }
      ]
    },
    {
      "module": "module.eks_mod",
      "mode": "managed",
      "type": "aws_security_group_rule",
      "name": "cluster",
      "provider": "provider[\"registry.terraform.io/hashicorp/aws\"]",
      "instances": [
        {
          "index_key": "ingress_nodes_443",
          "schema_version": 2,
          "attributes": {
            "cidr_blocks": null,
            "description": "Node groups to cluster API",
            "from_port": 443,
            "id": "sgrule-2078994241",
            "ipv6_cidr_blocks": null,
            "prefix_list_ids": null,
            "protocol": "tcp",
            "security_group_id": "sg-0f3f3d1e419687dc5",
            "security_group_rule_id": "sgr-097b2af50842c1016",
            "self": false,
            "source_security_group_id": "sg-048340cbdd90180f8",
            "timeouts": null,
            "to_port": 443,
            "type": "ingress"
          },
          "sensitive_attributes": [],
          "identity_schema_version": 0,
          "private": "eyJlMmJmYjczMC1lY2FhLTExZTYtOGY4OC0zNDM2M2JjN2M0YzAiOnsiY3JlYXRlIjozMDAwMDAwMDAwMDB9LCJzY2hlbWFfdmVyc2lvbiI6IjIifQ==",
          "dependencies": [
            "module.eks_mod.aws_security_group.cluster",
            "module.eks_mod.aws_security_group.node",
            "module.vpc_mod.aws_vpc.this"
          ],
          "create_before_destroy": true
        }
      ]
    },
    {
      "module": "module.eks_mod",
      "mode": "managed",
      "type": "aws_security_group_rule",
      "name": "node",
      "provider": "provider[\"registry.terraform.io/hashicorp/aws\"]",
      "instances": [
        {
          "index_key": "egress_all",
          "schema_version": 2,
          "attributes": {
            "cidr_blocks": [
              "0.0.0.0/0"
            ],
            "description": "Allow all egress",
            "from_port": 0,
            "id": "sgrule-2677066863",
            "ipv6_cidr_blocks": null,
            "prefix_list_ids": [],
            "protocol": "-1",
            "security_group_id": "sg-048340cbdd90180f8",
            "security_group_rule_id": "sgr-02c7d30b2ce3d59d6",
            "self": false,
            "source_security_group_id": null,
            "timeouts": null,
            "to_port": 0,
            "type": "egress"
          },
          "sensitive_attributes": [],
          "identity_schema_version": 0,
          "private": "eyJlMmJmYjczMC1lY2FhLTExZTYtOGY4OC0zNDM2M2JjN2M0YzAiOnsiY3JlYXRlIjozMDAwMDAwMDAwMDB9LCJzY2hlbWFfdmVyc2lvbiI6IjIifQ==",
          "dependencies": [
            "module.eks_mod.aws_security_group.cluster",
            "module.eks_mod.aws_security_group.node",
            "module.vpc_mod.aws_vpc.this"
          ],
          "create_before_destroy": true
        },
        {
          "index_key": "ingress_cluster_443",
          "schema_version": 2,
          "attributes": {
            "cidr_blocks": null,
            "description": "Cluster API to node groups",
            "from_port": 443,
            "id": "sgrule-1167025028",
            "ipv6_cidr_blocks": null,
            "prefix_list_ids": [],
            "protocol": "tcp",
            "security_group_id": "sg-048340cbdd90180f8",
            "security_group_rule_id": "sgr-02127f01e8eba5adb",
            "self": false,
            "source_security_group_id": "sg-0f3f3d1e419687dc5",
            "timeouts": null,
            "to_port": 443,
            "type": "ingress"
          },
          "sensitive_attributes": [],
          "identity_schema_version": 0,
          "private": "eyJlMmJmYjczMC1lY2FhLTExZTYtOGY4OC0zNDM2M2JjN2M0YzAiOnsiY3JlYXRlIjozMDAwMDAwMDAwMDB9LCJzY2hlbWFfdmVyc2lvbiI6IjIifQ==",
          "dependencies": [
            "module.eks_mod.aws_security_group.cluster",
            "module.eks_mod.aws_security_group.node",
            "module.vpc_mod.aws_vpc.this"
          ],
          "create_before_destroy": true
        },
        {
          "index_key": "ingress_cluster_4443_webhook",
          "schema_version": 2,
          "attributes": {
            "cidr_blocks": null,
            "description": "Cluster API to node 4443/tcp webhook",
            "from_port": 4443,
            "id": "sgrule-3344059519",
            "ipv6_cidr_blocks": null,
            "prefix_list_ids": [],
            "protocol": "tcp",
            "security_group_id": "sg-048340cbdd90180f8",
            "security_group_rule_id": "sgr-0d3c1ce743dd0b3bd",
            "self": false,
            "source_security_group_id": "sg-0f3f3d1e419687dc5",
            "timeouts": null,
            "to_port": 4443,
            "type": "ingress"
          },
          "sensitive_attributes": [],
          "identity_schema_version": 0,
          "private": "eyJlMmJmYjczMC1lY2FhLTExZTYtOGY4OC0zNDM2M2JjN2M0YzAiOnsiY3JlYXRlIjozMDAwMDAwMDAwMDB9LCJzY2hlbWFfdmVyc2lvbiI6IjIifQ==",
          "dependencies": [
            "module.eks_mod.aws_security_group.cluster",
            "module.eks_mod.aws_security_group.node",
            "module.vpc_mod.aws_vpc.this"
          ],
          "create_before_destroy": true
        },
        {
          "index_key": "ingress_cluster_6443_webhook",
          "schema_version": 2,
          "attributes": {
            "cidr_blocks": null,
            "description": "Cluster API to node 6443/tcp webhook",
            "from_port": 6443,
            "id": "sgrule-235940841",
            "ipv6_cidr_blocks": null,
            "prefix_list_ids": [],
            "protocol": "tcp",
            "security_group_id": "sg-048340cbdd90180f8",
            "security_group_rule_id": "sgr-0a6fde4e1fab67187",
            "self": false,
            "source_security_group_id": "sg-0f3f3d1e419687dc5",
            "timeouts": null,
            "to_port": 6443,
            "type": "ingress"
          },
          "sensitive_attributes": [],
          "identity_schema_version": 0,
          "private": "eyJlMmJmYjczMC1lY2FhLTExZTYtOGY4OC0zNDM2M2JjN2M0YzAiOnsiY3JlYXRlIjozMDAwMDAwMDAwMDB9LCJzY2hlbWFfdmVyc2lvbiI6IjIifQ==",
          "dependencies": [
            "module.eks_mod.aws_security_group.cluster",
            "module.eks_mod.aws_security_group.node",
            "module.vpc_mod.aws_vpc.this"
          ],
          "create_before_destroy": true
        },
        {
          "index_key": "ingress_cluster_8443_webhook",
          "schema_version": 2,
          "attributes": {
            "cidr_blocks": null,
            "description": "Cluster API to node 8443/tcp webhook",
            "from_port": 8443,
            "id": "sgrule-491526088",
            "ipv6_cidr_blocks": null,
            "prefix_list_ids": [],
            "protocol": "tcp",
            "security_group_id": "sg-048340cbdd90180f8",
            "security_group_rule_id": "sgr-01bd806cc48a874d8",
            "self": false,
            "source_security_group_id": "sg-0f3f3d1e419687dc5",
            "timeouts": null,
            "to_port": 8443,
            "type": "ingress"
          },
          "sensitive_attributes": [],
          "identity_schema_version": 0,
          "private": "eyJlMmJmYjczMC1lY2FhLTExZTYtOGY4OC0zNDM2M2JjN2M0YzAiOnsiY3JlYXRlIjozMDAwMDAwMDAwMDB9LCJzY2hlbWFfdmVyc2lvbiI6IjIifQ==",
          "dependencies": [
            "module.eks_mod.aws_security_group.cluster",
            "module.eks_mod.aws_security_group.node",
            "module.vpc_mod.aws_vpc.this"
          ],
          "create_before_destroy": true
        },
        {
          "index_key": "ingress_cluster_9443_webhook",
          "schema_version": 2,
          "attributes": {
            "cidr_blocks": null,
            "description": "Cluster API to node 9443/tcp webhook",
            "from_port": 9443,
            "id": "sgrule-2045584387",
            "ipv6_cidr_blocks": null,
            "prefix_list_ids": [],
            "protocol": "tcp",
            "security_group_id": "sg-048340cbdd90180f8",
            "security_group_rule_id": "sgr-0805eb8df132dc63b",
            "self": false,
            "source_security_group_id": "sg-0f3f3d1e419687dc5",
            "timeouts": null,
            "to_port": 9443,
            "type": "ingress"
          },
          "sensitive_attributes": [],
          "identity_schema_version": 0,
          "private": "eyJlMmJmYjczMC1lY2FhLTExZTYtOGY4OC0zNDM2M2JjN2M0YzAiOnsiY3JlYXRlIjozMDAwMDAwMDAwMDB9LCJzY2hlbWFfdmVyc2lvbiI6IjIifQ==",
          "dependencies": [
            "module.eks_mod.aws_security_group.cluster",
            "module.eks_mod.aws_security_group.node",
            "module.vpc_mod.aws_vpc.this"
          ],
          "create_before_destroy": true
        },
        {
          "index_key": "ingress_cluster_kubelet",
          "schema_version": 2,
          "attributes": {
            "cidr_blocks": null,
            "description": "Cluster API to node kubelets",
            "from_port": 10250,
            "id": "sgrule-548215811",
            "ipv6_cidr_blocks": null,
            "prefix_list_ids": [],
            "protocol": "tcp",
            "security_group_id": "sg-048340cbdd90180f8",
            "security_group_rule_id": "sgr-07ea56c08df11d00d",
            "self": false,
            "source_security_group_id": "sg-0f3f3d1e419687dc5",
            "timeouts": null,
            "to_port": 10250,
            "type": "ingress"
          },
          "sensitive_attributes": [],
          "identity_schema_version": 0,
          "private": "eyJlMmJmYjczMC1lY2FhLTExZTYtOGY4OC0zNDM2M2JjN2M0YzAiOnsiY3JlYXRlIjozMDAwMDAwMDAwMDB9LCJzY2hlbWFfdmVyc2lvbiI6IjIifQ==",
          "dependencies": [
            "module.eks_mod.aws_security_group.cluster",
            "module.eks_mod.aws_security_group.node",
            "module.vpc_mod.aws_vpc.this"
          ],
          "create_before_destroy": true
        },
        {
          "index_key": "ingress_nodes_ephemeral",
          "schema_version": 2,
          "attributes": {
            "cidr_blocks": null,
            "description": "Node to node ingress on ephemeral ports",
            "from_port": 1025,
            "id": "sgrule-94435008",
            "ipv6_cidr_blocks": null,
            "prefix_list_ids": [],
            "protocol": "tcp",
            "security_group_id": "sg-048340cbdd90180f8",
            "security_group_rule_id": "sgr-095a077e5e9a28d3b",
            "self": true,
            "source_security_group_id": null,
            "timeouts": null,
            "to_port": 65535,
            "type": "ingress"
          },
          "sensitive_attributes": [],
          "identity_schema_version": 0,
          "private": "eyJlMmJmYjczMC1lY2FhLTExZTYtOGY4OC0zNDM2M2JjN2M0YzAiOnsiY3JlYXRlIjozMDAwMDAwMDAwMDB9LCJzY2hlbWFfdmVyc2lvbiI6IjIifQ==",
          "dependencies": [
            "module.eks_mod.aws_security_group.cluster",
            "module.eks_mod.aws_security_group.node",
            "module.vpc_mod.aws_vpc.this"
          ],
          "create_before_destroy": true
        },
        {
          "index_key": "ingress_self_coredns_tcp",
          "schema_version": 2,
          "attributes": {
            "cidr_blocks": null,
            "description": "Node to node CoreDNS",
            "from_port": 53,
            "id": "sgrule-1048857876",
            "ipv6_cidr_blocks": null,
            "prefix_list_ids": [],
            "protocol": "tcp",
            "security_group_id": "sg-048340cbdd90180f8",
            "security_group_rule_id": "sgr-014eed7221d9d61a5",
            "self": true,
            "source_security_group_id": null,
            "timeouts": null,
            "to_port": 53,
            "type": "ingress"
          },
          "sensitive_attributes": [],
          "identity_schema_version": 0,
          "private": "eyJlMmJmYjczMC1lY2FhLTExZTYtOGY4OC0zNDM2M2JjN2M0YzAiOnsiY3JlYXRlIjozMDAwMDAwMDAwMDB9LCJzY2hlbWFfdmVyc2lvbiI6IjIifQ==",
          "dependencies": [
            "module.eks_mod.aws_security_group.cluster",
            "module.eks_mod.aws_security_group.node",
            "module.vpc_mod.aws_vpc.this"
          ],
          "create_before_destroy": true
        },
        {
          "index_key": "ingress_self_coredns_udp",
          "schema_version": 2,
          "attributes": {
            "cidr_blocks": null,
            "description": "Node to node CoreDNS UDP",
            "from_port": 53,
            "id": "sgrule-2598104827",
            "ipv6_cidr_blocks": null,
            "prefix_list_ids": [],
            "protocol": "udp",
            "security_group_id": "sg-048340cbdd90180f8",
            "security_group_rule_id": "sgr-0cc3c726e8e005bc4",
            "self": true,
            "source_security_group_id": null,
            "timeouts": null,
            "to_port": 53,
            "type": "ingress"
          },
          "sensitive_attributes": [],
          "identity_schema_version": 0,
          "private": "eyJlMmJmYjczMC1lY2FhLTExZTYtOGY4OC0zNDM2M2JjN2M0YzAiOnsiY3JlYXRlIjozMDAwMDAwMDAwMDB9LCJzY2hlbWFfdmVyc2lvbiI6IjIifQ==",
          "dependencies": [
            "module.eks_mod.aws_security_group.cluster",
            "module.eks_mod.aws_security_group.node",
            "module.vpc_mod.aws_vpc.this"
          ],
          "create_before_destroy": true
        }
      ]
    },
    {
      "module": "module.eks_mod.module.kms",
      "mode": "data",
      "type": "aws_caller_identity",
      "name": "current",
      "provider": "provider[\"registry.terraform.io/hashicorp/aws\"]",
      "instances": [
        {
          "index_key": 0,
          "schema_version": 0,
          "attributes": {
            "account_id": "739961805636",
            "arn": "arn:aws:iam::739961805636:user/admin-user",
            "id": "739961805636",
            "user_id": "AIDA2YSJJDNCNEHFS2DS4"
          },
          "sensitive_attributes": [],
          "identity_schema_version": 0
        }
      ]
    },
    {
      "module": "module.eks_mod.module.kms",
      "mode": "data",
      "type": "aws_iam_policy_document",
      "name": "this",
      "provider": "provider[\"registry.terraform.io/hashicorp/aws\"]",
      "instances": [
        {
          "index_key": 0,
          "schema_version": 0,
          "attributes": {
            "id": "3568861907",
            "json": "{\n  \"Version\": \"2012-10-17\",\n  \"Statement\": [\n    {\n      \"Sid\": \"Default\",\n      \"Effect\": \"Allow\",\n      \"Action\": \"kms:*\",\n      \"Resource\": \"*\",\n      \"Principal\": {\n        \"AWS\": \"arn:aws:iam::739961805636:root\"\n      }\n    },\n    {\n      \"Sid\": \"KeyAdministration\",\n      \"Effect\": \"Allow\",\n      \"Action\": [\n        \"kms:Update*\",\n        \"kms:UntagResource\",\n        \"kms:TagResource\",\n        \"kms:ScheduleKeyDeletion\",\n        \"kms:Revoke*\",\n        \"kms:ReplicateKey\",\n        \"kms:Put*\",\n        \"kms:List*\",\n        \"kms:ImportKeyMaterial\",\n        \"kms:Get*\",\n        \"kms:Enable*\",\n        \"kms:Disable*\",\n        \"kms:Describe*\",\n        \"kms:Delete*\",\n        \"kms:Create*\",\n        \"kms:CancelKeyDeletion\"\n      ],\n      \"Resource\": \"*\",\n      \"Principal\": {\n        \"AWS\": \"arn:aws:iam::739961805636:user/admin-user\"\n      }\n    },\n    {\n      \"Sid\": \"KeyUsage\",\n      \"Effect\": \"Allow\",\n      \"Action\": [\n        \"kms:ReEncrypt*\",\n        \"kms:GenerateDataKey*\",\n        \"kms:Encrypt\",\n        \"kms:DescribeKey\",\n        \"kms:Decrypt\"\n      ],\n      \"Resource\": \"*\",\n      \"Principal\": {\n        \"AWS\": \"arn:aws:iam::739961805636:role/eks-mod-cluster-20260302063408773500000001\"\n      }\n    }\n  ]\n}",
            "minified_json": "{\"Version\":\"2012-10-17\",\"Statement\":[{\"Sid\":\"Default\",\"Effect\":\"Allow\",\"Action\":\"kms:*\",\"Resource\":\"*\",\"Principal\":{\"AWS\":\"arn:aws:iam::739961805636:root\"}},{\"Sid\":\"KeyAdministration\",\"Effect\":\"Allow\",\"Action\":[\"kms:Update*\",\"kms:UntagResource\",\"kms:TagResource\",\"kms:ScheduleKeyDeletion\",\"kms:Revoke*\",\"kms:ReplicateKey\",\"kms:Put*\",\"kms:List*\",\"kms:ImportKeyMaterial\",\"kms:Get*\",\"kms:Enable*\",\"kms:Disable*\",\"kms:Describe*\",\"kms:Delete*\",\"kms:Create*\",\"kms:CancelKeyDeletion\"],\"Resource\":\"*\",\"Principal\":{\"AWS\":\"arn:aws:iam::739961805636:user/admin-user\"}},{\"Sid\":\"KeyUsage\",\"Effect\":\"Allow\",\"Action\":[\"kms:ReEncrypt*\",\"kms:GenerateDataKey*\",\"kms:Encrypt\",\"kms:DescribeKey\",\"kms:Decrypt\"],\"Resource\":\"*\",\"Principal\":{\"AWS\":\"arn:aws:iam::739961805636:role/eks-mod-cluster-20260302063408773500000001\"}}]}",
            "override_json": null,
            "override_policy_documents": null,
            "policy_id": null,
            "source_json": null,
            "source_policy_documents": null,
            "statement": [
              {
                "actions": [
                  "kms:*"
                ],
                "condition": [],
                "effect": "Allow",
                "not_actions": [],
                "not_principals": [],
                "not_resources": [],
                "principals": [
                  {
                    "identifiers": [
                      "arn:aws:iam::739961805636:root"
                    ],
                    "type": "AWS"
                  }
                ],
                "resources": [
                  "*"
                ],
                "sid": "Default"
              },
              {
                "actions": [
                  "kms:CancelKeyDeletion",
                  "kms:Create*",
                  "kms:Delete*",
                  "kms:Describe*",
                  "kms:Disable*",
                  "kms:Enable*",
                  "kms:Get*",
                  "kms:ImportKeyMaterial",
                  "kms:List*",
                  "kms:Put*",
                  "kms:ReplicateKey",
                  "kms:Revoke*",
                  "kms:ScheduleKeyDeletion",
                  "kms:TagResource",
                  "kms:UntagResource",
                  "kms:Update*"
                ],
                "condition": [],
                "effect": "Allow",
                "not_actions": [],
                "not_principals": [],
                "not_resources": [],
                "principals": [
                  {
                    "identifiers": [
                      "arn:aws:iam::739961805636:user/admin-user"
                    ],
                    "type": "AWS"
                  }
                ],
                "resources": [
                  "*"
                ],
                "sid": "KeyAdministration"
              },
              {
                "actions": [
                  "kms:Decrypt",
                  "kms:DescribeKey",
                  "kms:Encrypt",
                  "kms:GenerateDataKey*",
                  "kms:ReEncrypt*"
                ],
                "condition": [],
                "effect": "Allow",
                "not_actions": [],
                "not_principals": [],
                "not_resources": [],
                "principals": [
                  {
                    "identifiers": [
                      "arn:aws:iam::739961805636:role/eks-mod-cluster-20260302063408773500000001"
                    ],
                    "type": "AWS"
                  }
                ],
                "resources": [
                  "*"
                ],
                "sid": "KeyUsage"
              }
            ],
            "version": "2012-10-17"
          },
          "sensitive_attributes": [],
          "identity_schema_version": 0
        }
      ]
    },
    {
      "module": "module.eks_mod.module.kms",
      "mode": "data",
      "type": "aws_partition",
      "name": "current",
      "provider": "provider[\"registry.terraform.io/hashicorp/aws\"]",
      "instances": [
        {
          "index_key": 0,
          "schema_version": 0,
          "attributes": {
            "dns_suffix": "amazonaws.com",
            "id": "aws",
            "partition": "aws",
            "reverse_dns_prefix": "com.amazonaws"
          },
          "sensitive_attributes": [],
          "identity_schema_version": 0
        }
      ]
    },
    {
      "module": "module.eks_mod.module.kms",
      "mode": "managed",
      "type": "aws_kms_external_key",
      "name": "this",
      "provider": "provider[\"registry.terraform.io/hashicorp/aws\"]",
      "instances": []
    },
    {
      "module": "module.eks_mod.module.kms",
      "mode": "managed",
      "type": "aws_kms_key",
      "name": "this",
      "provider": "provider[\"registry.terraform.io/hashicorp/aws\"]",
      "instances": [
        {
          "index_key": 0,
          "schema_version": 0,
          "attributes": {
            "arn": "arn:aws:kms:ap-northeast-2:739961805636:key/a49db3cb-816d-4153-8c06-6e8fb036d389",
            "bypass_policy_lockout_safety_check": false,
            "custom_key_store_id": "",
            "customer_master_key_spec": "SYMMETRIC_DEFAULT",
            "deletion_window_in_days": null,
            "description": "eks-mod cluster encryption key",
            "enable_key_rotation": true,
            "id": "a49db3cb-816d-4153-8c06-6e8fb036d389",
            "is_enabled": true,
            "key_id": "a49db3cb-816d-4153-8c06-6e8fb036d389",
            "key_usage": "ENCRYPT_DECRYPT",
            "multi_region": false,
            "policy": "{\"Statement\":[{\"Action\":\"kms:*\",\"Effect\":\"Allow\",\"Principal\":{\"AWS\":\"arn:aws:iam::739961805636:root\"},\"Resource\":\"*\",\"Sid\":\"Default\"},{\"Action\":[\"kms:Update*\",\"kms:UntagResource\",\"kms:TagResource\",\"kms:ScheduleKeyDeletion\",\"kms:Revoke*\",\"kms:ReplicateKey\",\"kms:Put*\",\"kms:List*\",\"kms:ImportKeyMaterial\",\"kms:Get*\",\"kms:Enable*\",\"kms:Disable*\",\"kms:Describe*\",\"kms:Delete*\",\"kms:Create*\",\"kms:CancelKeyDeletion\"],\"Effect\":\"Allow\",\"Principal\":{\"AWS\":\"arn:aws:iam::739961805636:user/admin-user\"},\"Resource\":\"*\",\"Sid\":\"KeyAdministration\"},{\"Action\":[\"kms:ReEncrypt*\",\"kms:GenerateDataKey*\",\"kms:Encrypt\",\"kms:DescribeKey\",\"kms:Decrypt\"],\"Effect\":\"Allow\",\"Principal\":{\"AWS\":\"arn:aws:iam::739961805636:role/eks-mod-cluster-20260302063408773500000001\"},\"Resource\":\"*\",\"Sid\":\"KeyUsage\"}],\"Version\":\"2012-10-17\"}",
            "rotation_period_in_days": 365,
            "tags": {
              "project": "eks-mod",
              "terraform-aws-modules": "eks"
            },
            "tags_all": {
              "project": "eks-mod",
              "terraform-aws-modules": "eks"
            },
            "timeouts": null,
            "xks_key_id": ""
          },
          "sensitive_attributes": [],
          "identity_schema_version": 0,
          "private": "eyJlMmJmYjczMC1lY2FhLTExZTYtOGY4OC0zNDM2M2JjN2M0YzAiOnsiY3JlYXRlIjoxMjAwMDAwMDAwMDB9fQ==",
          "dependencies": [
            "module.eks_mod.aws_iam_role.this",
            "module.eks_mod.data.aws_caller_identity.current",
            "module.eks_mod.data.aws_iam_policy_document.assume_role_policy",
            "module.eks_mod.data.aws_iam_session_context.current",
            "module.eks_mod.module.kms.data.aws_caller_identity.current",
            "module.eks_mod.module.kms.data.aws_iam_policy_document.this",
            "module.eks_mod.module.kms.data.aws_partition.current"
          ],
          "create_before_destroy": true
        }
      ]
    },
    {
      "module": "module.eks_mod.module.kms",
      "mode": "managed",
      "type": "aws_kms_replica_external_key",
      "name": "this",
      "provider": "provider[\"registry.terraform.io/hashicorp/aws\"]",
      "instances": []
    },
    {
      "module": "module.eks_mod.module.kms",
      "mode": "managed",
      "type": "aws_kms_replica_key",
      "name": "this",
      "provider": "provider[\"registry.terraform.io/hashicorp/aws\"]",
      "instances": []
    },
    {
      "module": "module.lb_role",
      "mode": "data",
      "type": "aws_caller_identity",
      "name": "current",
      "provider": "provider[\"registry.terraform.io/hashicorp/aws\"]",
      "instances": [
        {
          "schema_version": 0,
          "attributes": {
            "account_id": "739961805636",
            "arn": "arn:aws:iam::739961805636:user/admin-user",
            "id": "739961805636",
            "user_id": "AIDA2YSJJDNCNEHFS2DS4"
          },
          "sensitive_attributes": [],
          "identity_schema_version": 0
        }
      ]
    },
    {
      "module": "module.lb_role",
      "mode": "data",
      "type": "aws_iam_policy_document",
      "name": "this",
      "provider": "provider[\"registry.terraform.io/hashicorp/aws\"]",
      "instances": [
        {
          "index_key": 0,
          "schema_version": 0,
          "attributes": {
            "id": "4077964105",
            "json": "{\n  \"Version\": \"2012-10-17\",\n  \"Statement\": [\n    {\n      \"Effect\": \"Allow\",\n      \"Action\": \"sts:AssumeRoleWithWebIdentity\",\n      \"Principal\": {\n        \"Federated\": \"arn:aws:iam::739961805636:oidc-provider/oidc.eks.ap-northeast-2.amazonaws.com/id/156F1E82FB57ECB1659EE4B598EB745D\"\n      },\n      \"Condition\": {\n        \"StringEquals\": {\n          \"oidc.eks.ap-northeast-2.amazonaws.com/id/156F1E82FB57ECB1659EE4B598EB745D:aud\": \"sts.amazonaws.com\",\n          \"oidc.eks.ap-northeast-2.amazonaws.com/id/156F1E82FB57ECB1659EE4B598EB745D:sub\": \"system:serviceaccount:kube-system:aws-load-balancer-controller\"\n        }\n      }\n    }\n  ]\n}",
            "minified_json": "{\"Version\":\"2012-10-17\",\"Statement\":[{\"Effect\":\"Allow\",\"Action\":\"sts:AssumeRoleWithWebIdentity\",\"Principal\":{\"Federated\":\"arn:aws:iam::739961805636:oidc-provider/oidc.eks.ap-northeast-2.amazonaws.com/id/156F1E82FB57ECB1659EE4B598EB745D\"},\"Condition\":{\"StringEquals\":{\"oidc.eks.ap-northeast-2.amazonaws.com/id/156F1E82FB57ECB1659EE4B598EB745D:aud\":\"sts.amazonaws.com\",\"oidc.eks.ap-northeast-2.amazonaws.com/id/156F1E82FB57ECB1659EE4B598EB745D:sub\":\"system:serviceaccount:kube-system:aws-load-balancer-controller\"}}}]}",
            "override_json": null,
            "override_policy_documents": null,
            "policy_id": null,
            "source_json": null,
            "source_policy_documents": null,
            "statement": [
              {
                "actions": [
                  "sts:AssumeRoleWithWebIdentity"
                ],
                "condition": [
                  {
                    "test": "StringEquals",
                    "values": [
                      "sts.amazonaws.com"
                    ],
                    "variable": "oidc.eks.ap-northeast-2.amazonaws.com/id/156F1E82FB57ECB1659EE4B598EB745D:aud"
                  },
                  {
                    "test": "StringEquals",
                    "values": [
                      "system:serviceaccount:kube-system:aws-load-balancer-controller"
                    ],
                    "variable": "oidc.eks.ap-northeast-2.amazonaws.com/id/156F1E82FB57ECB1659EE4B598EB745D:sub"
                  }
                ],
                "effect": "Allow",
                "not_actions": [],
                "not_principals": [],
                "not_resources": [],
                "principals": [
                  {
                    "identifiers": [
                      "arn:aws:iam::739961805636:oidc-provider/oidc.eks.ap-northeast-2.amazonaws.com/id/156F1E82FB57ECB1659EE4B598EB745D"
                    ],
                    "type": "Federated"
                  }
                ],
                "resources": [],
                "sid": ""
              }
            ],
            "version": "2012-10-17"
          },
          "sensitive_attributes": [],
          "identity_schema_version": 0
        }
      ]
    },
    {
      "module": "module.lb_role",
      "mode": "data",
      "type": "aws_partition",
      "name": "current",
      "provider": "provider[\"registry.terraform.io/hashicorp/aws\"]",
      "instances": [
        {
          "schema_version": 0,
          "attributes": {
            "dns_suffix": "amazonaws.com",
            "id": "aws",
            "partition": "aws",
            "reverse_dns_prefix": "com.amazonaws"
          },
          "sensitive_attributes": [],
          "identity_schema_version": 0
        }
      ]
    },
    {
      "module": "module.lb_role",
      "mode": "managed",
      "type": "aws_iam_role",
      "name": "this",
      "provider": "provider[\"registry.terraform.io/hashicorp/aws\"]",
      "instances": [
        {
          "index_key": 0,
          "schema_version": 0,
          "attributes": {
            "arn": "arn:aws:iam::739961805636:role/eks-mod-lb-controller",
            "assume_role_policy": "{\"Statement\":[{\"Action\":\"sts:AssumeRoleWithWebIdentity\",\"Condition\":{\"StringEquals\":{\"oidc.eks.ap-northeast-2.amazonaws.com/id/156F1E82FB57ECB1659EE4B598EB745D:aud\":\"sts.amazonaws.com\",\"oidc.eks.ap-northeast-2.amazonaws.com/id/156F1E82FB57ECB1659EE4B598EB745D:sub\":\"system:serviceaccount:kube-system:aws-load-balancer-controller\"}},\"Effect\":\"Allow\",\"Principal\":{\"Federated\":\"arn:aws:iam::739961805636:oidc-provider/oidc.eks.ap-northeast-2.amazonaws.com/id/156F1E82FB57ECB1659EE4B598EB745D\"}}],\"Version\":\"2012-10-17\"}",
            "create_date": "2026-03-02T06:43:40Z",
            "description": "",
            "force_detach_policies": true,
            "id": "eks-mod-lb-controller",
            "inline_policy": [],
            "managed_policy_arns": [
              "arn:aws:iam::739961805636:policy/AmazonEKS_AWS_Load_Balancer_Controller-20260302063408775300000006"
            ],
            "max_session_duration": 3600,
            "name": "eks-mod-lb-controller",
            "name_prefix": "",
            "path": "/",
            "permissions_boundary": "",
            "tags": {},
            "tags_all": {},
            "unique_id": "AROA2YSJJDNCDJODXF2W6"
          },
          "sensitive_attributes": [],
          "identity_schema_version": 0,
          "private": "bnVsbA==",
          "dependencies": [
            "module.eks_mod.aws_cloudwatch_log_group.this",
            "module.eks_mod.aws_eks_cluster.this",
            "module.eks_mod.aws_iam_openid_connect_provider.oidc_provider",
            "module.eks_mod.aws_iam_policy.cni_ipv6_policy",
            "module.eks_mod.aws_iam_role.eks_auto",
            "module.eks_mod.aws_iam_role.this",
            "module.eks_mod.aws_iam_role_policy_attachment.this",
            "module.eks_mod.aws_security_group.cluster",
            "module.eks_mod.aws_security_group.node",
            "module.eks_mod.aws_security_group_rule.cluster",
            "module.eks_mod.aws_security_group_rule.node",
            "module.eks_mod.data.aws_caller_identity.current",
            "module.eks_mod.data.aws_iam_policy_document.assume_role_policy",
            "module.eks_mod.data.aws_iam_policy_document.cni_ipv6_policy",
            "module.eks_mod.data.aws_iam_policy_document.node_assume_role_policy",
            "module.eks_mod.data.aws_iam_session_context.current",
            "module.eks_mod.data.aws_partition.current",
            "module.eks_mod.data.tls_certificate.this",
            "module.eks_mod.module.kms.aws_kms_external_key.this",
            "module.eks_mod.module.kms.aws_kms_key.this",
            "module.eks_mod.module.kms.aws_kms_replica_external_key.this",
            "module.eks_mod.module.kms.aws_kms_replica_key.this",
            "module.eks_mod.module.kms.data.aws_caller_identity.current",
            "module.eks_mod.module.kms.data.aws_iam_policy_document.this",
            "module.eks_mod.module.kms.data.aws_partition.current",
            "module.lb_role.data.aws_caller_identity.current",
            "module.lb_role.data.aws_iam_policy_document.this",
            "module.lb_role.data.aws_partition.current",
            "module.vpc_mod.aws_subnet.private",
            "module.vpc_mod.aws_vpc.this",
            "module.vpc_mod.aws_vpc_ipv4_cidr_block_association.this"
          ]
        }
      ]
    },
    {
      "module": "module.vpc_mod",
      "mode": "managed",
      "type": "aws_subnet",
      "name": "private",
      "provider": "provider[\"registry.terraform.io/hashicorp/aws\"]",
      "instances": [
        {
          "index_key": 0,
          "schema_version": 1,
          "attributes": {
            "arn": "arn:aws:ec2:ap-northeast-2:739961805636:subnet/subnet-0573a98aea7f06626",
            "assign_ipv6_address_on_creation": false,
            "availability_zone": "ap-northeast-2a",
            "availability_zone_id": "apne2-az1",
            "cidr_block": "10.10.101.0/24",
            "customer_owned_ipv4_pool": "",
            "enable_dns64": false,
            "enable_lni_at_device_index": 0,
            "enable_resource_name_dns_a_record_on_launch": false,
            "enable_resource_name_dns_aaaa_record_on_launch": false,
            "id": "subnet-0573a98aea7f06626",
            "ipv6_cidr_block": "",
            "ipv6_cidr_block_association_id": "",
            "ipv6_native": false,
            "map_customer_owned_ip_on_launch": false,
            "map_public_ip_on_launch": false,
            "outpost_arn": "",
            "owner_id": "739961805636",
            "private_dns_hostname_type_on_launch": "ip-name",
            "tags": {
              "Name": "terraform-01-mod-private-ap-northeast-2a",
              "kubernetes.io/cluster/eks-mod": "shared",
              "kubernetes.io/role/internal-elb": "1",
              "project": "eks-mod"
            },
            "tags_all": {
              "Name": "terraform-01-mod-private-ap-northeast-2a",
              "kubernetes.io/cluster/eks-mod": "shared",
              "kubernetes.io/role/internal-elb": "1",
              "project": "eks-mod"
            },
            "timeouts": null,
            "vpc_id": "vpc-01bc425b97e51fd71"
          },
          "sensitive_attributes": [],
          "identity_schema_version": 0,
          "private": "eyJlMmJmYjczMC1lY2FhLTExZTYtOGY4OC0zNDM2M2JjN2M0YzAiOnsiY3JlYXRlIjo2MDAwMDAwMDAwMDAsImRlbGV0ZSI6MTIwMDAwMDAwMDAwMH0sInNjaGVtYV92ZXJzaW9uIjoiMSJ9",
          "dependencies": [
            "module.vpc_mod.aws_vpc.this",
            "module.vpc_mod.aws_vpc_ipv4_cidr_block_association.this"
          ],
          "create_before_destroy": true
        },
        {
          "index_key": 1,
          "schema_version": 1,
          "attributes": {
            "arn": "arn:aws:ec2:ap-northeast-2:739961805636:subnet/subnet-009e300704f59e5d0",
            "assign_ipv6_address_on_creation": false,
            "availability_zone": "ap-northeast-2c",
            "availability_zone_id": "apne2-az3",
            "cidr_block": "10.10.102.0/24",
            "customer_owned_ipv4_pool": "",
            "enable_dns64": false,
            "enable_lni_at_device_index": 0,
            "enable_resource_name_dns_a_record_on_launch": false,
            "enable_resource_name_dns_aaaa_record_on_launch": false,
            "id": "subnet-009e300704f59e5d0",
            "ipv6_cidr_block": "",
            "ipv6_cidr_block_association_id": "",
            "ipv6_native": false,
            "map_customer_owned_ip_on_launch": false,
            "map_public_ip_on_launch": false,
            "outpost_arn": "",
            "owner_id": "739961805636",
            "private_dns_hostname_type_on_launch": "ip-name",
            "tags": {
              "Name": "terraform-01-mod-private-ap-northeast-2c",
              "kubernetes.io/cluster/eks-mod": "shared",
              "kubernetes.io/role/internal-elb": "1",
              "project": "eks-mod"
            },
            "tags_all": {
              "Name": "terraform-01-mod-private-ap-northeast-2c",
              "kubernetes.io/cluster/eks-mod": "shared",
              "kubernetes.io/role/internal-elb": "1",
              "project": "eks-mod"
            },
            "timeouts": null,
            "vpc_id": "vpc-01bc425b97e51fd71"
          },
          "sensitive_attributes": [],
          "identity_schema_version": 0,
          "private": "eyJlMmJmYjczMC1lY2FhLTExZTYtOGY4OC0zNDM2M2JjN2M0YzAiOnsiY3JlYXRlIjo2MDAwMDAwMDAwMDAsImRlbGV0ZSI6MTIwMDAwMDAwMDAwMH0sInNjaGVtYV92ZXJzaW9uIjoiMSJ9",
          "dependencies": [
            "module.vpc_mod.aws_vpc.this",
            "module.vpc_mod.aws_vpc_ipv4_cidr_block_association.this"
          ],
          "create_before_destroy": true
        }
      ]
    },
    {
      "module": "module.vpc_mod",
      "mode": "managed",
      "type": "aws_vpc",
      "name": "this",
      "provider": "provider[\"registry.terraform.io/hashicorp/aws\"]",
      "instances": [
        {
          "index_key": 0,
          "schema_version": 1,
          "attributes": {
            "arn": "arn:aws:ec2:ap-northeast-2:739961805636:vpc/vpc-01bc425b97e51fd71",
            "assign_generated_ipv6_cidr_block": false,
            "cidr_block": "10.10.0.0/16",
            "default_network_acl_id": "acl-09a46f81d985787c5",
            "default_route_table_id": "rtb-02b3cd39b1a6ef675",
            "default_security_group_id": "sg-0031180c83badfbda",
            "dhcp_options_id": "dopt-028d1a46ec037e7ec",
            "enable_dns_hostnames": true,
            "enable_dns_support": true,
            "enable_network_address_usage_metrics": false,
            "id": "vpc-01bc425b97e51fd71",
            "instance_tenancy": "default",
            "ipv4_ipam_pool_id": null,
            "ipv4_netmask_length": null,
            "ipv6_association_id": "",
            "ipv6_cidr_block": "",
            "ipv6_cidr_block_network_border_group": "",
            "ipv6_ipam_pool_id": "",
            "ipv6_netmask_length": 0,
            "main_route_table_id": "rtb-02b3cd39b1a6ef675",
            "owner_id": "739961805636",
            "tags": {
              "Name": "terraform-01-mod",
              "project": "eks-mod"
            },
            "tags_all": {
              "Name": "terraform-01-mod",
              "project": "eks-mod"
            }
          },
          "sensitive_attributes": [],
          "identity_schema_version": 0,
          "private": "eyJzY2hlbWFfdmVyc2lvbiI6IjEifQ==",
          "create_before_destroy": true
        }
      ]
    },
    {
      "module": "module.vpc_mod",
      "mode": "managed",
      "type": "aws_vpc_ipv4_cidr_block_association",
      "name": "this",
      "provider": "provider[\"registry.terraform.io/hashicorp/aws\"]",
      "instances": []
    }
  ],
  "check_results": [
    {
      "object_kind": "resource",
      "config_addr": "module.eks_mod.module.self_managed_node_group.module.user_data.null_resource.validate_cluster_service_cidr",
      "status": "unknown",
      "objects": null
    },
    {
      "object_kind": "resource",
      "config_addr": "module.eks_mod.module.eks_managed_node_group.module.user_data.null_resource.validate_cluster_service_cidr",
      "status": "unknown",
      "objects": null
    },
    {
      "object_kind": "var",
      "config_addr": "module.eks_mod.module.self_managed_node_group.var.platform",
      "status": "unknown",
      "objects": null
    }
  ]
}
