{
  "version": 4,
  "terraform_version": "1.14.6",
  "serial": 968,
  "lineage": "0ec67b2e-8f10-fa6b-c1e1-fa12c14283e4",
  "outputs": {},
  "resources": [
    {
      "mode": "managed",
      "type": "helm_release",
      "name": "argocd",
      "provider": "provider[\"registry.terraform.io/hashicorp/helm\"]",
      "instances": [
        {
          "schema_version": 2,
          "attributes": {
            "atomic": false,
            "chart": "argo-cd",
            "cleanup_on_fail": false,
            "create_namespace": true,
            "dependency_update": false,
            "description": null,
            "devel": null,
            "disable_crd_hooks": false,
            "disable_openapi_validation": false,
            "disable_webhooks": false,
            "force_update": false,
            "id": "argocd",
            "keyring": null,
            "lint": false,
            "manifest": null,
            "max_history": 0,
            "metadata": {
              "app_version": "v3.3.2",
              "chart": "argo-cd",
              "first_deployed": 1772156624,
              "last_deployed": 1772166652,
              "name": "argocd",
              "namespace": "argocd",
              "notes": "\nIn order to access the server UI you have the following options:\n\n1. kubectl port-forward service/argocd-server -n argocd 8080:443\n\n    and then open the browser on http://localhost:8080 and accept the certificate\n\n2. enable ingress in the values file `server.ingress.enabled` and either\n      - Add the annotation for ssl passthrough: https://argo-cd.readthedocs.io/en/stable/operator-manual/ingress/#option-1-ssl-passthrough\n      - Set the `configs.params.\"server.insecure\"` in the values file and terminate SSL at your ingress: https://argo-cd.readthedocs.io/en/stable/operator-manual/ingress/#option-2-multiple-ingress-objects-and-hosts\n\n\nAfter reaching the UI the first time you can login with username: admin and the random password generated during the installation. You can find the password by running:\n\nkubectl -n argocd get secret argocd-initial-admin-secret -o jsonpath=\"{.data.password}\" | base64 -d\n\n(You should delete the initial secret afterwards as suggested by the Getting Started Guide: https://argo-cd.readthedocs.io/en/stable/getting_started/#4-login-using-the-cli)\n",
              "revision": 2,
              "values": "{\"server\":{\"service\":{\"type\":\"LoadBalancer\"}}}",
              "version": "9.4.5"
            },
            "name": "argocd",
            "namespace": "argocd",
            "pass_credentials": false,
            "postrender": null,
            "recreate_pods": false,
            "render_subchart_notes": true,
            "replace": false,
            "repository": "https://argoproj.github.io/argo-helm",
            "repository_ca_file": null,
            "repository_cert_file": null,
            "repository_key_file": null,
            "repository_password": null,
            "repository_username": null,
            "reset_values": false,
            "resources": null,
            "reuse_values": false,
            "set": [
              {
                "name": "server.service.type",
                "type": "",
                "value": "LoadBalancer"
              }
            ],
            "set_list": null,
            "set_sensitive": null,
            "set_wo": null,
            "set_wo_revision": null,
            "skip_crds": false,
            "status": "deployed",
            "take_ownership": false,
            "timeout": 600,
            "timeouts": null,
            "upgrade_install": false,
            "values": null,
            "verify": false,
            "version": "9.4.5",
            "wait": true,
            "wait_for_jobs": false
          },
          "sensitive_attributes": [
            [
              {
                "type": "get_attr",
                "value": "repository_password"
              }
            ]
          ],
          "identity_schema_version": 0,
          "identity": {
            "namespace": "argocd",
            "release_name": "argocd"
          },
          "dependencies": [
            "helm_release.aws_load_balancer_controller",
            "module.eks_mod.aws_cloudwatch_log_group.this",
            "module.eks_mod.aws_eks_access_entry.this",
            "module.eks_mod.aws_eks_access_policy_association.this",
            "module.eks_mod.aws_eks_cluster.this",
            "module.eks_mod.aws_iam_openid_connect_provider.oidc_provider",
            "module.eks_mod.aws_iam_policy.cni_ipv6_policy",
            "module.eks_mod.aws_iam_role.eks_auto",
            "module.eks_mod.aws_iam_role.this",
            "module.eks_mod.aws_iam_role_policy_attachment.this",
            "module.eks_mod.aws_security_group.cluster",
            "module.eks_mod.aws_security_group.node",
            "module.eks_mod.aws_security_group_rule.cluster",
            "module.eks_mod.aws_security_group_rule.node",
            "module.eks_mod.data.aws_caller_identity.current",
            "module.eks_mod.data.aws_iam_policy_document.assume_role_policy",
            "module.eks_mod.data.aws_iam_policy_document.cni_ipv6_policy",
            "module.eks_mod.data.aws_iam_policy_document.node_assume_role_policy",
            "module.eks_mod.data.aws_iam_session_context.current",
            "module.eks_mod.data.aws_partition.current",
            "module.eks_mod.data.tls_certificate.this",
            "module.eks_mod.module.kms.aws_kms_external_key.this",
            "module.eks_mod.module.kms.aws_kms_key.this",
            "module.eks_mod.module.kms.aws_kms_replica_external_key.this",
            "module.eks_mod.module.kms.aws_kms_replica_key.this",
            "module.eks_mod.module.kms.data.aws_caller_identity.current",
            "module.eks_mod.module.kms.data.aws_iam_policy_document.this",
            "module.eks_mod.module.kms.data.aws_partition.current",
            "module.lb_role.aws_iam_role.this",
            "module.lb_role.data.aws_caller_identity.current",
            "module.lb_role.data.aws_iam_policy_document.this",
            "module.lb_role.data.aws_partition.current",
            "module.vpc_mod.aws_subnet.private",
            "module.vpc_mod.aws_vpc.this",
            "module.vpc_mod.aws_vpc_ipv4_cidr_block_association.this"
          ]
        }
      ]
    },
    {
      "mode": "managed",
      "type": "helm_release",
      "name": "aws_load_balancer_controller",
      "provider": "provider[\"registry.terraform.io/hashicorp/helm\"]",
      "instances": [
        {
          "schema_version": 2,
          "attributes": {
            "atomic": false,
            "chart": "aws-load-balancer-controller",
            "cleanup_on_fail": false,
            "create_namespace": false,
            "dependency_update": false,
            "description": null,
            "devel": null,
            "disable_crd_hooks": false,
            "disable_openapi_validation": false,
            "disable_webhooks": false,
            "force_update": false,
            "id": "aws-load-balancer-controller",
            "keyring": null,
            "lint": false,
            "manifest": null,
            "max_history": 0,
            "metadata": {
              "app_version": "v3.1.0",
              "chart": "aws-load-balancer-controller",
              "first_deployed": 1772156494,
              "last_deployed": 1772156494,
              "name": "aws-load-balancer-controller",
              "namespace": "kube-system",
              "notes": "AWS Load Balancer controller installed!\n",
              "revision": 1,
              "values": "{\"clusterName\":\"eks-mod\",\"serviceAccount\":{\"annotations\":{\"eks.amazonaws.com/role-arn\":\"arn:aws:iam::739961805636:role/eks-mod-lb-controller\"},\"create\":true,\"name\":\"aws-load-balancer-controller\"}}",
              "version": "3.1.0"
            },
            "name": "aws-load-balancer-controller",
            "namespace": "kube-system",
            "pass_credentials": false,
            "postrender": null,
            "recreate_pods": false,
            "render_subchart_notes": true,
            "replace": false,
            "repository": "https://aws.github.io/eks-charts",
            "repository_ca_file": null,
            "repository_cert_file": null,
            "repository_key_file": null,
            "repository_password": null,
            "repository_username": null,
            "reset_values": false,
            "resources": null,
            "reuse_values": false,
            "set": [
              {
                "name": "clusterName",
                "type": "",
                "value": "eks-mod"
              },
              {
                "name": "serviceAccount.create",
                "type": "",
                "value": "true"
              },
              {
                "name": "serviceAccount.name",
                "type": "",
                "value": "aws-load-balancer-controller"
              },
              {
                "name": "serviceAccount.annotations.eks\\.amazonaws\\.com/role-arn",
                "type": "",
                "value": "arn:aws:iam::739961805636:role/eks-mod-lb-controller"
              }
            ],
            "set_list": null,
            "set_sensitive": null,
            "set_wo": null,
            "set_wo_revision": null,
            "skip_crds": false,
            "status": "deployed",
            "take_ownership": false,
            "timeout": 600,
            "timeouts": null,
            "upgrade_install": false,
            "values": null,
            "verify": false,
            "version": "3.1.0",
            "wait": true,
            "wait_for_jobs": false
          },
          "sensitive_attributes": [
            [
              {
                "type": "get_attr",
                "value": "repository_password"
              }
            ]
          ],
          "identity_schema_version": 0,
          "identity": {
            "namespace": "kube-system",
            "release_name": "aws-load-balancer-controller"
          },
          "dependencies": [
            "module.eks_mod.aws_cloudwatch_log_group.this",
            "module.eks_mod.aws_eks_access_entry.this",
            "module.eks_mod.aws_eks_access_policy_association.this",
            "module.eks_mod.aws_eks_cluster.this",
            "module.eks_mod.aws_iam_openid_connect_provider.oidc_provider",
            "module.eks_mod.aws_iam_policy.cni_ipv6_policy",
            "module.eks_mod.aws_iam_role.eks_auto",
            "module.eks_mod.aws_iam_role.this",
            "module.eks_mod.aws_iam_role_policy_attachment.this",
            "module.eks_mod.aws_security_group.cluster",
            "module.eks_mod.aws_security_group.node",
            "module.eks_mod.aws_security_group_rule.cluster",
            "module.eks_mod.aws_security_group_rule.node",
            "module.eks_mod.data.aws_caller_identity.current",
            "module.eks_mod.data.aws_iam_policy_document.assume_role_policy",
            "module.eks_mod.data.aws_iam_policy_document.cni_ipv6_policy",
            "module.eks_mod.data.aws_iam_policy_document.node_assume_role_policy",
            "module.eks_mod.data.aws_iam_session_context.current",
            "module.eks_mod.data.aws_partition.current",
            "module.eks_mod.data.tls_certificate.this",
            "module.eks_mod.module.kms.aws_kms_external_key.this",
            "module.eks_mod.module.kms.aws_kms_key.this",
            "module.eks_mod.module.kms.aws_kms_replica_external_key.this",
            "module.eks_mod.module.kms.aws_kms_replica_key.this",
            "module.eks_mod.module.kms.data.aws_caller_identity.current",
            "module.eks_mod.module.kms.data.aws_iam_policy_document.this",
            "module.eks_mod.module.kms.data.aws_partition.current",
            "module.lb_role.aws_iam_role.this",
            "module.lb_role.data.aws_caller_identity.current",
            "module.lb_role.data.aws_iam_policy_document.this",
            "module.lb_role.data.aws_partition.current",
            "module.vpc_mod.aws_subnet.private",
            "module.vpc_mod.aws_vpc.this",
            "module.vpc_mod.aws_vpc_ipv4_cidr_block_association.this"
          ]
        }
      ]
    },
    {
      "mode": "managed",
      "type": "kubernetes_storage_class",
      "name": "gp3",
      "provider": "provider[\"registry.terraform.io/hashicorp/kubernetes\"]",
      "instances": [
        {
          "schema_version": 0,
          "attributes": {
            "allow_volume_expansion": true,
            "allowed_topologies": [],
            "id": "gp3",
            "metadata": [
              {
                "annotations": {},
                "generate_name": "",
                "generation": 0,
                "labels": {},
                "name": "gp3",
                "resource_version": "34475",
                "uid": "d3dd450e-afd3-4602-a810-668cc60c76f1"
              }
            ],
            "mount_options": [],
            "parameters": {
              "type": "gp3"
            },
            "reclaim_policy": "Delete",
            "storage_provisioner": "ebs.csi.aws.com",
            "volume_binding_mode": "WaitForFirstConsumer"
          },
          "sensitive_attributes": [],
          "identity_schema_version": 0,
          "private": "bnVsbA==",
          "dependencies": [
            "module.ebs_csi_irsa_role.aws_iam_role.this",
            "module.ebs_csi_irsa_role.data.aws_caller_identity.current",
            "module.ebs_csi_irsa_role.data.aws_iam_policy_document.this",
            "module.ebs_csi_irsa_role.data.aws_partition.current",
            "module.eks_mod.aws_cloudwatch_log_group.this",
            "module.eks_mod.aws_ec2_tag.cluster_primary_security_group",
            "module.eks_mod.aws_eks_access_entry.this",
            "module.eks_mod.aws_eks_access_policy_association.this",
            "module.eks_mod.aws_eks_addon.before_compute",
            "module.eks_mod.aws_eks_addon.this",
            "module.eks_mod.aws_eks_cluster.this",
            "module.eks_mod.aws_eks_identity_provider_config.this",
            "module.eks_mod.aws_iam_openid_connect_provider.oidc_provider",
            "module.eks_mod.aws_iam_policy.cluster_encryption",
            "module.eks_mod.aws_iam_policy.cni_ipv6_policy",
            "module.eks_mod.aws_iam_policy.custom",
            "module.eks_mod.aws_iam_role.eks_auto",
            "module.eks_mod.aws_iam_role.this",
            "module.eks_mod.aws_iam_role_policy_attachment.additional",
            "module.eks_mod.aws_iam_role_policy_attachment.cluster_encryption",
            "module.eks_mod.aws_iam_role_policy_attachment.custom",
            "module.eks_mod.aws_iam_role_policy_attachment.eks_auto",
            "module.eks_mod.aws_iam_role_policy_attachment.eks_auto_additional",
            "module.eks_mod.aws_iam_role_policy_attachment.this",
            "module.eks_mod.aws_security_group.cluster",
            "module.eks_mod.aws_security_group.node",
            "module.eks_mod.aws_security_group_rule.cluster",
            "module.eks_mod.aws_security_group_rule.node",
            "module.eks_mod.data.aws_caller_identity.current",
            "module.eks_mod.data.aws_eks_addon_version.this",
            "module.eks_mod.data.aws_iam_policy_document.assume_role_policy",
            "module.eks_mod.data.aws_iam_policy_document.cni_ipv6_policy",
            "module.eks_mod.data.aws_iam_policy_document.custom",
            "module.eks_mod.data.aws_iam_policy_document.node_assume_role_policy",
            "module.eks_mod.data.aws_iam_session_context.current",
            "module.eks_mod.data.aws_partition.current",
            "module.eks_mod.data.tls_certificate.this",
            "module.eks_mod.module.eks_managed_node_group.aws_autoscaling_schedule.this",
            "module.eks_mod.module.eks_managed_node_group.aws_eks_node_group.this",
            "module.eks_mod.module.eks_managed_node_group.aws_iam_role.this",
            "module.eks_mod.module.eks_managed_node_group.aws_iam_role_policy.this",
            "module.eks_mod.module.eks_managed_node_group.aws_iam_role_policy_attachment.additional",
            "module.eks_mod.module.eks_managed_node_group.aws_iam_role_policy_attachment.this",
            "module.eks_mod.module.eks_managed_node_group.aws_launch_template.this",
            "module.eks_mod.module.eks_managed_node_group.aws_placement_group.this",
            "module.eks_mod.module.eks_managed_node_group.data.aws_caller_identity.current",
            "module.eks_mod.module.eks_managed_node_group.data.aws_ec2_instance_type.this",
            "module.eks_mod.module.eks_managed_node_group.data.aws_ec2_instance_type_offerings.this",
            "module.eks_mod.module.eks_managed_node_group.data.aws_iam_policy_document.assume_role_policy",
            "module.eks_mod.module.eks_managed_node_group.data.aws_iam_policy_document.role",
            "module.eks_mod.module.eks_managed_node_group.data.aws_partition.current",
            "module.eks_mod.module.eks_managed_node_group.data.aws_ssm_parameter.ami",
            "module.eks_mod.module.eks_managed_node_group.data.aws_subnets.placement_group",
            "module.eks_mod.module.eks_managed_node_group.module.user_data.data.cloudinit_config.al2023_eks_managed_node_group",
            "module.eks_mod.module.eks_managed_node_group.module.user_data.data.cloudinit_config.linux_eks_managed_node_group",
            "module.eks_mod.module.eks_managed_node_group.module.user_data.null_resource.validate_cluster_service_cidr",
            "module.eks_mod.module.fargate_profile.aws_eks_fargate_profile.this",
            "module.eks_mod.module.fargate_profile.aws_iam_role.this",
            "module.eks_mod.module.fargate_profile.aws_iam_role_policy.this",
            "module.eks_mod.module.fargate_profile.aws_iam_role_policy_attachment.additional",
            "module.eks_mod.module.fargate_profile.aws_iam_role_policy_attachment.this",
            "module.eks_mod.module.fargate_profile.data.aws_caller_identity.current",
            "module.eks_mod.module.fargate_profile.data.aws_iam_policy_document.assume_role_policy",
            "module.eks_mod.module.fargate_profile.data.aws_iam_policy_document.role",
            "module.eks_mod.module.fargate_profile.data.aws_partition.current",
            "module.eks_mod.module.fargate_profile.data.aws_region.current",
            "module.eks_mod.module.kms.aws_kms_alias.this",
            "module.eks_mod.module.kms.aws_kms_external_key.this",
            "module.eks_mod.module.kms.aws_kms_grant.this",
            "module.eks_mod.module.kms.aws_kms_key.this",
            "module.eks_mod.module.kms.aws_kms_replica_external_key.this",
            "module.eks_mod.module.kms.aws_kms_replica_key.this",
            "module.eks_mod.module.kms.data.aws_caller_identity.current",
            "module.eks_mod.module.kms.data.aws_iam_policy_document.this",
            "module.eks_mod.module.kms.data.aws_partition.current",
            "module.eks_mod.module.self_managed_node_group.aws_autoscaling_group.this",
            "module.eks_mod.module.self_managed_node_group.aws_autoscaling_schedule.this",
            "module.eks_mod.module.self_managed_node_group.aws_eks_access_entry.this",
            "module.eks_mod.module.self_managed_node_group.aws_iam_instance_profile.this",
            "module.eks_mod.module.self_managed_node_group.aws_iam_role.this",
            "module.eks_mod.module.self_managed_node_group.aws_iam_role_policy.this",
            "module.eks_mod.module.self_managed_node_group.aws_iam_role_policy_attachment.additional",
            "module.eks_mod.module.self_managed_node_group.aws_iam_role_policy_attachment.this",
            "module.eks_mod.module.self_managed_node_group.aws_launch_template.this",
            "module.eks_mod.module.self_managed_node_group.aws_placement_group.this",
            "module.eks_mod.module.self_managed_node_group.data.aws_caller_identity.current",
            "module.eks_mod.module.self_managed_node_group.data.aws_ec2_instance_type.this",
            "module.eks_mod.module.self_managed_node_group.data.aws_ec2_instance_type_offerings.this",
            "module.eks_mod.module.self_managed_node_group.data.aws_iam_policy_document.assume_role_policy",
            "module.eks_mod.module.self_managed_node_group.data.aws_iam_policy_document.role",
            "module.eks_mod.module.self_managed_node_group.data.aws_partition.current",
            "module.eks_mod.module.self_managed_node_group.data.aws_ssm_parameter.ami",
            "module.eks_mod.module.self_managed_node_group.data.aws_subnets.placement_group",
            "module.eks_mod.module.self_managed_node_group.module.user_data.data.cloudinit_config.al2023_eks_managed_node_group",
            "module.eks_mod.module.self_managed_node_group.module.user_data.data.cloudinit_config.linux_eks_managed_node_group",
            "module.eks_mod.module.self_managed_node_group.module.user_data.null_resource.validate_cluster_service_cidr",
            "module.eks_mod.time_sleep.this",
            "module.vpc_mod.aws_subnet.private",
            "module.vpc_mod.aws_vpc.this",
            "module.vpc_mod.aws_vpc_ipv4_cidr_block_association.this"
          ]
        }
      ]
    },
    {
      "module": "module.ebs_csi_irsa_role",
      "mode": "data",
      "type": "aws_caller_identity",
      "name": "current",
      "provider": "provider[\"registry.terraform.io/hashicorp/aws\"]",
      "instances": [
        {
          "schema_version": 0,
          "attributes": {
            "account_id": "739961805636",
            "arn": "arn:aws:iam::739961805636:user/admin-user",
            "id": "739961805636",
            "user_id": "AIDA2YSJJDNCNEHFS2DS4"
          },
          "sensitive_attributes": [],
          "identity_schema_version": 0
        }
      ]
    },
    {
      "module": "module.ebs_csi_irsa_role",
      "mode": "data",
      "type": "aws_iam_policy_document",
      "name": "ebs_csi",
      "provider": "provider[\"registry.terraform.io/hashicorp/aws\"]",
      "instances": [
        {
          "index_key": 0,
          "schema_version": 0,
          "attributes": {
            "id": "4189668531",
            "json": "{\n  \"Version\": \"2012-10-17\",\n  \"Statement\": [\n    {\n      \"Effect\": \"Allow\",\n      \"Action\": [\n        \"ec2:DescribeVolumesModifications\",\n        \"ec2:DescribeVolumes\",\n        \"ec2:DescribeTags\",\n        \"ec2:DescribeSnapshots\",\n        \"ec2:DescribeInstances\",\n        \"ec2:DescribeAvailabilityZones\"\n      ],\n      \"Resource\": \"*\"\n    },\n    {\n      \"Effect\": \"Allow\",\n      \"Action\": [\n        \"ec2:ModifyVolume\",\n        \"ec2:CreateSnapshot\"\n      ],\n      \"Resource\": \"arn:aws:ec2:*:*:volume/*\"\n    },\n    {\n      \"Effect\": \"Allow\",\n      \"Action\": [\n        \"ec2:DetachVolume\",\n        \"ec2:AttachVolume\"\n      ],\n      \"Resource\": [\n        \"arn:aws:ec2:*:*:volume/*\",\n        \"arn:aws:ec2:*:*:instance/*\"\n      ]\n    },\n    {\n      \"Effect\": \"Allow\",\n      \"Action\": [\n        \"ec2:EnableFastSnapshotRestores\",\n        \"ec2:CreateVolume\"\n      ],\n      \"Resource\": \"arn:aws:ec2:*:*:snapshot/*\"\n    },\n    {\n      \"Effect\": \"Allow\",\n      \"Action\": \"ec2:CreateTags\",\n      \"Resource\": [\n        \"arn:aws:ec2:*:*:volume/*\",\n        \"arn:aws:ec2:*:*:snapshot/*\"\n      ],\n      \"Condition\": {\n        \"StringEquals\": {\n          \"ec2:CreateAction\": [\n            \"CreateVolume\",\n            \"CreateSnapshot\"\n          ]\n        }\n      }\n    },\n    {\n      \"Effect\": \"Allow\",\n      \"Action\": \"ec2:DeleteTags\",\n      \"Resource\": [\n        \"arn:aws:ec2:*:*:volume/*\",\n        \"arn:aws:ec2:*:*:snapshot/*\"\n      ]\n    },\n    {\n      \"Effect\": \"Allow\",\n      \"Action\": \"ec2:CreateVolume\",\n      \"Resource\": \"arn:aws:ec2:*:*:volume/*\",\n      \"Condition\": {\n        \"StringLike\": {\n          \"aws:RequestTag/ebs.csi.aws.com/cluster\": \"true\"\n        }\n      }\n    },\n    {\n      \"Effect\": \"Allow\",\n      \"Action\": \"ec2:CreateVolume\",\n      \"Resource\": \"arn:aws:ec2:*:*:volume/*\",\n      \"Condition\": {\n        \"StringLike\": {\n          \"aws:RequestTag/CSIVolumeName\": \"*\"\n        }\n      }\n    },\n    {\n      \"Effect\": \"Allow\",\n      \"Action\": \"ec2:DeleteVolume\",\n      \"Resource\": \"arn:aws:ec2:*:*:volume/*\",\n      \"Condition\": {\n        \"StringLike\": {\n          \"aws:ResourceTag/ebs.csi.aws.com/cluster\": \"true\"\n        }\n      }\n    },\n    {\n      \"Effect\": \"Allow\",\n      \"Action\": \"ec2:DeleteVolume\",\n      \"Resource\": \"arn:aws:ec2:*:*:volume/*\",\n      \"Condition\": {\n        \"StringLike\": {\n          \"aws:ResourceTag/CSIVolumeName\": \"*\"\n        }\n      }\n    },\n    {\n      \"Effect\": \"Allow\",\n      \"Action\": \"ec2:DeleteVolume\",\n      \"Resource\": \"arn:aws:ec2:*:*:volume/*\",\n      \"Condition\": {\n        \"StringLike\": {\n          \"ec2:ResourceTag/kubernetes.io/created-for/pvc/name\": \"*\"\n        }\n      }\n    },\n    {\n      \"Effect\": \"Allow\",\n      \"Action\": \"ec2:CreateSnapshot\",\n      \"Resource\": \"arn:aws:ec2:*:*:snapshot/*\",\n      \"Condition\": {\n        \"StringLike\": {\n          \"aws:RequestTag/CSIVolumeSnapshotName\": \"*\"\n        }\n      }\n    },\n    {\n      \"Effect\": \"Allow\",\n      \"Action\": \"ec2:CreateSnapshot\",\n      \"Resource\": \"arn:aws:ec2:*:*:snapshot/*\",\n      \"Condition\": {\n        \"StringLike\": {\n          \"aws:RequestTag/ebs.csi.aws.com/cluster\": \"true\"\n        }\n      }\n    },\n    {\n      \"Effect\": \"Allow\",\n      \"Action\": \"ec2:DeleteSnapshot\",\n      \"Resource\": \"arn:aws:ec2:*:*:snapshot/*\",\n      \"Condition\": {\n        \"StringLike\": {\n          \"aws:ResourceTag/CSIVolumeSnapshotName\": \"*\"\n        }\n      }\n    },\n    {\n      \"Effect\": \"Allow\",\n      \"Action\": \"ec2:DeleteSnapshot\",\n      \"Resource\": \"arn:aws:ec2:*:*:snapshot/*\",\n      \"Condition\": {\n        \"StringLike\": {\n          \"aws:ResourceTag/ebs.csi.aws.com/cluster\": \"true\"\n        }\n      }\n    }\n  ]\n}",
            "minified_json": "{\"Version\":\"2012-10-17\",\"Statement\":[{\"Effect\":\"Allow\",\"Action\":[\"ec2:DescribeVolumesModifications\",\"ec2:DescribeVolumes\",\"ec2:DescribeTags\",\"ec2:DescribeSnapshots\",\"ec2:DescribeInstances\",\"ec2:DescribeAvailabilityZones\"],\"Resource\":\"*\"},{\"Effect\":\"Allow\",\"Action\":[\"ec2:ModifyVolume\",\"ec2:CreateSnapshot\"],\"Resource\":\"arn:aws:ec2:*:*:volume/*\"},{\"Effect\":\"Allow\",\"Action\":[\"ec2:DetachVolume\",\"ec2:AttachVolume\"],\"Resource\":[\"arn:aws:ec2:*:*:volume/*\",\"arn:aws:ec2:*:*:instance/*\"]},{\"Effect\":\"Allow\",\"Action\":[\"ec2:EnableFastSnapshotRestores\",\"ec2:CreateVolume\"],\"Resource\":\"arn:aws:ec2:*:*:snapshot/*\"},{\"Effect\":\"Allow\",\"Action\":\"ec2:CreateTags\",\"Resource\":[\"arn:aws:ec2:*:*:volume/*\",\"arn:aws:ec2:*:*:snapshot/*\"],\"Condition\":{\"StringEquals\":{\"ec2:CreateAction\":[\"CreateVolume\",\"CreateSnapshot\"]}}},{\"Effect\":\"Allow\",\"Action\":\"ec2:DeleteTags\",\"Resource\":[\"arn:aws:ec2:*:*:volume/*\",\"arn:aws:ec2:*:*:snapshot/*\"]},{\"Effect\":\"Allow\",\"Action\":\"ec2:CreateVolume\",\"Resource\":\"arn:aws:ec2:*:*:volume/*\",\"Condition\":{\"StringLike\":{\"aws:RequestTag/ebs.csi.aws.com/cluster\":\"true\"}}},{\"Effect\":\"Allow\",\"Action\":\"ec2:CreateVolume\",\"Resource\":\"arn:aws:ec2:*:*:volume/*\",\"Condition\":{\"StringLike\":{\"aws:RequestTag/CSIVolumeName\":\"*\"}}},{\"Effect\":\"Allow\",\"Action\":\"ec2:DeleteVolume\",\"Resource\":\"arn:aws:ec2:*:*:volume/*\",\"Condition\":{\"StringLike\":{\"aws:ResourceTag/ebs.csi.aws.com/cluster\":\"true\"}}},{\"Effect\":\"Allow\",\"Action\":\"ec2:DeleteVolume\",\"Resource\":\"arn:aws:ec2:*:*:volume/*\",\"Condition\":{\"StringLike\":{\"aws:ResourceTag/CSIVolumeName\":\"*\"}}},{\"Effect\":\"Allow\",\"Action\":\"ec2:DeleteVolume\",\"Resource\":\"arn:aws:ec2:*:*:volume/*\",\"Condition\":{\"StringLike\":{\"ec2:ResourceTag/kubernetes.io/created-for/pvc/name\":\"*\"}}},{\"Effect\":\"Allow\",\"Action\":\"ec2:CreateSnapshot\",\"Resource\":\"arn:aws:ec2:*:*:snapshot/*\",\"Condition\":{\"StringLike\":{\"aws:RequestTag/CSIVolumeSnapshotName\":\"*\"}}},{\"Effect\":\"Allow\",\"Action\":\"ec2:CreateSnapshot\",\"Resource\":\"arn:aws:ec2:*:*:snapshot/*\",\"Condition\":{\"StringLike\":{\"aws:RequestTag/ebs.csi.aws.com/cluster\":\"true\"}}},{\"Effect\":\"Allow\",\"Action\":\"ec2:DeleteSnapshot\",\"Resource\":\"arn:aws:ec2:*:*:snapshot/*\",\"Condition\":{\"StringLike\":{\"aws:ResourceTag/CSIVolumeSnapshotName\":\"*\"}}},{\"Effect\":\"Allow\",\"Action\":\"ec2:DeleteSnapshot\",\"Resource\":\"arn:aws:ec2:*:*:snapshot/*\",\"Condition\":{\"StringLike\":{\"aws:ResourceTag/ebs.csi.aws.com/cluster\":\"true\"}}}]}",
            "override_json": null,
            "override_policy_documents": null,
            "policy_id": null,
            "source_json": null,
            "source_policy_documents": null,
            "statement": [
              {
                "actions": [
                  "ec2:DescribeAvailabilityZones",
                  "ec2:DescribeInstances",
                  "ec2:DescribeSnapshots",
                  "ec2:DescribeTags",
                  "ec2:DescribeVolumes",
                  "ec2:DescribeVolumesModifications"
                ],
                "condition": [],
                "effect": "Allow",
                "not_actions": [],
                "not_principals": [],
                "not_resources": [],
                "principals": [],
                "resources": [
                  "*"
                ],
                "sid": ""
              },
              {
                "actions": [
                  "ec2:CreateSnapshot",
                  "ec2:ModifyVolume"
                ],
                "condition": [],
                "effect": "Allow",
                "not_actions": [],
                "not_principals": [],
                "not_resources": [],
                "principals": [],
                "resources": [
                  "arn:aws:ec2:*:*:volume/*"
                ],
                "sid": ""
              },
              {
                "actions": [
                  "ec2:AttachVolume",
                  "ec2:DetachVolume"
                ],
                "condition": [],
                "effect": "Allow",
                "not_actions": [],
                "not_principals": [],
                "not_resources": [],
                "principals": [],
                "resources": [
                  "arn:aws:ec2:*:*:instance/*",
                  "arn:aws:ec2:*:*:volume/*"
                ],
                "sid": ""
              },
              {
                "actions": [
                  "ec2:CreateVolume",
                  "ec2:EnableFastSnapshotRestores"
                ],
                "condition": [],
                "effect": "Allow",
                "not_actions": [],
                "not_principals": [],
                "not_resources": [],
                "principals": [],
                "resources": [
                  "arn:aws:ec2:*:*:snapshot/*"
                ],
                "sid": ""
              },
              {
                "actions": [
                  "ec2:CreateTags"
                ],
                "condition": [
                  {
                    "test": "StringEquals",
                    "values": [
                      "CreateVolume",
                      "CreateSnapshot"
                    ],
                    "variable": "ec2:CreateAction"
                  }
                ],
                "effect": "Allow",
                "not_actions": [],
                "not_principals": [],
                "not_resources": [],
                "principals": [],
                "resources": [
                  "arn:aws:ec2:*:*:snapshot/*",
                  "arn:aws:ec2:*:*:volume/*"
                ],
                "sid": ""
              },
              {
                "actions": [
                  "ec2:DeleteTags"
                ],
                "condition": [],
                "effect": "Allow",
                "not_actions": [],
                "not_principals": [],
                "not_resources": [],
                "principals": [],
                "resources": [
                  "arn:aws:ec2:*:*:snapshot/*",
                  "arn:aws:ec2:*:*:volume/*"
                ],
                "sid": ""
              },
              {
                "actions": [
                  "ec2:CreateVolume"
                ],
                "condition": [
                  {
                    "test": "StringLike",
                    "values": [
                      "true"
                    ],
                    "variable": "aws:RequestTag/ebs.csi.aws.com/cluster"
                  }
                ],
                "effect": "Allow",
                "not_actions": [],
                "not_principals": [],
                "not_resources": [],
                "principals": [],
                "resources": [
                  "arn:aws:ec2:*:*:volume/*"
                ],
                "sid": ""
              },
              {
                "actions": [
                  "ec2:CreateVolume"
                ],
                "condition": [
                  {
                    "test": "StringLike",
                    "values": [
                      "*"
                    ],
                    "variable": "aws:RequestTag/CSIVolumeName"
                  }
                ],
                "effect": "Allow",
                "not_actions": [],
                "not_principals": [],
                "not_resources": [],
                "principals": [],
                "resources": [
                  "arn:aws:ec2:*:*:volume/*"
                ],
                "sid": ""
              },
              {
                "actions": [
                  "ec2:DeleteVolume"
                ],
                "condition": [
                  {
                    "test": "StringLike",
                    "values": [
                      "true"
                    ],
                    "variable": "aws:ResourceTag/ebs.csi.aws.com/cluster"
                  }
                ],
                "effect": "Allow",
                "not_actions": [],
                "not_principals": [],
                "not_resources": [],
                "principals": [],
                "resources": [
                  "arn:aws:ec2:*:*:volume/*"
                ],
                "sid": ""
              },
              {
                "actions": [
                  "ec2:DeleteVolume"
                ],
                "condition": [
                  {
                    "test": "StringLike",
                    "values": [
                      "*"
                    ],
                    "variable": "aws:ResourceTag/CSIVolumeName"
                  }
                ],
                "effect": "Allow",
                "not_actions": [],
                "not_principals": [],
                "not_resources": [],
                "principals": [],
                "resources": [
                  "arn:aws:ec2:*:*:volume/*"
                ],
                "sid": ""
              },
              {
                "actions": [
                  "ec2:DeleteVolume"
                ],
                "condition": [
                  {
                    "test": "StringLike",
                    "values": [
                      "*"
                    ],
                    "variable": "ec2:ResourceTag/kubernetes.io/created-for/pvc/name"
                  }
                ],
                "effect": "Allow",
                "not_actions": [],
                "not_principals": [],
                "not_resources": [],
                "principals": [],
                "resources": [
                  "arn:aws:ec2:*:*:volume/*"
                ],
                "sid": ""
              },
              {
                "actions": [
                  "ec2:CreateSnapshot"
                ],
                "condition": [
                  {
                    "test": "StringLike",
                    "values": [
                      "*"
                    ],
                    "variable": "aws:RequestTag/CSIVolumeSnapshotName"
                  }
                ],
                "effect": "Allow",
                "not_actions": [],
                "not_principals": [],
                "not_resources": [],
                "principals": [],
                "resources": [
                  "arn:aws:ec2:*:*:snapshot/*"
                ],
                "sid": ""
              },
              {
                "actions": [
                  "ec2:CreateSnapshot"
                ],
                "condition": [
                  {
                    "test": "StringLike",
                    "values": [
                      "true"
                    ],
                    "variable": "aws:RequestTag/ebs.csi.aws.com/cluster"
                  }
                ],
                "effect": "Allow",
                "not_actions": [],
                "not_principals": [],
                "not_resources": [],
                "principals": [],
                "resources": [
                  "arn:aws:ec2:*:*:snapshot/*"
                ],
                "sid": ""
              },
              {
                "actions": [
                  "ec2:DeleteSnapshot"
                ],
                "condition": [
                  {
                    "test": "StringLike",
                    "values": [
                      "*"
                    ],
                    "variable": "aws:ResourceTag/CSIVolumeSnapshotName"
                  }
                ],
                "effect": "Allow",
                "not_actions": [],
                "not_principals": [],
                "not_resources": [],
                "principals": [],
                "resources": [
                  "arn:aws:ec2:*:*:snapshot/*"
                ],
                "sid": ""
              },
              {
                "actions": [
                  "ec2:DeleteSnapshot"
                ],
                "condition": [
                  {
                    "test": "StringLike",
                    "values": [
                      "true"
                    ],
                    "variable": "aws:ResourceTag/ebs.csi.aws.com/cluster"
                  }
                ],
                "effect": "Allow",
                "not_actions": [],
                "not_principals": [],
                "not_resources": [],
                "principals": [],
                "resources": [
                  "arn:aws:ec2:*:*:snapshot/*"
                ],
                "sid": ""
              }
            ],
            "version": "2012-10-17"
          },
          "sensitive_attributes": [],
          "identity_schema_version": 0
        }
      ]
    },
    {
      "module": "module.ebs_csi_irsa_role",
      "mode": "data",
      "type": "aws_iam_policy_document",
      "name": "this",
      "provider": "provider[\"registry.terraform.io/hashicorp/aws\"]",
      "instances": [
        {
          "index_key": 0,
          "schema_version": 0,
          "attributes": {
            "id": "1430590158",
            "json": "{\n  \"Version\": \"2012-10-17\",\n  \"Statement\": [\n    {\n      \"Effect\": \"Allow\",\n      \"Action\": \"sts:AssumeRoleWithWebIdentity\",\n      \"Principal\": {\n        \"Federated\": \"arn:aws:iam::739961805636:oidc-provider/oidc.eks.ap-northeast-2.amazonaws.com/id/CE0FD627FE3D64716EAF7499F1B5F7E3\"\n      },\n      \"Condition\": {\n        \"StringEquals\": {\n          \"oidc.eks.ap-northeast-2.amazonaws.com/id/CE0FD627FE3D64716EAF7499F1B5F7E3:aud\": \"sts.amazonaws.com\",\n          \"oidc.eks.ap-northeast-2.amazonaws.com/id/CE0FD627FE3D64716EAF7499F1B5F7E3:sub\": \"system:serviceaccount:kube-system:ebs-csi-controller-sa\"\n        }\n      }\n    }\n  ]\n}",
            "minified_json": "{\"Version\":\"2012-10-17\",\"Statement\":[{\"Effect\":\"Allow\",\"Action\":\"sts:AssumeRoleWithWebIdentity\",\"Principal\":{\"Federated\":\"arn:aws:iam::739961805636:oidc-provider/oidc.eks.ap-northeast-2.amazonaws.com/id/CE0FD627FE3D64716EAF7499F1B5F7E3\"},\"Condition\":{\"StringEquals\":{\"oidc.eks.ap-northeast-2.amazonaws.com/id/CE0FD627FE3D64716EAF7499F1B5F7E3:aud\":\"sts.amazonaws.com\",\"oidc.eks.ap-northeast-2.amazonaws.com/id/CE0FD627FE3D64716EAF7499F1B5F7E3:sub\":\"system:serviceaccount:kube-system:ebs-csi-controller-sa\"}}}]}",
            "override_json": null,
            "override_policy_documents": null,
            "policy_id": null,
            "source_json": null,
            "source_policy_documents": null,
            "statement": [
              {
                "actions": [
                  "sts:AssumeRoleWithWebIdentity"
                ],
                "condition": [
                  {
                    "test": "StringEquals",
                    "values": [
                      "sts.amazonaws.com"
                    ],
                    "variable": "oidc.eks.ap-northeast-2.amazonaws.com/id/CE0FD627FE3D64716EAF7499F1B5F7E3:aud"
                  },
                  {
                    "test": "StringEquals",
                    "values": [
                      "system:serviceaccount:kube-system:ebs-csi-controller-sa"
                    ],
                    "variable": "oidc.eks.ap-northeast-2.amazonaws.com/id/CE0FD627FE3D64716EAF7499F1B5F7E3:sub"
                  }
                ],
                "effect": "Allow",
                "not_actions": [],
                "not_principals": [],
                "not_resources": [],
                "principals": [
                  {
                    "identifiers": [
                      "arn:aws:iam::739961805636:oidc-provider/oidc.eks.ap-northeast-2.amazonaws.com/id/CE0FD627FE3D64716EAF7499F1B5F7E3"
                    ],
                    "type": "Federated"
                  }
                ],
                "resources": [],
                "sid": ""
              }
            ],
            "version": "2012-10-17"
          },
          "sensitive_attributes": [],
          "identity_schema_version": 0
        }
      ]
    },
    {
      "module": "module.ebs_csi_irsa_role",
      "mode": "data",
      "type": "aws_partition",
      "name": "current",
      "provider": "provider[\"registry.terraform.io/hashicorp/aws\"]",
      "instances": [
        {
          "schema_version": 0,
          "attributes": {
            "dns_suffix": "amazonaws.com",
            "id": "aws",
            "partition": "aws",
            "reverse_dns_prefix": "com.amazonaws"
          },
          "sensitive_attributes": [],
          "identity_schema_version": 0
        }
      ]
    },
    {
      "module": "module.ebs_csi_irsa_role",
      "mode": "data",
      "type": "aws_region",
      "name": "current",
      "provider": "provider[\"registry.terraform.io/hashicorp/aws\"]",
      "instances": [
        {
          "schema_version": 0,
          "attributes": {
            "description": "Asia Pacific (Seoul)",
            "endpoint": "ec2.ap-northeast-2.amazonaws.com",
            "id": "ap-northeast-2",
            "name": "ap-northeast-2"
          },
          "sensitive_attributes": [],
          "identity_schema_version": 0
        }
      ]
    },
    {
      "module": "module.ebs_csi_irsa_role",
      "mode": "managed",
      "type": "aws_iam_policy",
      "name": "ebs_csi",
      "provider": "provider[\"registry.terraform.io/hashicorp/aws\"]",
      "instances": [
        {
          "index_key": 0,
          "schema_version": 0,
          "attributes": {
            "arn": "arn:aws:iam::739961805636:policy/AmazonEKS_EBS_CSI_Policy-20260227013203320900000003",
            "attachment_count": 1,
            "description": "Provides permissions to manage EBS volumes via the container storage interface driver",
            "id": "arn:aws:iam::739961805636:policy/AmazonEKS_EBS_CSI_Policy-20260227013203320900000003",
            "name": "AmazonEKS_EBS_CSI_Policy-20260227013203320900000003",
            "name_prefix": "AmazonEKS_EBS_CSI_Policy-",
            "path": "/",
            "policy": "{\"Statement\":[{\"Action\":[\"ec2:DescribeVolumesModifications\",\"ec2:DescribeVolumes\",\"ec2:DescribeTags\",\"ec2:DescribeSnapshots\",\"ec2:DescribeInstances\",\"ec2:DescribeAvailabilityZones\"],\"Effect\":\"Allow\",\"Resource\":\"*\"},{\"Action\":[\"ec2:ModifyVolume\",\"ec2:CreateSnapshot\"],\"Effect\":\"Allow\",\"Resource\":\"arn:aws:ec2:*:*:volume/*\"},{\"Action\":[\"ec2:DetachVolume\",\"ec2:AttachVolume\"],\"Effect\":\"Allow\",\"Resource\":[\"arn:aws:ec2:*:*:volume/*\",\"arn:aws:ec2:*:*:instance/*\"]},{\"Action\":[\"ec2:EnableFastSnapshotRestores\",\"ec2:CreateVolume\"],\"Effect\":\"Allow\",\"Resource\":\"arn:aws:ec2:*:*:snapshot/*\"},{\"Action\":\"ec2:CreateTags\",\"Condition\":{\"StringEquals\":{\"ec2:CreateAction\":[\"CreateVolume\",\"CreateSnapshot\"]}},\"Effect\":\"Allow\",\"Resource\":[\"arn:aws:ec2:*:*:volume/*\",\"arn:aws:ec2:*:*:snapshot/*\"]},{\"Action\":\"ec2:DeleteTags\",\"Effect\":\"Allow\",\"Resource\":[\"arn:aws:ec2:*:*:volume/*\",\"arn:aws:ec2:*:*:snapshot/*\"]},{\"Action\":\"ec2:CreateVolume\",\"Condition\":{\"StringLike\":{\"aws:RequestTag/ebs.csi.aws.com/cluster\":\"true\"}},\"Effect\":\"Allow\",\"Resource\":\"arn:aws:ec2:*:*:volume/*\"},{\"Action\":\"ec2:CreateVolume\",\"Condition\":{\"StringLike\":{\"aws:RequestTag/CSIVolumeName\":\"*\"}},\"Effect\":\"Allow\",\"Resource\":\"arn:aws:ec2:*:*:volume/*\"},{\"Action\":\"ec2:DeleteVolume\",\"Condition\":{\"StringLike\":{\"aws:ResourceTag/ebs.csi.aws.com/cluster\":\"true\"}},\"Effect\":\"Allow\",\"Resource\":\"arn:aws:ec2:*:*:volume/*\"},{\"Action\":\"ec2:DeleteVolume\",\"Condition\":{\"StringLike\":{\"aws:ResourceTag/CSIVolumeName\":\"*\"}},\"Effect\":\"Allow\",\"Resource\":\"arn:aws:ec2:*:*:volume/*\"},{\"Action\":\"ec2:DeleteVolume\",\"Condition\":{\"StringLike\":{\"ec2:ResourceTag/kubernetes.io/created-for/pvc/name\":\"*\"}},\"Effect\":\"Allow\",\"Resource\":\"arn:aws:ec2:*:*:volume/*\"},{\"Action\":\"ec2:CreateSnapshot\",\"Condition\":{\"StringLike\":{\"aws:RequestTag/CSIVolumeSnapshotName\":\"*\"}},\"Effect\":\"Allow\",\"Resource\":\"arn:aws:ec2:*:*:snapshot/*\"},{\"Action\":\"ec2:CreateSnapshot\",\"Condition\":{\"StringLike\":{\"aws:RequestTag/ebs.csi.aws.com/cluster\":\"true\"}},\"Effect\":\"Allow\",\"Resource\":\"arn:aws:ec2:*:*:snapshot/*\"},{\"Action\":\"ec2:DeleteSnapshot\",\"Condition\":{\"StringLike\":{\"aws:ResourceTag/CSIVolumeSnapshotName\":\"*\"}},\"Effect\":\"Allow\",\"Resource\":\"arn:aws:ec2:*:*:snapshot/*\"},{\"Action\":\"ec2:DeleteSnapshot\",\"Condition\":{\"StringLike\":{\"aws:ResourceTag/ebs.csi.aws.com/cluster\":\"true\"}},\"Effect\":\"Allow\",\"Resource\":\"arn:aws:ec2:*:*:snapshot/*\"}],\"Version\":\"2012-10-17\"}",
            "policy_id": "ANPA2YSJJDNCMX7Y4MSZH",
            "tags": {},
            "tags_all": {}
          },
          "sensitive_attributes": [],
          "identity_schema_version": 0,
          "private": "bnVsbA==",
          "dependencies": [
            "module.ebs_csi_irsa_role.data.aws_iam_policy_document.ebs_csi",
            "module.ebs_csi_irsa_role.data.aws_partition.current"
          ]
        }
      ]
    },
    {
      "module": "module.ebs_csi_irsa_role",
      "mode": "managed",
      "type": "aws_iam_role",
      "name": "this",
      "provider": "provider[\"registry.terraform.io/hashicorp/aws\"]",
      "instances": [
        {
          "index_key": 0,
          "schema_version": 0,
          "attributes": {
            "arn": "arn:aws:iam::739961805636:role/eks-mod-ebs-csi",
            "assume_role_policy": "{\"Statement\":[{\"Action\":\"sts:AssumeRoleWithWebIdentity\",\"Condition\":{\"StringEquals\":{\"oidc.eks.ap-northeast-2.amazonaws.com/id/CE0FD627FE3D64716EAF7499F1B5F7E3:aud\":\"sts.amazonaws.com\",\"oidc.eks.ap-northeast-2.amazonaws.com/id/CE0FD627FE3D64716EAF7499F1B5F7E3:sub\":\"system:serviceaccount:kube-system:ebs-csi-controller-sa\"}},\"Effect\":\"Allow\",\"Principal\":{\"Federated\":\"arn:aws:iam::739961805636:oidc-provider/oidc.eks.ap-northeast-2.amazonaws.com/id/CE0FD627FE3D64716EAF7499F1B5F7E3\"}}],\"Version\":\"2012-10-17\"}",
            "create_date": "2026-02-27T01:41:23Z",
            "description": "",
            "force_detach_policies": true,
            "id": "eks-mod-ebs-csi",
            "inline_policy": [],
            "managed_policy_arns": [
              "arn:aws:iam::739961805636:policy/AmazonEKS_EBS_CSI_Policy-20260227013203320900000003"
            ],
            "max_session_duration": 3600,
            "name": "eks-mod-ebs-csi",
            "name_prefix": "",
            "path": "/",
            "permissions_boundary": "",
            "tags": {},
            "tags_all": {},
            "unique_id": "AROA2YSJJDNCEPMH7NLXF"
          },
          "sensitive_attributes": [],
          "identity_schema_version": 0,
          "private": "bnVsbA==",
          "dependencies": [
            "module.ebs_csi_irsa_role.data.aws_caller_identity.current",
            "module.ebs_csi_irsa_role.data.aws_iam_policy_document.this",
            "module.ebs_csi_irsa_role.data.aws_partition.current",
            "module.eks_mod.aws_cloudwatch_log_group.this",
            "module.eks_mod.aws_eks_cluster.this",
            "module.eks_mod.aws_iam_openid_connect_provider.oidc_provider",
            "module.eks_mod.aws_iam_policy.cni_ipv6_policy",
            "module.eks_mod.aws_iam_role.eks_auto",
            "module.eks_mod.aws_iam_role.this",
            "module.eks_mod.aws_iam_role_policy_attachment.this",
            "module.eks_mod.aws_security_group.cluster",
            "module.eks_mod.aws_security_group.node",
            "module.eks_mod.aws_security_group_rule.cluster",
            "module.eks_mod.aws_security_group_rule.node",
            "module.eks_mod.data.aws_caller_identity.current",
            "module.eks_mod.data.aws_iam_policy_document.assume_role_policy",
            "module.eks_mod.data.aws_iam_policy_document.cni_ipv6_policy",
            "module.eks_mod.data.aws_iam_policy_document.node_assume_role_policy",
            "module.eks_mod.data.aws_iam_session_context.current",
            "module.eks_mod.data.aws_partition.current",
            "module.eks_mod.data.tls_certificate.this",
            "module.eks_mod.module.kms.aws_kms_external_key.this",
            "module.eks_mod.module.kms.aws_kms_key.this",
            "module.eks_mod.module.kms.aws_kms_replica_external_key.this",
            "module.eks_mod.module.kms.aws_kms_replica_key.this",
            "module.eks_mod.module.kms.data.aws_caller_identity.current",
            "module.eks_mod.module.kms.data.aws_iam_policy_document.this",
            "module.eks_mod.module.kms.data.aws_partition.current",
            "module.vpc_mod.aws_subnet.private",
            "module.vpc_mod.aws_vpc.this",
            "module.vpc_mod.aws_vpc_ipv4_cidr_block_association.this"
          ]
        }
      ]
    },
    {
      "module": "module.ebs_csi_irsa_role",
      "mode": "managed",
      "type": "aws_iam_role_policy_attachment",
      "name": "ebs_csi",
      "provider": "provider[\"registry.terraform.io/hashicorp/aws\"]",
      "instances": [
        {
          "index_key": 0,
          "schema_version": 0,
          "attributes": {
            "id": "eks-mod-ebs-csi-20260227014125108200000013",
            "policy_arn": "arn:aws:iam::739961805636:policy/AmazonEKS_EBS_CSI_Policy-20260227013203320900000003",
            "role": "eks-mod-ebs-csi"
          },
          "sensitive_attributes": [],
          "identity_schema_version": 0,
          "private": "bnVsbA==",
          "dependencies": [
            "module.ebs_csi_irsa_role.aws_iam_policy.ebs_csi",
            "module.ebs_csi_irsa_role.aws_iam_role.this",
            "module.ebs_csi_irsa_role.data.aws_caller_identity.current",
            "module.ebs_csi_irsa_role.data.aws_iam_policy_document.ebs_csi",
            "module.ebs_csi_irsa_role.data.aws_iam_policy_document.this",
            "module.ebs_csi_irsa_role.data.aws_partition.current",
            "module.eks_mod.aws_cloudwatch_log_group.this",
            "module.eks_mod.aws_eks_cluster.this",
            "module.eks_mod.aws_iam_openid_connect_provider.oidc_provider",
            "module.eks_mod.aws_iam_policy.cni_ipv6_policy",
            "module.eks_mod.aws_iam_role.eks_auto",
            "module.eks_mod.aws_iam_role.this",
            "module.eks_mod.aws_iam_role_policy_attachment.this",
            "module.eks_mod.aws_security_group.cluster",
            "module.eks_mod.aws_security_group.node",
            "module.eks_mod.aws_security_group_rule.cluster",
            "module.eks_mod.aws_security_group_rule.node",
            "module.eks_mod.data.aws_caller_identity.current",
            "module.eks_mod.data.aws_iam_policy_document.assume_role_policy",
            "module.eks_mod.data.aws_iam_policy_document.cni_ipv6_policy",
            "module.eks_mod.data.aws_iam_policy_document.node_assume_role_policy",
            "module.eks_mod.data.aws_iam_session_context.current",
            "module.eks_mod.data.aws_partition.current",
            "module.eks_mod.data.tls_certificate.this",
            "module.eks_mod.module.kms.aws_kms_external_key.this",
            "module.eks_mod.module.kms.aws_kms_key.this",
            "module.eks_mod.module.kms.aws_kms_replica_external_key.this",
            "module.eks_mod.module.kms.aws_kms_replica_key.this",
            "module.eks_mod.module.kms.data.aws_caller_identity.current",
            "module.eks_mod.module.kms.data.aws_iam_policy_document.this",
            "module.eks_mod.module.kms.data.aws_partition.current",
            "module.vpc_mod.aws_subnet.private",
            "module.vpc_mod.aws_vpc.this",
            "module.vpc_mod.aws_vpc_ipv4_cidr_block_association.this"
          ]
        }
      ]
    },
    {
      "module": "module.eks_mod",
      "mode": "data",
      "type": "aws_caller_identity",
      "name": "current",
      "provider": "provider[\"registry.terraform.io/hashicorp/aws\"]",
      "instances": [
        {
          "index_key": 0,
          "schema_version": 0,
          "attributes": {
            "account_id": "739961805636",
            "arn": "arn:aws:iam::739961805636:user/admin-user",
            "id": "739961805636",
            "user_id": "AIDA2YSJJDNCNEHFS2DS4"
          },
          "sensitive_attributes": [],
          "identity_schema_version": 0
        }
      ]
    },
    {
      "module": "module.eks_mod",
      "mode": "data",
      "type": "aws_eks_addon_version",
      "name": "this",
      "provider": "provider[\"registry.terraform.io/hashicorp/aws\"]",
      "instances": [
        {
          "index_key": "aws-ebs-csi-driver",
          "schema_version": 0,
          "attributes": {
            "addon_name": "aws-ebs-csi-driver",
            "id": "aws-ebs-csi-driver",
            "kubernetes_version": "1.29",
            "most_recent": true,
            "version": "v1.56.0-eksbuild.1"
          },
          "sensitive_attributes": [],
          "identity_schema_version": 0
        },
        {
          "index_key": "coredns",
          "schema_version": 0,
          "attributes": {
            "addon_name": "coredns",
            "id": "coredns",
            "kubernetes_version": "1.29",
            "most_recent": false,
            "version": "v1.11.1-eksbuild.4"
          },
          "sensitive_attributes": [],
          "identity_schema_version": 0
        },
        {
          "index_key": "kube-proxy",
          "schema_version": 0,
          "attributes": {
            "addon_name": "kube-proxy",
            "id": "kube-proxy",
            "kubernetes_version": "1.29",
            "most_recent": false,
            "version": "v1.29.15-eksbuild.16"
          },
          "sensitive_attributes": [],
          "identity_schema_version": 0
        },
        {
          "index_key": "vpc-cni",
          "schema_version": 0,
          "attributes": {
            "addon_name": "vpc-cni",
            "id": "vpc-cni",
            "kubernetes_version": "1.29",
            "most_recent": false,
            "version": "v1.20.4-eksbuild.2"
          },
          "sensitive_attributes": [],
          "identity_schema_version": 0
        }
      ]
    },
    {
      "module": "module.eks_mod",
      "mode": "data",
      "type": "aws_iam_policy_document",
      "name": "assume_role_policy",
      "provider": "provider[\"registry.terraform.io/hashicorp/aws\"]",
      "instances": [
        {
          "index_key": 0,
          "schema_version": 0,
          "attributes": {
            "id": "2830595799",
            "json": "{\n  \"Version\": \"2012-10-17\",\n  \"Statement\": [\n    {\n      \"Sid\": \"EKSClusterAssumeRole\",\n      \"Effect\": \"Allow\",\n      \"Action\": [\n        \"sts:TagSession\",\n        \"sts:AssumeRole\"\n      ],\n      \"Principal\": {\n        \"Service\": \"eks.amazonaws.com\"\n      }\n    }\n  ]\n}",
            "minified_json": "{\"Version\":\"2012-10-17\",\"Statement\":[{\"Sid\":\"EKSClusterAssumeRole\",\"Effect\":\"Allow\",\"Action\":[\"sts:TagSession\",\"sts:AssumeRole\"],\"Principal\":{\"Service\":\"eks.amazonaws.com\"}}]}",
            "override_json": null,
            "override_policy_documents": null,
            "policy_id": null,
            "source_json": null,
            "source_policy_documents": null,
            "statement": [
              {
                "actions": [
                  "sts:AssumeRole",
                  "sts:TagSession"
                ],
                "condition": [],
                "effect": "Allow",
                "not_actions": [],
                "not_principals": [],
                "not_resources": [],
                "principals": [
                  {
                    "identifiers": [
                      "eks.amazonaws.com"
                    ],
                    "type": "Service"
                  }
                ],
                "resources": [],
                "sid": "EKSClusterAssumeRole"
              }
            ],
            "version": "2012-10-17"
          },
          "sensitive_attributes": [],
          "identity_schema_version": 0
        }
      ]
    },
    {
      "module": "module.eks_mod",
      "mode": "data",
      "type": "aws_iam_policy_document",
      "name": "custom",
      "provider": "provider[\"registry.terraform.io/hashicorp/aws\"]",
      "instances": [
        {
          "index_key": 0,
          "schema_version": 0,
          "attributes": {
            "id": "513122117",
            "json": "{\n  \"Version\": \"2012-10-17\",\n  \"Statement\": [\n    {\n      \"Sid\": \"Compute\",\n      \"Effect\": \"Allow\",\n      \"Action\": [\n        \"ec2:RunInstances\",\n        \"ec2:CreateLaunchTemplate\",\n        \"ec2:CreateFleet\"\n      ],\n      \"Resource\": \"*\",\n      \"Condition\": {\n        \"StringEquals\": {\n          \"aws:RequestTag/eks:eks-cluster-name\": \"${aws:PrincipalTag/eks:eks-cluster-name}\"\n        },\n        \"StringLike\": {\n          \"aws:RequestTag/eks:kubernetes-node-class-name\": \"*\",\n          \"aws:RequestTag/eks:kubernetes-node-pool-name\": \"*\"\n        }\n      }\n    },\n    {\n      \"Sid\": \"Storage\",\n      \"Effect\": \"Allow\",\n      \"Action\": [\n        \"ec2:CreateVolume\",\n        \"ec2:CreateSnapshot\"\n      ],\n      \"Resource\": [\n        \"arn:aws:ec2:*:*:volume/*\",\n        \"arn:aws:ec2:*:*:snapshot/*\"\n      ],\n      \"Condition\": {\n        \"StringEquals\": {\n          \"aws:RequestTag/eks:eks-cluster-name\": \"${aws:PrincipalTag/eks:eks-cluster-name}\"\n        }\n      }\n    },\n    {\n      \"Sid\": \"Networking\",\n      \"Effect\": \"Allow\",\n      \"Action\": \"ec2:CreateNetworkInterface\",\n      \"Resource\": \"*\",\n      \"Condition\": {\n        \"StringEquals\": {\n          \"aws:RequestTag/eks:eks-cluster-name\": \"${aws:PrincipalTag/eks:eks-cluster-name}\",\n          \"aws:RequestTag/eks:kubernetes-cni-node-name\": \"*\"\n        }\n      }\n    },\n    {\n      \"Sid\": \"LoadBalancer\",\n      \"Effect\": \"Allow\",\n      \"Action\": [\n        \"elasticloadbalancing:CreateTargetGroup\",\n        \"elasticloadbalancing:CreateRule\",\n        \"elasticloadbalancing:CreateLoadBalancer\",\n        \"elasticloadbalancing:CreateListener\",\n        \"ec2:CreateSecurityGroup\"\n      ],\n      \"Resource\": \"*\",\n      \"Condition\": {\n        \"StringEquals\": {\n          \"aws:RequestTag/eks:eks-cluster-name\": \"${aws:PrincipalTag/eks:eks-cluster-name}\"\n        }\n      }\n    },\n    {\n      \"Sid\": \"ShieldProtection\",\n      \"Effect\": \"Allow\",\n      \"Action\": \"shield:CreateProtection\",\n      \"Resource\": \"*\",\n      \"Condition\": {\n        \"StringEquals\": {\n          \"aws:RequestTag/eks:eks-cluster-name\": \"${aws:PrincipalTag/eks:eks-cluster-name}\"\n        }\n      }\n    },\n    {\n      \"Sid\": \"ShieldTagResource\",\n      \"Effect\": \"Allow\",\n      \"Action\": \"shield:TagResource\",\n      \"Resource\": \"arn:aws:shield::*:protection/*\",\n      \"Condition\": {\n        \"StringEquals\": {\n          \"aws:RequestTag/eks:eks-cluster-name\": \"${aws:PrincipalTag/eks:eks-cluster-name}\"\n        }\n      }\n    }\n  ]\n}",
            "minified_json": "{\"Version\":\"2012-10-17\",\"Statement\":[{\"Sid\":\"Compute\",\"Effect\":\"Allow\",\"Action\":[\"ec2:RunInstances\",\"ec2:CreateLaunchTemplate\",\"ec2:CreateFleet\"],\"Resource\":\"*\",\"Condition\":{\"StringEquals\":{\"aws:RequestTag/eks:eks-cluster-name\":\"${aws:PrincipalTag/eks:eks-cluster-name}\"},\"StringLike\":{\"aws:RequestTag/eks:kubernetes-node-class-name\":\"*\",\"aws:RequestTag/eks:kubernetes-node-pool-name\":\"*\"}}},{\"Sid\":\"Storage\",\"Effect\":\"Allow\",\"Action\":[\"ec2:CreateVolume\",\"ec2:CreateSnapshot\"],\"Resource\":[\"arn:aws:ec2:*:*:volume/*\",\"arn:aws:ec2:*:*:snapshot/*\"],\"Condition\":{\"StringEquals\":{\"aws:RequestTag/eks:eks-cluster-name\":\"${aws:PrincipalTag/eks:eks-cluster-name}\"}}},{\"Sid\":\"Networking\",\"Effect\":\"Allow\",\"Action\":\"ec2:CreateNetworkInterface\",\"Resource\":\"*\",\"Condition\":{\"StringEquals\":{\"aws:RequestTag/eks:eks-cluster-name\":\"${aws:PrincipalTag/eks:eks-cluster-name}\",\"aws:RequestTag/eks:kubernetes-cni-node-name\":\"*\"}}},{\"Sid\":\"LoadBalancer\",\"Effect\":\"Allow\",\"Action\":[\"elasticloadbalancing:CreateTargetGroup\",\"elasticloadbalancing:CreateRule\",\"elasticloadbalancing:CreateLoadBalancer\",\"elasticloadbalancing:CreateListener\",\"ec2:CreateSecurityGroup\"],\"Resource\":\"*\",\"Condition\":{\"StringEquals\":{\"aws:RequestTag/eks:eks-cluster-name\":\"${aws:PrincipalTag/eks:eks-cluster-name}\"}}},{\"Sid\":\"ShieldProtection\",\"Effect\":\"Allow\",\"Action\":\"shield:CreateProtection\",\"Resource\":\"*\",\"Condition\":{\"StringEquals\":{\"aws:RequestTag/eks:eks-cluster-name\":\"${aws:PrincipalTag/eks:eks-cluster-name}\"}}},{\"Sid\":\"ShieldTagResource\",\"Effect\":\"Allow\",\"Action\":\"shield:TagResource\",\"Resource\":\"arn:aws:shield::*:protection/*\",\"Condition\":{\"StringEquals\":{\"aws:RequestTag/eks:eks-cluster-name\":\"${aws:PrincipalTag/eks:eks-cluster-name}\"}}}]}",
            "override_json": null,
            "override_policy_documents": null,
            "policy_id": null,
            "source_json": null,
            "source_policy_documents": null,
            "statement": [
              {
                "actions": [
                  "ec2:CreateFleet",
                  "ec2:CreateLaunchTemplate",
                  "ec2:RunInstances"
                ],
                "condition": [
                  {
                    "test": "StringEquals",
                    "values": [
                      "${aws:PrincipalTag/eks:eks-cluster-name}"
                    ],
                    "variable": "aws:RequestTag/eks:eks-cluster-name"
                  },
                  {
                    "test": "StringLike",
                    "values": [
                      "*"
                    ],
                    "variable": "aws:RequestTag/eks:kubernetes-node-class-name"
                  },
                  {
                    "test": "StringLike",
                    "values": [
                      "*"
                    ],
                    "variable": "aws:RequestTag/eks:kubernetes-node-pool-name"
                  }
                ],
                "effect": "Allow",
                "not_actions": [],
                "not_principals": [],
                "not_resources": [],
                "principals": [],
                "resources": [
                  "*"
                ],
                "sid": "Compute"
              },
              {
                "actions": [
                  "ec2:CreateSnapshot",
                  "ec2:CreateVolume"
                ],
                "condition": [
                  {
                    "test": "StringEquals",
                    "values": [
                      "${aws:PrincipalTag/eks:eks-cluster-name}"
                    ],
                    "variable": "aws:RequestTag/eks:eks-cluster-name"
                  }
                ],
                "effect": "Allow",
                "not_actions": [],
                "not_principals": [],
                "not_resources": [],
                "principals": [],
                "resources": [
                  "arn:aws:ec2:*:*:snapshot/*",
                  "arn:aws:ec2:*:*:volume/*"
                ],
                "sid": "Storage"
              },
              {
                "actions": [
                  "ec2:CreateNetworkInterface"
                ],
                "condition": [
                  {
                    "test": "StringEquals",
                    "values": [
                      "${aws:PrincipalTag/eks:eks-cluster-name}"
                    ],
                    "variable": "aws:RequestTag/eks:eks-cluster-name"
                  },
                  {
                    "test": "StringEquals",
                    "values": [
                      "*"
                    ],
                    "variable": "aws:RequestTag/eks:kubernetes-cni-node-name"
                  }
                ],
                "effect": "Allow",
                "not_actions": [],
                "not_principals": [],
                "not_resources": [],
                "principals": [],
                "resources": [
                  "*"
                ],
                "sid": "Networking"
              },
              {
                "actions": [
                  "ec2:CreateSecurityGroup",
                  "elasticloadbalancing:CreateListener",
                  "elasticloadbalancing:CreateLoadBalancer",
                  "elasticloadbalancing:CreateRule",
                  "elasticloadbalancing:CreateTargetGroup"
                ],
                "condition": [
                  {
                    "test": "StringEquals",
                    "values": [
                      "${aws:PrincipalTag/eks:eks-cluster-name}"
                    ],
                    "variable": "aws:RequestTag/eks:eks-cluster-name"
                  }
                ],
                "effect": "Allow",
                "not_actions": [],
                "not_principals": [],
                "not_resources": [],
                "principals": [],
                "resources": [
                  "*"
                ],
                "sid": "LoadBalancer"
              },
              {
                "actions": [
                  "shield:CreateProtection"
                ],
                "condition": [
                  {
                    "test": "StringEquals",
                    "values": [
                      "${aws:PrincipalTag/eks:eks-cluster-name}"
                    ],
                    "variable": "aws:RequestTag/eks:eks-cluster-name"
                  }
                ],
                "effect": "Allow",
                "not_actions": [],
                "not_principals": [],
                "not_resources": [],
                "principals": [],
                "resources": [
                  "*"
                ],
                "sid": "ShieldProtection"
              },
              {
                "actions": [
                  "shield:TagResource"
                ],
                "condition": [
                  {
                    "test": "StringEquals",
                    "values": [
                      "${aws:PrincipalTag/eks:eks-cluster-name}"
                    ],
                    "variable": "aws:RequestTag/eks:eks-cluster-name"
                  }
                ],
                "effect": "Allow",
                "not_actions": [],
                "not_principals": [],
                "not_resources": [],
                "principals": [],
                "resources": [
                  "arn:aws:shield::*:protection/*"
                ],
                "sid": "ShieldTagResource"
              }
            ],
            "version": "2012-10-17"
          },
          "sensitive_attributes": [],
          "identity_schema_version": 0
        }
      ]
    },
    {
      "module": "module.eks_mod",
      "mode": "data",
      "type": "aws_iam_session_context",
      "name": "current",
      "provider": "provider[\"registry.terraform.io/hashicorp/aws\"]",
      "instances": [
        {
          "index_key": 0,
          "schema_version": 0,
          "attributes": {
            "arn": "arn:aws:iam::739961805636:user/admin-user",
            "id": "arn:aws:iam::739961805636:user/admin-user",
            "issuer_arn": "arn:aws:iam::739961805636:user/admin-user",
            "issuer_id": "",
            "issuer_name": "",
            "session_name": ""
          },
          "sensitive_attributes": [],
          "identity_schema_version": 0
        }
      ]
    },
    {
      "module": "module.eks_mod",
      "mode": "data",
      "type": "aws_partition",
      "name": "current",
      "provider": "provider[\"registry.terraform.io/hashicorp/aws\"]",
      "instances": [
        {
          "index_key": 0,
          "schema_version": 0,
          "attributes": {
            "dns_suffix": "amazonaws.com",
            "id": "aws",
            "partition": "aws",
            "reverse_dns_prefix": "com.amazonaws"
          },
          "sensitive_attributes": [],
          "identity_schema_version": 0
        }
      ]
    },
    {
      "module": "module.eks_mod",
      "mode": "data",
      "type": "tls_certificate",
      "name": "this",
      "provider": "provider[\"registry.terraform.io/hashicorp/tls\"]",
      "instances": [
        {
          "index_key": 0,
          "schema_version": 0,
          "attributes": {
            "certificates": [
              {
                "cert_pem": "-----BEGIN CERTIFICATE-----\nMIIEkjCCA3qgAwIBAgITBn+USionzfP6wq4rAfkI7rnExjANBgkqhkiG9w0BAQsF\nADCBmDELMAkGA1UEBhMCVVMxEDAOBgNVBAgTB0FyaXpvbmExEzARBgNVBAcTClNj\nb3R0c2RhbGUxJTAjBgNVBAoTHFN0YXJmaWVsZCBUZWNobm9sb2dpZXMsIEluYy4x\nOzA5BgNVBAMTMlN0YXJmaWVsZCBTZXJ2aWNlcyBSb290IENlcnRpZmljYXRlIEF1\ndGhvcml0eSAtIEcyMB4XDTE1MDUyNTEyMDAwMFoXDTM3MTIzMTAxMDAwMFowOTEL\nMAkGA1UEBhMCVVMxDzANBgNVBAoTBkFtYXpvbjEZMBcGA1UEAxMQQW1hem9uIFJv\nb3QgQ0EgMTCCASIwDQYJKoZIhvcNAQEBBQADggEPADCCAQoCggEBALJ4gHHKeNXj\nca9HgFB0fW7Y14h29Jlo91ghYPl0hAEvrAIthtOgQ3pOsqTQNroBvo3bSMgHFzZM\n9O6II8c+6zf1tRn4SWiw3te5djgdYZ6k/oI2peVKVuRF4fn9tBb6dNqcmzU5L/qw\nIFAGbHrQgLKm+a/sRxmPUDgH3KKHOVj4utWp+UhnMJbulHheb4mjUcAwhmahRWa6\nVOujw5H5SNz/0egwLX0tdHA114gk957EWW67c4cX8jJGKLhD+rcdqsq08p8kDi1L\n93FcXmn/6pUCyziKrlA4b9v7LWIbxcceVOF34GfID5yHI9Y/QCB/IIDEgEw+OyQm\njgSubJrIqg0CAwEAAaOCATEwggEtMA8GA1UdEwEB/wQFMAMBAf8wDgYDVR0PAQH/\nBAQDAgGGMB0GA1UdDgQWBBSEGMyFNOy8DJSULghZnMeyEE4KCDAfBgNVHSMEGDAW\ngBScXwDfqgHXMCs4iKK4bUqc8hGRgzB4BggrBgEFBQcBAQRsMGowLgYIKwYBBQUH\nMAGGImh0dHA6Ly9vY3NwLnJvb3RnMi5hbWF6b250cnVzdC5jb20wOAYIKwYBBQUH\nMAKGLGh0dHA6Ly9jcnQucm9vdGcyLmFtYXpvbnRydXN0LmNvbS9yb290ZzIuY2Vy\nMD0GA1UdHwQ2MDQwMqAwoC6GLGh0dHA6Ly9jcmwucm9vdGcyLmFtYXpvbnRydXN0\nLmNvbS9yb290ZzIuY3JsMBEGA1UdIAQKMAgwBgYEVR0gADANBgkqhkiG9w0BAQsF\nAAOCAQEAYjdCXLwQtT6LLOkMm2xF4gcAevnFWAu5CIw+7bMlPLVvUOTNNWqnkzSW\nMiGpSESrnO09tKpzbeR/FoCJbM8oAxiDR3mjEH4wW6w7sGDgd9QIpuEdfF7Au/ma\neyKdpwAJfqxGF4PcnCZXmTA5YpaP7dreqsXMGz7KQ2hsVxa81Q4gLv7/wmpdLqBK\nbRRYh5TmOTFffHPLkIhqhBGWJ6bt2YFGpn6jcgAKUj6DiAdjd4lpFw85hdKrCEVN\n0FE6/V1dN2RMfjCyVSRCnTawXZwXgWHxyvkQAiSr6w10kY17RSlQOYiypok1JR4U\nakcjMS9cmvqtmg5iUaQqqcT5NJ0hGA==\n-----END CERTIFICATE-----\n",
                "is_ca": true,
                "issuer": "CN=Starfield Services Root Certificate Authority - G2,O=Starfield Technologies\\, Inc.,L=Scottsdale,ST=Arizona,C=US",
                "max_path_length": -1,
                "not_after": "2037-12-31T01:00:00Z",
                "not_before": "2015-05-25T12:00:00Z",
                "public_key_algorithm": "RSA",
                "serial_number": "144918191876577076464031512351042010504348870",
                "sha1_fingerprint": "06b25927c42a721631c1efd9431e648fa62e1e39",
                "signature_algorithm": "SHA256-RSA",
                "subject": "CN=Amazon Root CA 1,O=Amazon,C=US",
                "version": 3
              },
              {
                "cert_pem": "-----BEGIN CERTIFICATE-----\nMIIEXjCCA0agAwIBAgITB3MSOAudZoijOx7Zv5zNpo4ODzANBgkqhkiG9w0BAQsF\nADA5MQswCQYDVQQGEwJVUzEPMA0GA1UEChMGQW1hem9uMRkwFwYDVQQDExBBbWF6\nb24gUm9vdCBDQSAxMB4XDTIyMDgyMzIyMjEyOFoXDTMwMDgyMzIyMjEyOFowPDEL\nMAkGA1UEBhMCVVMxDzANBgNVBAoTBkFtYXpvbjEcMBoGA1UEAxMTQW1hem9uIFJT\nQSAyMDQ4IE0wMTCCASIwDQYJKoZIhvcNAQEBBQADggEPADCCAQoCggEBAOtxLKnL\nH4gokjIwr4pXD3i3NyWVVYesZ1yX0yLI2qIUZ2t88Gfa4gMqs1YSXca1R/lnCKeT\nepWSGA+0+fkQNpp/L4C2T7oTTsddUx7g3ZYzByDTlrwS5HRQQqEFE3O1T5tEJP4t\nf+28IoXsNiEzl3UGzicYgtzj2cWCB41eJgEmJmcf2T8TzzK6a614ZPyq/w4CPAff\nnAV4coz96nW3AyiE2uhuB4zQUIXvgVSycW7sbWLvj5TDXunEpNCRwC4kkZjK7rol\njtT2cbb7W2s4Bkg3R42G3PLqBvt2N32e/0JOTViCk8/iccJ4sXqrS1uUN4iB5Nmv\nJK74csVl+0u0UecCAwEAAaOCAVowggFWMBIGA1UdEwEB/wQIMAYBAf8CAQAwDgYD\nVR0PAQH/BAQDAgGGMB0GA1UdJQQWMBQGCCsGAQUFBwMBBggrBgEFBQcDAjAdBgNV\nHQ4EFgQUgbgOY4qJEhjl+js7UJWf5uWQE4UwHwYDVR0jBBgwFoAUhBjMhTTsvAyU\nlC4IWZzHshBOCggwewYIKwYBBQUHAQEEbzBtMC8GCCsGAQUFBzABhiNodHRwOi8v\nb2NzcC5yb290Y2ExLmFtYXpvbnRydXN0LmNvbTA6BggrBgEFBQcwAoYuaHR0cDov\nL2NydC5yb290Y2ExLmFtYXpvbnRydXN0LmNvbS9yb290Y2ExLmNlcjA/BgNVHR8E\nODA2MDSgMqAwhi5odHRwOi8vY3JsLnJvb3RjYTEuYW1hem9udHJ1c3QuY29tL3Jv\nb3RjYTEuY3JsMBMGA1UdIAQMMAowCAYGZ4EMAQIBMA0GCSqGSIb3DQEBCwUAA4IB\nAQCtAN4CBSMuBjJitGuxlBbkEUDeK/pZwTXv4KqPK0G50fOHOQAd8j21p0cMBgbG\nkfMHVwLU7b0XwZCav0h1ogdPMN1KakK1DT0VwA/+hFvGPJnMV1Kx2G4S1ZaSk0uU\n5QfoiYIIano01J5k4T2HapKQmmOhS/iPtuo00wW+IMLeBuKMn3OLn005hcrOGTad\nhcmeyfhQP7Z+iKHvyoQGi1C0ClymHETx/chhQGDyYSWqB/THwnN15AwLQo0E5V9E\nSJlbe4mBlqeInUsNYugExNf+tOiybcrswBy8OFsd34XOW3rjSUtsuafd9AWySa3h\nxRRrwszrzX/WWGm6wyB+f7C4\n-----END CERTIFICATE-----\n",
                "is_ca": true,
                "issuer": "CN=Amazon Root CA 1,O=Amazon,C=US",
                "max_path_length": 0,
                "not_after": "2030-08-23T22:21:28Z",
                "not_before": "2022-08-23T22:21:28Z",
                "public_key_algorithm": "RSA",
                "serial_number": "166129328851546858514271303855646110030630415",
                "sha1_fingerprint": "2ad974a775f73cbdbbd8f5ac3a49255fa8fb1f8c",
                "signature_algorithm": "SHA256-RSA",
                "subject": "CN=Amazon RSA 2048 M01,O=Amazon,C=US",
                "version": 3
              },
              {
                "cert_pem": "-----BEGIN CERTIFICATE-----\nMIIF5jCCBM6gAwIBAgIQCJsK/ZUgMjxpk/kJ/P9+WTANBgkqhkiG9w0BAQsFADA8\nMQswCQYDVQQGEwJVUzEPMA0GA1UEChMGQW1hem9uMRwwGgYDVQQDExNBbWF6b24g\nUlNBIDIwNDggTTAxMB4XDTI2MDEyNjAwMDAwMFoXDTI3MDIyNDIzNTk1OVowLTEr\nMCkGA1UEAwwiKi5la3MuYXAtbm9ydGhlYXN0LTIuYW1hem9uYXdzLmNvbTCCASIw\nDQYJKoZIhvcNAQEBBQADggEPADCCAQoCggEBAKIe1OC/cy7NnDpiYTuYwcHplB6L\ngXx6mxpQ06s4B3Sg7jvaV6xV7mi8QZxXiG8yJiNdb2XWK2/1CmQ09OBlkq1+WvbQ\nr1xLEOUNQpL2Lw7kqlLLH8m2tpSuc/zqrZZXj6IS+3JKjYbzi9zRswADRuiTUeYX\njYhBvPgtwJRYEgckf7FFAXHdiYJiNmRs0mPXTBX8XytUwU5E5LgEFA7teckU5fIO\nYB9NcueBWTvgvLjnhAPU4yvPqGAnJIRVKLJ8HA7p2Fe6KTo+nxSVLKRTuV/PQj9N\np6slwiKWwdPAO+EI7munuKuScMrgQU603rIqiXxXheZdIuQWtNy6Z6MiMMMCAwEA\nAaOCAvEwggLtMB8GA1UdIwQYMBaAFIG4DmOKiRIY5fo7O1CVn+blkBOFMB0GA1Ud\nDgQWBBQlJ/RISfDNPp7CNwi+65OWUKG6cjAtBgNVHREEJjAkgiIqLmVrcy5hcC1u\nb3J0aGVhc3QtMi5hbWF6b25hd3MuY29tMBMGA1UdIAQMMAowCAYGZ4EMAQIBMA4G\nA1UdDwEB/wQEAwIFoDATBgNVHSUEDDAKBggrBgEFBQcDATA7BgNVHR8ENDAyMDCg\nLqAshipodHRwOi8vY3JsLnIybTAxLmFtYXpvbnRydXN0LmNvbS9yMm0wMS5jcmww\ndQYIKwYBBQUHAQEEaTBnMC0GCCsGAQUFBzABhiFodHRwOi8vb2NzcC5yMm0wMS5h\nbWF6b250cnVzdC5jb20wNgYIKwYBBQUHMAKGKmh0dHA6Ly9jcnQucjJtMDEuYW1h\nem9udHJ1c3QuY29tL3IybTAxLmNlcjAMBgNVHRMBAf8EAjAAMIIBfgYKKwYBBAHW\neQIEAgSCAW4EggFqAWgAdwBMY9yY5Zwdq4j2Hoo93q6Pq0SjN3tfm5TD+6Gc/MG+\nJgAAAZv3ppGbAAAEAwBIMEYCIQCpwj08RpHwUp/ZrZhNqxxjlVqgcmHIQbyBqtIC\n2ZpXWQIhAPF68Eb2dEfZT9rRUDpw27ExUj1iXq0zOyvWpHjW1BGxAHYAHJ9oLOn6\n8EVpUPgbloqH3dsyENhM5siy44JSSsTPWZ8AAAGb96aRqAAABAMARzBFAiByWoO9\nB53SVyPz+C4DTbr8EYF0r4Q3u1mf2ptGTRMwGQIhAN0hA3swmip1UY++CgvKysBe\nQkC/v4Vj40VhljtDx7uuAHUAYEyar3p/d18B1Ab8kg3ImesLHH34yVIb+voXdzuX\ni8kAAAGb96aSpQAABAMARjBEAiBjKxuuTNAGdywi+oe/l8G6KQ1JqMaWFnFsDY6I\nVbHEDQIgZ9mcMfjeu7z5CcOVLG6BKNurxjt05pTXlnV59EjbuhgwDQYJKoZIhvcN\nAQELBQADggEBAOYiRZvQBB9jGIdTDT93UrH7Pg5z7Icd3m1l/93kbAeRGrig2qA8\nFHxR+R7u2F5keTT8qB91YzTkKBR4lpsiWm0j7MQuTw7EbIUksE1epC8qHk1BLhPN\nvqussr1yLnASvz1Vtutv2VycHb5eivgSkHwyzVj/pK9iO6+/gO/vqXFbI7BeK8UK\nsfwItdcA7Sj5lrfZvLesDOeN+2UmBvanSfIAbOHWkX37q9xFNb0nZqAW1WaJUKjI\nf699IysN7UwT8WN8fl9/SzcnIpk8luDMvSwHpoHZJwtqr3sdQ2eZqV4eyrKpSeBN\nIvQbij0NR+apS5mE0AuKiUgnizN2tfCCYzg=\n-----END CERTIFICATE-----\n",
                "is_ca": false,
                "issuer": "CN=Amazon RSA 2048 M01,O=Amazon,C=US",
                "max_path_length": -1,
                "not_after": "2027-02-24T23:59:59Z",
                "not_before": "2026-01-26T00:00:00Z",
                "public_key_algorithm": "RSA",
                "serial_number": "11438852894325567213578903347674447449",
                "sha1_fingerprint": "b5ff9c677325645101f7c5b456c6bfdb3c037425",
                "signature_algorithm": "SHA256-RSA",
                "subject": "CN=*.eks.ap-northeast-2.amazonaws.com",
                "version": 3
              }
            ],
            "content": null,
            "id": "db89cecc3adb9ea30f9819b0e895f1b1184c090f",
            "url": "https://oidc.eks.ap-northeast-2.amazonaws.com/id/CE0FD627FE3D64716EAF7499F1B5F7E3",
            "verify_chain": true
          },
          "sensitive_attributes": [],
          "identity_schema_version": 0
        }
      ]
    },
    {
      "module": "module.eks_mod",
      "mode": "managed",
      "type": "aws_cloudwatch_log_group",
      "name": "this",
      "provider": "provider[\"registry.terraform.io/hashicorp/aws\"]",
      "instances": [
        {
          "index_key": 0,
          "schema_version": 0,
          "attributes": {
            "arn": "arn:aws:logs:ap-northeast-2:739961805636:log-group:/aws/eks/eks-mod/cluster",
            "id": "/aws/eks/eks-mod/cluster",
            "kms_key_id": "",
            "log_group_class": "STANDARD",
            "name": "/aws/eks/eks-mod/cluster",
            "name_prefix": "",
            "retention_in_days": 90,
            "skip_destroy": false,
            "tags": {
              "Name": "/aws/eks/eks-mod/cluster",
              "project": "eks-mod"
            },
            "tags_all": {
              "Name": "/aws/eks/eks-mod/cluster",
              "project": "eks-mod"
            }
          },
          "sensitive_attributes": [],
          "identity_schema_version": 0,
          "private": "bnVsbA==",
          "create_before_destroy": true
        }
      ]
    },
    {
      "module": "module.eks_mod",
      "mode": "managed",
      "type": "aws_ec2_tag",
      "name": "cluster_primary_security_group",
      "provider": "provider[\"registry.terraform.io/hashicorp/aws\"]",
      "instances": [
        {
          "index_key": "project",
          "schema_version": 0,
          "attributes": {
            "id": "sg-026ef7e9ab43d5308,project",
            "key": "project",
            "resource_id": "sg-026ef7e9ab43d5308",
            "value": "eks-mod"
          },
          "sensitive_attributes": [],
          "identity_schema_version": 0,
          "private": "bnVsbA==",
          "dependencies": [
            "module.eks_mod.aws_cloudwatch_log_group.this",
            "module.eks_mod.aws_eks_cluster.this",
            "module.eks_mod.aws_iam_policy.cni_ipv6_policy",
            "module.eks_mod.aws_iam_role.eks_auto",
            "module.eks_mod.aws_iam_role.this",
            "module.eks_mod.aws_iam_role_policy_attachment.this",
            "module.eks_mod.aws_security_group.cluster",
            "module.eks_mod.aws_security_group.node",
            "module.eks_mod.aws_security_group_rule.cluster",
            "module.eks_mod.aws_security_group_rule.node",
            "module.eks_mod.data.aws_caller_identity.current",
            "module.eks_mod.data.aws_iam_policy_document.assume_role_policy",
            "module.eks_mod.data.aws_iam_policy_document.cni_ipv6_policy",
            "module.eks_mod.data.aws_iam_policy_document.node_assume_role_policy",
            "module.eks_mod.data.aws_iam_session_context.current",
            "module.eks_mod.data.aws_partition.current",
            "module.eks_mod.module.kms.aws_kms_external_key.this",
            "module.eks_mod.module.kms.aws_kms_key.this",
            "module.eks_mod.module.kms.aws_kms_replica_external_key.this",
            "module.eks_mod.module.kms.aws_kms_replica_key.this",
            "module.eks_mod.module.kms.data.aws_caller_identity.current",
            "module.eks_mod.module.kms.data.aws_iam_policy_document.this",
            "module.eks_mod.module.kms.data.aws_partition.current",
            "module.vpc_mod.aws_subnet.private",
            "module.vpc_mod.aws_vpc.this",
            "module.vpc_mod.aws_vpc_ipv4_cidr_block_association.this"
          ]
        }
      ]
    },
    {
      "module": "module.eks_mod",
      "mode": "managed",
      "type": "aws_eks_access_entry",
      "name": "this",
      "provider": "provider[\"registry.terraform.io/hashicorp/aws\"]",
      "instances": [
        {
          "index_key": "cluster_creator",
          "schema_version": 0,
          "attributes": {
            "access_entry_arn": "arn:aws:eks:ap-northeast-2:739961805636:access-entry/eks-mod/user/739961805636/admin-user/fcce4e60-f80c-f97c-ef7c-fc72f9ddbcf6",
            "cluster_name": "eks-mod",
            "created_at": "2026-02-27T01:41:21Z",
            "id": "eks-mod:arn:aws:iam::739961805636:user/admin-user",
            "kubernetes_groups": [],
            "modified_at": "2026-02-27T01:41:21Z",
            "principal_arn": "arn:aws:iam::739961805636:user/admin-user",
            "tags": {
              "project": "eks-mod"
            },
            "tags_all": {
              "project": "eks-mod"
            },
            "timeouts": null,
            "type": "STANDARD",
            "user_name": "arn:aws:iam::739961805636:user/admin-user"
          },
          "sensitive_attributes": [],
          "identity_schema_version": 0,
          "private": "eyJlMmJmYjczMC1lY2FhLTExZTYtOGY4OC0zNDM2M2JjN2M0YzAiOnsiY3JlYXRlIjo2MDAwMDAwMDAwMDAsImRlbGV0ZSI6NjAwMDAwMDAwMDAwfX0=",
          "dependencies": [
            "module.eks_mod.aws_cloudwatch_log_group.this",
            "module.eks_mod.aws_eks_cluster.this",
            "module.eks_mod.aws_iam_policy.cni_ipv6_policy",
            "module.eks_mod.aws_iam_role.eks_auto",
            "module.eks_mod.aws_iam_role.this",
            "module.eks_mod.aws_iam_role_policy_attachment.this",
            "module.eks_mod.aws_security_group.cluster",
            "module.eks_mod.aws_security_group.node",
            "module.eks_mod.aws_security_group_rule.cluster",
            "module.eks_mod.aws_security_group_rule.node",
            "module.eks_mod.data.aws_caller_identity.current",
            "module.eks_mod.data.aws_iam_policy_document.assume_role_policy",
            "module.eks_mod.data.aws_iam_policy_document.cni_ipv6_policy",
            "module.eks_mod.data.aws_iam_policy_document.node_assume_role_policy",
            "module.eks_mod.data.aws_iam_session_context.current",
            "module.eks_mod.data.aws_partition.current",
            "module.eks_mod.module.kms.aws_kms_external_key.this",
            "module.eks_mod.module.kms.aws_kms_key.this",
            "module.eks_mod.module.kms.aws_kms_replica_external_key.this",
            "module.eks_mod.module.kms.aws_kms_replica_key.this",
            "module.eks_mod.module.kms.data.aws_caller_identity.current",
            "module.eks_mod.module.kms.data.aws_iam_policy_document.this",
            "module.eks_mod.module.kms.data.aws_partition.current",
            "module.vpc_mod.aws_subnet.private",
            "module.vpc_mod.aws_vpc.this",
            "module.vpc_mod.aws_vpc_ipv4_cidr_block_association.this"
          ]
        }
      ]
    },
    {
      "module": "module.eks_mod",
      "mode": "managed",
      "type": "aws_eks_access_policy_association",
      "name": "this",
      "provider": "provider[\"registry.terraform.io/hashicorp/aws\"]",
      "instances": [
        {
          "index_key": "cluster_creator_admin",
          "schema_version": 0,
          "attributes": {
            "access_scope": [
              {
                "namespaces": [],
                "type": "cluster"
              }
            ],
            "associated_at": "2026-02-27 01:41:22.507 +0000 UTC",
            "cluster_name": "eks-mod",
            "id": "eks-mod#arn:aws:iam::739961805636:user/admin-user#arn:aws:eks::aws:cluster-access-policy/AmazonEKSClusterAdminPolicy",
            "modified_at": "2026-02-27 01:41:22.507 +0000 UTC",
            "policy_arn": "arn:aws:eks::aws:cluster-access-policy/AmazonEKSClusterAdminPolicy",
            "principal_arn": "arn:aws:iam::739961805636:user/admin-user",
            "timeouts": null
          },
          "sensitive_attributes": [],
          "identity_schema_version": 0,
          "private": "eyJlMmJmYjczMC1lY2FhLTExZTYtOGY4OC0zNDM2M2JjN2M0YzAiOnsiY3JlYXRlIjo2MDAwMDAwMDAwMDAsImRlbGV0ZSI6NjAwMDAwMDAwMDAwfX0=",
          "dependencies": [
            "module.eks_mod.aws_cloudwatch_log_group.this",
            "module.eks_mod.aws_eks_access_entry.this",
            "module.eks_mod.aws_eks_cluster.this",
            "module.eks_mod.aws_iam_policy.cni_ipv6_policy",
            "module.eks_mod.aws_iam_role.eks_auto",
            "module.eks_mod.aws_iam_role.this",
            "module.eks_mod.aws_iam_role_policy_attachment.this",
            "module.eks_mod.aws_security_group.cluster",
            "module.eks_mod.aws_security_group.node",
            "module.eks_mod.aws_security_group_rule.cluster",
            "module.eks_mod.aws_security_group_rule.node",
            "module.eks_mod.data.aws_caller_identity.current",
            "module.eks_mod.data.aws_iam_policy_document.assume_role_policy",
            "module.eks_mod.data.aws_iam_policy_document.cni_ipv6_policy",
            "module.eks_mod.data.aws_iam_policy_document.node_assume_role_policy",
            "module.eks_mod.data.aws_iam_session_context.current",
            "module.eks_mod.data.aws_partition.current",
            "module.eks_mod.module.kms.aws_kms_external_key.this",
            "module.eks_mod.module.kms.aws_kms_key.this",
            "module.eks_mod.module.kms.aws_kms_replica_external_key.this",
            "module.eks_mod.module.kms.aws_kms_replica_key.this",
            "module.eks_mod.module.kms.data.aws_caller_identity.current",
            "module.eks_mod.module.kms.data.aws_iam_policy_document.this",
            "module.eks_mod.module.kms.data.aws_partition.current",
            "module.vpc_mod.aws_subnet.private",
            "module.vpc_mod.aws_vpc.this",
            "module.vpc_mod.aws_vpc_ipv4_cidr_block_association.this"
          ]
        }
      ]
    },
    {
      "module": "module.eks_mod",
      "mode": "managed",
      "type": "aws_eks_addon",
      "name": "this",
      "provider": "provider[\"registry.terraform.io/hashicorp/aws\"]",
      "instances": [
        {
          "index_key": "aws-ebs-csi-driver",
          "schema_version": 0,
          "attributes": {
            "addon_name": "aws-ebs-csi-driver",
            "addon_version": "v1.56.0-eksbuild.1",
            "arn": "arn:aws:eks:ap-northeast-2:739961805636:addon/eks-mod/aws-ebs-csi-driver/8ace4e62-132f-9eda-b8d1-b42b77efc218",
            "cluster_name": "eks-mod",
            "configuration_values": "",
            "created_at": "2026-02-27T01:43:46Z",
            "id": "eks-mod:aws-ebs-csi-driver",
            "modified_at": "2026-02-27T01:44:23Z",
            "pod_identity_association": [],
            "preserve": true,
            "resolve_conflicts": null,
            "resolve_conflicts_on_create": "OVERWRITE",
            "resolve_conflicts_on_update": "OVERWRITE",
            "service_account_role_arn": "arn:aws:iam::739961805636:role/eks-mod-ebs-csi",
            "tags": {
              "project": "eks-mod"
            },
            "tags_all": {
              "project": "eks-mod"
            },
            "timeouts": {
              "create": null,
              "delete": null,
              "update": null
            }
          },
          "sensitive_attributes": [],
          "identity_schema_version": 0,
          "private": "eyJlMmJmYjczMC1lY2FhLTExZTYtOGY4OC0zNDM2M2JjN2M0YzAiOnsiY3JlYXRlIjoxMjAwMDAwMDAwMDAwLCJkZWxldGUiOjI0MDAwMDAwMDAwMDAsInVwZGF0ZSI6MTIwMDAwMDAwMDAwMH19",
          "dependencies": [
            "module.ebs_csi_irsa_role.aws_iam_role.this",
            "module.ebs_csi_irsa_role.data.aws_caller_identity.current",
            "module.ebs_csi_irsa_role.data.aws_iam_policy_document.this",
            "module.ebs_csi_irsa_role.data.aws_partition.current",
            "module.eks_mod.aws_cloudwatch_log_group.this",
            "module.eks_mod.aws_eks_cluster.this",
            "module.eks_mod.aws_iam_openid_connect_provider.oidc_provider",
            "module.eks_mod.aws_iam_policy.cni_ipv6_policy",
            "module.eks_mod.aws_iam_role.eks_auto",
            "module.eks_mod.aws_iam_role.this",
            "module.eks_mod.aws_iam_role_policy_attachment.this",
            "module.eks_mod.aws_security_group.cluster",
            "module.eks_mod.aws_security_group.node",
            "module.eks_mod.aws_security_group_rule.cluster",
            "module.eks_mod.aws_security_group_rule.node",
            "module.eks_mod.data.aws_caller_identity.current",
            "module.eks_mod.data.aws_eks_addon_version.this",
            "module.eks_mod.data.aws_iam_policy_document.assume_role_policy",
            "module.eks_mod.data.aws_iam_policy_document.cni_ipv6_policy",
            "module.eks_mod.data.aws_iam_policy_document.node_assume_role_policy",
            "module.eks_mod.data.aws_iam_session_context.current",
            "module.eks_mod.data.aws_partition.current",
            "module.eks_mod.data.tls_certificate.this",
            "module.eks_mod.module.eks_managed_node_group.aws_autoscaling_schedule.this",
            "module.eks_mod.module.eks_managed_node_group.aws_eks_node_group.this",
            "module.eks_mod.module.eks_managed_node_group.aws_iam_role.this",
            "module.eks_mod.module.eks_managed_node_group.aws_iam_role_policy.this",
            "module.eks_mod.module.eks_managed_node_group.aws_iam_role_policy_attachment.additional",
            "module.eks_mod.module.eks_managed_node_group.aws_iam_role_policy_attachment.this",
            "module.eks_mod.module.eks_managed_node_group.aws_launch_template.this",
            "module.eks_mod.module.eks_managed_node_group.aws_placement_group.this",
            "module.eks_mod.module.eks_managed_node_group.data.aws_caller_identity.current",
            "module.eks_mod.module.eks_managed_node_group.data.aws_ec2_instance_type.this",
            "module.eks_mod.module.eks_managed_node_group.data.aws_ec2_instance_type_offerings.this",
            "module.eks_mod.module.eks_managed_node_group.data.aws_iam_policy_document.assume_role_policy",
            "module.eks_mod.module.eks_managed_node_group.data.aws_iam_policy_document.role",
            "module.eks_mod.module.eks_managed_node_group.data.aws_partition.current",
            "module.eks_mod.module.eks_managed_node_group.data.aws_ssm_parameter.ami",
            "module.eks_mod.module.eks_managed_node_group.data.aws_subnets.placement_group",
            "module.eks_mod.module.eks_managed_node_group.module.user_data.data.cloudinit_config.al2023_eks_managed_node_group",
            "module.eks_mod.module.eks_managed_node_group.module.user_data.data.cloudinit_config.linux_eks_managed_node_group",
            "module.eks_mod.module.eks_managed_node_group.module.user_data.null_resource.validate_cluster_service_cidr",
            "module.eks_mod.module.fargate_profile.aws_eks_fargate_profile.this",
            "module.eks_mod.module.fargate_profile.aws_iam_role.this",
            "module.eks_mod.module.fargate_profile.aws_iam_role_policy.this",
            "module.eks_mod.module.fargate_profile.aws_iam_role_policy_attachment.additional",
            "module.eks_mod.module.fargate_profile.aws_iam_role_policy_attachment.this",
            "module.eks_mod.module.fargate_profile.data.aws_caller_identity.current",
            "module.eks_mod.module.fargate_profile.data.aws_iam_policy_document.assume_role_policy",
            "module.eks_mod.module.fargate_profile.data.aws_iam_policy_document.role",
            "module.eks_mod.module.fargate_profile.data.aws_partition.current",
            "module.eks_mod.module.fargate_profile.data.aws_region.current",
            "module.eks_mod.module.kms.aws_kms_external_key.this",
            "module.eks_mod.module.kms.aws_kms_key.this",
            "module.eks_mod.module.kms.aws_kms_replica_external_key.this",
            "module.eks_mod.module.kms.aws_kms_replica_key.this",
            "module.eks_mod.module.kms.data.aws_caller_identity.current",
            "module.eks_mod.module.kms.data.aws_iam_policy_document.this",
            "module.eks_mod.module.kms.data.aws_partition.current",
            "module.eks_mod.module.self_managed_node_group.aws_autoscaling_group.this",
            "module.eks_mod.module.self_managed_node_group.aws_autoscaling_schedule.this",
            "module.eks_mod.module.self_managed_node_group.aws_eks_access_entry.this",
            "module.eks_mod.module.self_managed_node_group.aws_iam_instance_profile.this",
            "module.eks_mod.module.self_managed_node_group.aws_iam_role.this",
            "module.eks_mod.module.self_managed_node_group.aws_iam_role_policy.this",
            "module.eks_mod.module.self_managed_node_group.aws_iam_role_policy_attachment.additional",
            "module.eks_mod.module.self_managed_node_group.aws_iam_role_policy_attachment.this",
            "module.eks_mod.module.self_managed_node_group.aws_launch_template.this",
            "module.eks_mod.module.self_managed_node_group.aws_placement_group.this",
            "module.eks_mod.module.self_managed_node_group.data.aws_caller_identity.current",
            "module.eks_mod.module.self_managed_node_group.data.aws_ec2_instance_type.this",
            "module.eks_mod.module.self_managed_node_group.data.aws_ec2_instance_type_offerings.this",
            "module.eks_mod.module.self_managed_node_group.data.aws_iam_policy_document.assume_role_policy",
            "module.eks_mod.module.self_managed_node_group.data.aws_iam_policy_document.role",
            "module.eks_mod.module.self_managed_node_group.data.aws_partition.current",
            "module.eks_mod.module.self_managed_node_group.data.aws_ssm_parameter.ami",
            "module.eks_mod.module.self_managed_node_group.data.aws_subnets.placement_group",
            "module.eks_mod.module.self_managed_node_group.module.user_data.data.cloudinit_config.al2023_eks_managed_node_group",
            "module.eks_mod.module.self_managed_node_group.module.user_data.data.cloudinit_config.linux_eks_managed_node_group",
            "module.eks_mod.module.self_managed_node_group.module.user_data.null_resource.validate_cluster_service_cidr",
            "module.eks_mod.time_sleep.this",
            "module.vpc_mod.aws_subnet.private",
            "module.vpc_mod.aws_vpc.this",
            "module.vpc_mod.aws_vpc_ipv4_cidr_block_association.this"
          ]
        },
        {
          "index_key": "coredns",
          "schema_version": 0,
          "attributes": {
            "addon_name": "coredns",
            "addon_version": "v1.11.1-eksbuild.4",
            "arn": "arn:aws:eks:ap-northeast-2:739961805636:addon/eks-mod/coredns/30ce4e62-132b-cff9-4c7f-6203e29d075f",
            "cluster_name": "eks-mod",
            "configuration_values": "",
            "created_at": "2026-02-27T01:43:46Z",
            "id": "eks-mod:coredns",
            "modified_at": "2026-02-27T01:43:58Z",
            "pod_identity_association": [],
            "preserve": true,
            "resolve_conflicts": null,
            "resolve_conflicts_on_create": "OVERWRITE",
            "resolve_conflicts_on_update": "OVERWRITE",
            "service_account_role_arn": "",
            "tags": {
              "project": "eks-mod"
            },
            "tags_all": {
              "project": "eks-mod"
            },
            "timeouts": {
              "create": null,
              "delete": null,
              "update": null
            }
          },
          "sensitive_attributes": [],
          "identity_schema_version": 0,
          "private": "eyJlMmJmYjczMC1lY2FhLTExZTYtOGY4OC0zNDM2M2JjN2M0YzAiOnsiY3JlYXRlIjoxMjAwMDAwMDAwMDAwLCJkZWxldGUiOjI0MDAwMDAwMDAwMDAsInVwZGF0ZSI6MTIwMDAwMDAwMDAwMH19",
          "dependencies": [
            "module.ebs_csi_irsa_role.aws_iam_role.this",
            "module.ebs_csi_irsa_role.data.aws_caller_identity.current",
            "module.ebs_csi_irsa_role.data.aws_iam_policy_document.this",
            "module.ebs_csi_irsa_role.data.aws_partition.current",
            "module.eks_mod.aws_cloudwatch_log_group.this",
            "module.eks_mod.aws_eks_cluster.this",
            "module.eks_mod.aws_iam_openid_connect_provider.oidc_provider",
            "module.eks_mod.aws_iam_policy.cni_ipv6_policy",
            "module.eks_mod.aws_iam_role.eks_auto",
            "module.eks_mod.aws_iam_role.this",
            "module.eks_mod.aws_iam_role_policy_attachment.this",
            "module.eks_mod.aws_security_group.cluster",
            "module.eks_mod.aws_security_group.node",
            "module.eks_mod.aws_security_group_rule.cluster",
            "module.eks_mod.aws_security_group_rule.node",
            "module.eks_mod.data.aws_caller_identity.current",
            "module.eks_mod.data.aws_eks_addon_version.this",
            "module.eks_mod.data.aws_iam_policy_document.assume_role_policy",
            "module.eks_mod.data.aws_iam_policy_document.cni_ipv6_policy",
            "module.eks_mod.data.aws_iam_policy_document.node_assume_role_policy",
            "module.eks_mod.data.aws_iam_session_context.current",
            "module.eks_mod.data.aws_partition.current",
            "module.eks_mod.data.tls_certificate.this",
            "module.eks_mod.module.eks_managed_node_group.aws_autoscaling_schedule.this",
            "module.eks_mod.module.eks_managed_node_group.aws_eks_node_group.this",
            "module.eks_mod.module.eks_managed_node_group.aws_iam_role.this",
            "module.eks_mod.module.eks_managed_node_group.aws_iam_role_policy.this",
            "module.eks_mod.module.eks_managed_node_group.aws_iam_role_policy_attachment.additional",
            "module.eks_mod.module.eks_managed_node_group.aws_iam_role_policy_attachment.this",
            "module.eks_mod.module.eks_managed_node_group.aws_launch_template.this",
            "module.eks_mod.module.eks_managed_node_group.aws_placement_group.this",
            "module.eks_mod.module.eks_managed_node_group.data.aws_caller_identity.current",
            "module.eks_mod.module.eks_managed_node_group.data.aws_ec2_instance_type.this",
            "module.eks_mod.module.eks_managed_node_group.data.aws_ec2_instance_type_offerings.this",
            "module.eks_mod.module.eks_managed_node_group.data.aws_iam_policy_document.assume_role_policy",
            "module.eks_mod.module.eks_managed_node_group.data.aws_iam_policy_document.role",
            "module.eks_mod.module.eks_managed_node_group.data.aws_partition.current",
            "module.eks_mod.module.eks_managed_node_group.data.aws_ssm_parameter.ami",
            "module.eks_mod.module.eks_managed_node_group.data.aws_subnets.placement_group",
            "module.eks_mod.module.eks_managed_node_group.module.user_data.data.cloudinit_config.al2023_eks_managed_node_group",
            "module.eks_mod.module.eks_managed_node_group.module.user_data.data.cloudinit_config.linux_eks_managed_node_group",
            "module.eks_mod.module.eks_managed_node_group.module.user_data.null_resource.validate_cluster_service_cidr",
            "module.eks_mod.module.fargate_profile.aws_eks_fargate_profile.this",
            "module.eks_mod.module.fargate_profile.aws_iam_role.this",
            "module.eks_mod.module.fargate_profile.aws_iam_role_policy.this",
            "module.eks_mod.module.fargate_profile.aws_iam_role_policy_attachment.additional",
            "module.eks_mod.module.fargate_profile.aws_iam_role_policy_attachment.this",
            "module.eks_mod.module.fargate_profile.data.aws_caller_identity.current",
            "module.eks_mod.module.fargate_profile.data.aws_iam_policy_document.assume_role_policy",
            "module.eks_mod.module.fargate_profile.data.aws_iam_policy_document.role",
            "module.eks_mod.module.fargate_profile.data.aws_partition.current",
            "module.eks_mod.module.fargate_profile.data.aws_region.current",
            "module.eks_mod.module.kms.aws_kms_external_key.this",
            "module.eks_mod.module.kms.aws_kms_key.this",
            "module.eks_mod.module.kms.aws_kms_replica_external_key.this",
            "module.eks_mod.module.kms.aws_kms_replica_key.this",
            "module.eks_mod.module.kms.data.aws_caller_identity.current",
            "module.eks_mod.module.kms.data.aws_iam_policy_document.this",
            "module.eks_mod.module.kms.data.aws_partition.current",
            "module.eks_mod.module.self_managed_node_group.aws_autoscaling_group.this",
            "module.eks_mod.module.self_managed_node_group.aws_autoscaling_schedule.this",
            "module.eks_mod.module.self_managed_node_group.aws_eks_access_entry.this",
            "module.eks_mod.module.self_managed_node_group.aws_iam_instance_profile.this",
            "module.eks_mod.module.self_managed_node_group.aws_iam_role.this",
            "module.eks_mod.module.self_managed_node_group.aws_iam_role_policy.this",
            "module.eks_mod.module.self_managed_node_group.aws_iam_role_policy_attachment.additional",
            "module.eks_mod.module.self_managed_node_group.aws_iam_role_policy_attachment.this",
            "module.eks_mod.module.self_managed_node_group.aws_launch_template.this",
            "module.eks_mod.module.self_managed_node_group.aws_placement_group.this",
            "module.eks_mod.module.self_managed_node_group.data.aws_caller_identity.current",
            "module.eks_mod.module.self_managed_node_group.data.aws_ec2_instance_type.this",
            "module.eks_mod.module.self_managed_node_group.data.aws_ec2_instance_type_offerings.this",
            "module.eks_mod.module.self_managed_node_group.data.aws_iam_policy_document.assume_role_policy",
            "module.eks_mod.module.self_managed_node_group.data.aws_iam_policy_document.role",
            "module.eks_mod.module.self_managed_node_group.data.aws_partition.current",
            "module.eks_mod.module.self_managed_node_group.data.aws_ssm_parameter.ami",
            "module.eks_mod.module.self_managed_node_group.data.aws_subnets.placement_group",
            "module.eks_mod.module.self_managed_node_group.module.user_data.data.cloudinit_config.al2023_eks_managed_node_group",
            "module.eks_mod.module.self_managed_node_group.module.user_data.data.cloudinit_config.linux_eks_managed_node_group",
            "module.eks_mod.module.self_managed_node_group.module.user_data.null_resource.validate_cluster_service_cidr",
            "module.eks_mod.time_sleep.this",
            "module.vpc_mod.aws_subnet.private",
            "module.vpc_mod.aws_vpc.this",
            "module.vpc_mod.aws_vpc_ipv4_cidr_block_association.this"
          ]
        },
        {
          "index_key": "kube-proxy",
          "schema_version": 0,
          "attributes": {
            "addon_name": "kube-proxy",
            "addon_version": "v1.29.15-eksbuild.16",
            "arn": "arn:aws:eks:ap-northeast-2:739961805636:addon/eks-mod/kube-proxy/28ce4e62-1329-eabe-d3c5-8cefb167dd0d",
            "cluster_name": "eks-mod",
            "configuration_values": "",
            "created_at": "2026-02-27T01:43:46Z",
            "id": "eks-mod:kube-proxy",
            "modified_at": "2026-02-27T01:43:52Z",
            "pod_identity_association": [],
            "preserve": true,
            "resolve_conflicts": null,
            "resolve_conflicts_on_create": "OVERWRITE",
            "resolve_conflicts_on_update": "OVERWRITE",
            "service_account_role_arn": "",
            "tags": {
              "project": "eks-mod"
            },
            "tags_all": {
              "project": "eks-mod"
            },
            "timeouts": {
              "create": null,
              "delete": null,
              "update": null
            }
          },
          "sensitive_attributes": [],
          "identity_schema_version": 0,
          "private": "eyJlMmJmYjczMC1lY2FhLTExZTYtOGY4OC0zNDM2M2JjN2M0YzAiOnsiY3JlYXRlIjoxMjAwMDAwMDAwMDAwLCJkZWxldGUiOjI0MDAwMDAwMDAwMDAsInVwZGF0ZSI6MTIwMDAwMDAwMDAwMH19",
          "dependencies": [
            "module.ebs_csi_irsa_role.aws_iam_role.this",
            "module.ebs_csi_irsa_role.data.aws_caller_identity.current",
            "module.ebs_csi_irsa_role.data.aws_iam_policy_document.this",
            "module.ebs_csi_irsa_role.data.aws_partition.current",
            "module.eks_mod.aws_cloudwatch_log_group.this",
            "module.eks_mod.aws_eks_cluster.this",
            "module.eks_mod.aws_iam_openid_connect_provider.oidc_provider",
            "module.eks_mod.aws_iam_policy.cni_ipv6_policy",
            "module.eks_mod.aws_iam_role.eks_auto",
            "module.eks_mod.aws_iam_role.this",
            "module.eks_mod.aws_iam_role_policy_attachment.this",
            "module.eks_mod.aws_security_group.cluster",
            "module.eks_mod.aws_security_group.node",
            "module.eks_mod.aws_security_group_rule.cluster",
            "module.eks_mod.aws_security_group_rule.node",
            "module.eks_mod.data.aws_caller_identity.current",
            "module.eks_mod.data.aws_eks_addon_version.this",
            "module.eks_mod.data.aws_iam_policy_document.assume_role_policy",
            "module.eks_mod.data.aws_iam_policy_document.cni_ipv6_policy",
            "module.eks_mod.data.aws_iam_policy_document.node_assume_role_policy",
            "module.eks_mod.data.aws_iam_session_context.current",
            "module.eks_mod.data.aws_partition.current",
            "module.eks_mod.data.tls_certificate.this",
            "module.eks_mod.module.eks_managed_node_group.aws_autoscaling_schedule.this",
            "module.eks_mod.module.eks_managed_node_group.aws_eks_node_group.this",
            "module.eks_mod.module.eks_managed_node_group.aws_iam_role.this",
            "module.eks_mod.module.eks_managed_node_group.aws_iam_role_policy.this",
            "module.eks_mod.module.eks_managed_node_group.aws_iam_role_policy_attachment.additional",
            "module.eks_mod.module.eks_managed_node_group.aws_iam_role_policy_attachment.this",
            "module.eks_mod.module.eks_managed_node_group.aws_launch_template.this",
            "module.eks_mod.module.eks_managed_node_group.aws_placement_group.this",
            "module.eks_mod.module.eks_managed_node_group.data.aws_caller_identity.current",
            "module.eks_mod.module.eks_managed_node_group.data.aws_ec2_instance_type.this",
            "module.eks_mod.module.eks_managed_node_group.data.aws_ec2_instance_type_offerings.this",
            "module.eks_mod.module.eks_managed_node_group.data.aws_iam_policy_document.assume_role_policy",
            "module.eks_mod.module.eks_managed_node_group.data.aws_iam_policy_document.role",
            "module.eks_mod.module.eks_managed_node_group.data.aws_partition.current",
            "module.eks_mod.module.eks_managed_node_group.data.aws_ssm_parameter.ami",
            "module.eks_mod.module.eks_managed_node_group.data.aws_subnets.placement_group",
            "module.eks_mod.module.eks_managed_node_group.module.user_data.data.cloudinit_config.al2023_eks_managed_node_group",
            "module.eks_mod.module.eks_managed_node_group.module.user_data.data.cloudinit_config.linux_eks_managed_node_group",
            "module.eks_mod.module.eks_managed_node_group.module.user_data.null_resource.validate_cluster_service_cidr",
            "module.eks_mod.module.fargate_profile.aws_eks_fargate_profile.this",
            "module.eks_mod.module.fargate_profile.aws_iam_role.this",
            "module.eks_mod.module.fargate_profile.aws_iam_role_policy.this",
            "module.eks_mod.module.fargate_profile.aws_iam_role_policy_attachment.additional",
            "module.eks_mod.module.fargate_profile.aws_iam_role_policy_attachment.this",
            "module.eks_mod.module.fargate_profile.data.aws_caller_identity.current",
            "module.eks_mod.module.fargate_profile.data.aws_iam_policy_document.assume_role_policy",
            "module.eks_mod.module.fargate_profile.data.aws_iam_policy_document.role",
            "module.eks_mod.module.fargate_profile.data.aws_partition.current",
            "module.eks_mod.module.fargate_profile.data.aws_region.current",
            "module.eks_mod.module.kms.aws_kms_external_key.this",
            "module.eks_mod.module.kms.aws_kms_key.this",
            "module.eks_mod.module.kms.aws_kms_replica_external_key.this",
            "module.eks_mod.module.kms.aws_kms_replica_key.this",
            "module.eks_mod.module.kms.data.aws_caller_identity.current",
            "module.eks_mod.module.kms.data.aws_iam_policy_document.this",
            "module.eks_mod.module.kms.data.aws_partition.current",
            "module.eks_mod.module.self_managed_node_group.aws_autoscaling_group.this",
            "module.eks_mod.module.self_managed_node_group.aws_autoscaling_schedule.this",
            "module.eks_mod.module.self_managed_node_group.aws_eks_access_entry.this",
            "module.eks_mod.module.self_managed_node_group.aws_iam_instance_profile.this",
            "module.eks_mod.module.self_managed_node_group.aws_iam_role.this",
            "module.eks_mod.module.self_managed_node_group.aws_iam_role_policy.this",
            "module.eks_mod.module.self_managed_node_group.aws_iam_role_policy_attachment.additional",
            "module.eks_mod.module.self_managed_node_group.aws_iam_role_policy_attachment.this",
            "module.eks_mod.module.self_managed_node_group.aws_launch_template.this",
            "module.eks_mod.module.self_managed_node_group.aws_placement_group.this",
            "module.eks_mod.module.self_managed_node_group.data.aws_caller_identity.current",
            "module.eks_mod.module.self_managed_node_group.data.aws_ec2_instance_type.this",
            "module.eks_mod.module.self_managed_node_group.data.aws_ec2_instance_type_offerings.this",
            "module.eks_mod.module.self_managed_node_group.data.aws_iam_policy_document.assume_role_policy",
            "module.eks_mod.module.self_managed_node_group.data.aws_iam_policy_document.role",
            "module.eks_mod.module.self_managed_node_group.data.aws_partition.current",
            "module.eks_mod.module.self_managed_node_group.data.aws_ssm_parameter.ami",
            "module.eks_mod.module.self_managed_node_group.data.aws_subnets.placement_group",
            "module.eks_mod.module.self_managed_node_group.module.user_data.data.cloudinit_config.al2023_eks_managed_node_group",
            "module.eks_mod.module.self_managed_node_group.module.user_data.data.cloudinit_config.linux_eks_managed_node_group",
            "module.eks_mod.module.self_managed_node_group.module.user_data.null_resource.validate_cluster_service_cidr",
            "module.eks_mod.time_sleep.this",
            "module.vpc_mod.aws_subnet.private",
            "module.vpc_mod.aws_vpc.this",
            "module.vpc_mod.aws_vpc_ipv4_cidr_block_association.this"
          ]
        },
        {
          "index_key": "vpc-cni",
          "schema_version": 0,
          "attributes": {
            "addon_name": "vpc-cni",
            "addon_version": "v1.20.4-eksbuild.2",
            "arn": "arn:aws:eks:ap-northeast-2:739961805636:addon/eks-mod/vpc-cni/30ce4e62-1341-363c-6fc7-0782b06aa845",
            "cluster_name": "eks-mod",
            "configuration_values": "",
            "created_at": "2026-02-27T01:43:46Z",
            "id": "eks-mod:vpc-cni",
            "modified_at": "2026-02-27T01:44:13Z",
            "pod_identity_association": [],
            "preserve": true,
            "resolve_conflicts": null,
            "resolve_conflicts_on_create": "OVERWRITE",
            "resolve_conflicts_on_update": "OVERWRITE",
            "service_account_role_arn": "",
            "tags": {
              "project": "eks-mod"
            },
            "tags_all": {
              "project": "eks-mod"
            },
            "timeouts": {
              "create": null,
              "delete": null,
              "update": null
            }
          },
          "sensitive_attributes": [],
          "identity_schema_version": 0,
          "private": "eyJlMmJmYjczMC1lY2FhLTExZTYtOGY4OC0zNDM2M2JjN2M0YzAiOnsiY3JlYXRlIjoxMjAwMDAwMDAwMDAwLCJkZWxldGUiOjI0MDAwMDAwMDAwMDAsInVwZGF0ZSI6MTIwMDAwMDAwMDAwMH19",
          "dependencies": [
            "module.ebs_csi_irsa_role.aws_iam_role.this",
            "module.ebs_csi_irsa_role.data.aws_caller_identity.current",
            "module.ebs_csi_irsa_role.data.aws_iam_policy_document.this",
            "module.ebs_csi_irsa_role.data.aws_partition.current",
            "module.eks_mod.aws_cloudwatch_log_group.this",
            "module.eks_mod.aws_eks_cluster.this",
            "module.eks_mod.aws_iam_openid_connect_provider.oidc_provider",
            "module.eks_mod.aws_iam_policy.cni_ipv6_policy",
            "module.eks_mod.aws_iam_role.eks_auto",
            "module.eks_mod.aws_iam_role.this",
            "module.eks_mod.aws_iam_role_policy_attachment.this",
            "module.eks_mod.aws_security_group.cluster",
            "module.eks_mod.aws_security_group.node",
            "module.eks_mod.aws_security_group_rule.cluster",
            "module.eks_mod.aws_security_group_rule.node",
            "module.eks_mod.data.aws_caller_identity.current",
            "module.eks_mod.data.aws_eks_addon_version.this",
            "module.eks_mod.data.aws_iam_policy_document.assume_role_policy",
            "module.eks_mod.data.aws_iam_policy_document.cni_ipv6_policy",
            "module.eks_mod.data.aws_iam_policy_document.node_assume_role_policy",
            "module.eks_mod.data.aws_iam_session_context.current",
            "module.eks_mod.data.aws_partition.current",
            "module.eks_mod.data.tls_certificate.this",
            "module.eks_mod.module.eks_managed_node_group.aws_autoscaling_schedule.this",
            "module.eks_mod.module.eks_managed_node_group.aws_eks_node_group.this",
            "module.eks_mod.module.eks_managed_node_group.aws_iam_role.this",
            "module.eks_mod.module.eks_managed_node_group.aws_iam_role_policy.this",
            "module.eks_mod.module.eks_managed_node_group.aws_iam_role_policy_attachment.additional",
            "module.eks_mod.module.eks_managed_node_group.aws_iam_role_policy_attachment.this",
            "module.eks_mod.module.eks_managed_node_group.aws_launch_template.this",
            "module.eks_mod.module.eks_managed_node_group.aws_placement_group.this",
            "module.eks_mod.module.eks_managed_node_group.data.aws_caller_identity.current",
            "module.eks_mod.module.eks_managed_node_group.data.aws_ec2_instance_type.this",
            "module.eks_mod.module.eks_managed_node_group.data.aws_ec2_instance_type_offerings.this",
            "module.eks_mod.module.eks_managed_node_group.data.aws_iam_policy_document.assume_role_policy",
            "module.eks_mod.module.eks_managed_node_group.data.aws_iam_policy_document.role",
            "module.eks_mod.module.eks_managed_node_group.data.aws_partition.current",
            "module.eks_mod.module.eks_managed_node_group.data.aws_ssm_parameter.ami",
            "module.eks_mod.module.eks_managed_node_group.data.aws_subnets.placement_group",
            "module.eks_mod.module.eks_managed_node_group.module.user_data.data.cloudinit_config.al2023_eks_managed_node_group",
            "module.eks_mod.module.eks_managed_node_group.module.user_data.data.cloudinit_config.linux_eks_managed_node_group",
            "module.eks_mod.module.eks_managed_node_group.module.user_data.null_resource.validate_cluster_service_cidr",
            "module.eks_mod.module.fargate_profile.aws_eks_fargate_profile.this",
            "module.eks_mod.module.fargate_profile.aws_iam_role.this",
            "module.eks_mod.module.fargate_profile.aws_iam_role_policy.this",
            "module.eks_mod.module.fargate_profile.aws_iam_role_policy_attachment.additional",
            "module.eks_mod.module.fargate_profile.aws_iam_role_policy_attachment.this",
            "module.eks_mod.module.fargate_profile.data.aws_caller_identity.current",
            "module.eks_mod.module.fargate_profile.data.aws_iam_policy_document.assume_role_policy",
            "module.eks_mod.module.fargate_profile.data.aws_iam_policy_document.role",
            "module.eks_mod.module.fargate_profile.data.aws_partition.current",
            "module.eks_mod.module.fargate_profile.data.aws_region.current",
            "module.eks_mod.module.kms.aws_kms_external_key.this",
            "module.eks_mod.module.kms.aws_kms_key.this",
            "module.eks_mod.module.kms.aws_kms_replica_external_key.this",
            "module.eks_mod.module.kms.aws_kms_replica_key.this",
            "module.eks_mod.module.kms.data.aws_caller_identity.current",
            "module.eks_mod.module.kms.data.aws_iam_policy_document.this",
            "module.eks_mod.module.kms.data.aws_partition.current",
            "module.eks_mod.module.self_managed_node_group.aws_autoscaling_group.this",
            "module.eks_mod.module.self_managed_node_group.aws_autoscaling_schedule.this",
            "module.eks_mod.module.self_managed_node_group.aws_eks_access_entry.this",
            "module.eks_mod.module.self_managed_node_group.aws_iam_instance_profile.this",
            "module.eks_mod.module.self_managed_node_group.aws_iam_role.this",
            "module.eks_mod.module.self_managed_node_group.aws_iam_role_policy.this",
            "module.eks_mod.module.self_managed_node_group.aws_iam_role_policy_attachment.additional",
            "module.eks_mod.module.self_managed_node_group.aws_iam_role_policy_attachment.this",
            "module.eks_mod.module.self_managed_node_group.aws_launch_template.this",
            "module.eks_mod.module.self_managed_node_group.aws_placement_group.this",
            "module.eks_mod.module.self_managed_node_group.data.aws_caller_identity.current",
            "module.eks_mod.module.self_managed_node_group.data.aws_ec2_instance_type.this",
            "module.eks_mod.module.self_managed_node_group.data.aws_ec2_instance_type_offerings.this",
            "module.eks_mod.module.self_managed_node_group.data.aws_iam_policy_document.assume_role_policy",
            "module.eks_mod.module.self_managed_node_group.data.aws_iam_policy_document.role",
            "module.eks_mod.module.self_managed_node_group.data.aws_partition.current",
            "module.eks_mod.module.self_managed_node_group.data.aws_ssm_parameter.ami",
            "module.eks_mod.module.self_managed_node_group.data.aws_subnets.placement_group",
            "module.eks_mod.module.self_managed_node_group.module.user_data.data.cloudinit_config.al2023_eks_managed_node_group",
            "module.eks_mod.module.self_managed_node_group.module.user_data.data.cloudinit_config.linux_eks_managed_node_group",
            "module.eks_mod.module.self_managed_node_group.module.user_data.null_resource.validate_cluster_service_cidr",
            "module.eks_mod.time_sleep.this",
            "module.vpc_mod.aws_subnet.private",
            "module.vpc_mod.aws_vpc.this",
            "module.vpc_mod.aws_vpc_ipv4_cidr_block_association.this"
          ]
        }
      ]
    },
    {
      "module": "module.eks_mod",
      "mode": "managed",
      "type": "aws_eks_cluster",
      "name": "this",
      "provider": "provider[\"registry.terraform.io/hashicorp/aws\"]",
      "instances": [
        {
          "index_key": 0,
          "schema_version": 1,
          "attributes": {
            "access_config": [
              {
                "authentication_mode": "API_AND_CONFIG_MAP",
                "bootstrap_cluster_creator_admin_permissions": false
              }
            ],
            "arn": "arn:aws:eks:ap-northeast-2:739961805636:cluster/eks-mod",
            "bootstrap_self_managed_addons": true,
            "certificate_authority": [
              {
                "data": "LS0tLS1CRUdJTiBDRVJUSUZJQ0FURS0tLS0tCk1JSURCVENDQWUyZ0F3SUJBZ0lJU0k4cjJ4QXhpaUl3RFFZSktvWklodmNOQVFFTEJRQXdGVEVUTUJFR0ExVUUKQXhNS2EzVmlaWEp1WlhSbGN6QWVGdzB5TmpBeU1qY3dNVE15TXpWYUZ3MHpOakF5TWpVd01UTTNNelZhTUJVeApFekFSQmdOVkJBTVRDbXQxWW1WeWJtVjBaWE13Z2dFaU1BMEdDU3FHU0liM0RRRUJBUVVBQTRJQkR3QXdnZ0VLCkFvSUJBUUM0WTlPMSs3d3NNelhGM2lnenNiYUVMVFI5TGNETkhsUWN1eTJ5d25XU0F5ZDNVckl0RThpQUNSU2oKR2tkL3JVM2xWdHBtR2pMbm9xcXdTNUxXcHQzUE1oNlpXUDZWNG1iOTVmVkxjRWZ0akZ0T2swejdjVGRveTJ5OApkOXZoVTBRZS9xbDhNZGxmWWZJYzJ4bkdGeERRSzRMclltWkNYZkVTMDN4NWxhcG0zR3F5ejNucmhCYjV6RUw0CmxKSm1QZFpld1BTS1A2YWpSU3lkQzJrbEhJV2U0TjFBZmJEUkEzbTVUSHN4VENBalg2VHlvYTdYV0RyOTc2V0sKS1hTdTR4N2M4UlJxRFl4bHltMEhjM1VaaHRRdXNSaXQxUmROaGUrT2VUa3F2MGsrNjhiRlVuWHJCOW1ZRDZtTwpkbE5oc2d4RktKUlpOLzU2eDFValM4Zzkzc2JYQWdNQkFBR2pXVEJYTUE0R0ExVWREd0VCL3dRRUF3SUNwREFQCkJnTlZIUk1CQWY4RUJUQURBUUgvTUIwR0ExVWREZ1FXQkJRVnFQTkZWc3ZDMVdPOHNMQm1yd1NNMXhPYWVEQVYKQmdOVkhSRUVEakFNZ2dwcmRXSmxjbTVsZEdWek1BMEdDU3FHU0liM0RRRUJDd1VBQTRJQkFRQmgzZC9wRXl5QQo0L3dkQmRMM0dlTEhpN2hEOE5sVjFveFg3RklHbzd4UTdKR2NUajd6amowVmhnaXFnQjlWNlprOGpRb0VRbnpVCmhYUG4vRm0yM1h1Nm5zVkRJYTFQRERSNVd2Y2tYeFA0Z291T1AxUkU1ZDNvaXRibmJlTlUzQ3hTam9xeEpWeE0KRXh3VmZVUklwWkxSbTZVc2lueXY2blIzbnFNekJickxuL3lreGdpQS9rbVBCY2QxcVNUNWdQVjdncElkVktDTgp6VGtmZG1TcHJEMWxxVmR4TXpPTE9wT2owNjUvMnFLa0swa2JYRUlHRFRJbW5hblFucHJSSEhDZXhVNXBZS2JaCkZXa1R1ZG9lQks4ZzgwaUZOeUtadHhtWTZiNkFua0RlL00zcGJKSktaRkdQcHY4U3l6VVVBTTNTM0E1Q3hnWE4KOEk3emIyR0o1WDhICi0tLS0tRU5EIENFUlRJRklDQVRFLS0tLS0K"
              }
            ],
            "cluster_id": null,
            "compute_config": [],
            "created_at": "2026-02-27T01:32:27Z",
            "enabled_cluster_log_types": [
              "api",
              "audit",
              "authenticator"
            ],
            "encryption_config": [
              {
                "provider": [
                  {
                    "key_arn": "arn:aws:kms:ap-northeast-2:739961805636:key/e1fff7c3-7007-4119-90a8-1ae894581fb7"
                  }
                ],
                "resources": [
                  "secrets"
                ]
              }
            ],
            "endpoint": "https://CE0FD627FE3D64716EAF7499F1B5F7E3.gr7.ap-northeast-2.eks.amazonaws.com",
            "force_update_version": null,
            "id": "eks-mod",
            "identity": [
              {
                "oidc": [
                  {
                    "issuer": "https://oidc.eks.ap-northeast-2.amazonaws.com/id/CE0FD627FE3D64716EAF7499F1B5F7E3"
                  }
                ]
              }
            ],
            "kubernetes_network_config": [
              {
                "elastic_load_balancing": [
                  {
                    "enabled": false
                  }
                ],
                "ip_family": "ipv4",
                "service_ipv4_cidr": "172.20.0.0/16",
                "service_ipv6_cidr": ""
              }
            ],
            "name": "eks-mod",
            "outpost_config": [],
            "platform_version": "eks.63",
            "remote_network_config": [],
            "role_arn": "arn:aws:iam::739961805636:role/eks-mod-cluster-20260227013203320400000002",
            "status": "ACTIVE",
            "storage_config": [],
            "tags": {
              "project": "eks-mod",
              "terraform-aws-modules": "eks"
            },
            "tags_all": {
              "project": "eks-mod",
              "terraform-aws-modules": "eks"
            },
            "timeouts": {
              "create": null,
              "delete": null,
              "update": null
            },
            "upgrade_policy": [
              {
                "support_type": "EXTENDED"
              }
            ],
            "version": "1.29",
            "vpc_config": [
              {
                "cluster_security_group_id": "sg-026ef7e9ab43d5308",
                "endpoint_private_access": true,
                "endpoint_public_access": true,
                "public_access_cidrs": [
                  "0.0.0.0/0"
                ],
                "security_group_ids": [
                  "sg-0b13ff6b9e3d2f7bb"
                ],
                "subnet_ids": [
                  "subnet-0b8fb8d9ff2618a55",
                  "subnet-0c99f8ac5cd489932"
                ],
                "vpc_id": "vpc-01bc425b97e51fd71"
              }
            ],
            "zonal_shift_config": []
          },
          "sensitive_attributes": [],
          "identity_schema_version": 0,
          "private": "eyJlMmJmYjczMC1lY2FhLTExZTYtOGY4OC0zNDM2M2JjN2M0YzAiOnsiY3JlYXRlIjoxODAwMDAwMDAwMDAwLCJkZWxldGUiOjkwMDAwMDAwMDAwMCwidXBkYXRlIjozNjAwMDAwMDAwMDAwfSwic2NoZW1hX3ZlcnNpb24iOiIxIn0=",
          "dependencies": [
            "module.eks_mod.aws_cloudwatch_log_group.this",
            "module.eks_mod.aws_iam_policy.cni_ipv6_policy",
            "module.eks_mod.aws_iam_role.eks_auto",
            "module.eks_mod.aws_iam_role.this",
            "module.eks_mod.aws_iam_role_policy_attachment.this",
            "module.eks_mod.aws_security_group.cluster",
            "module.eks_mod.aws_security_group.node",
            "module.eks_mod.aws_security_group_rule.cluster",
            "module.eks_mod.aws_security_group_rule.node",
            "module.eks_mod.data.aws_caller_identity.current",
            "module.eks_mod.data.aws_iam_policy_document.assume_role_policy",
            "module.eks_mod.data.aws_iam_policy_document.cni_ipv6_policy",
            "module.eks_mod.data.aws_iam_policy_document.node_assume_role_policy",
            "module.eks_mod.data.aws_iam_session_context.current",
            "module.eks_mod.data.aws_partition.current",
            "module.eks_mod.module.kms.aws_kms_external_key.this",
            "module.eks_mod.module.kms.aws_kms_key.this",
            "module.eks_mod.module.kms.aws_kms_replica_external_key.this",
            "module.eks_mod.module.kms.aws_kms_replica_key.this",
            "module.eks_mod.module.kms.data.aws_caller_identity.current",
            "module.eks_mod.module.kms.data.aws_iam_policy_document.this",
            "module.eks_mod.module.kms.data.aws_partition.current",
            "module.vpc_mod.aws_subnet.private",
            "module.vpc_mod.aws_vpc.this",
            "module.vpc_mod.aws_vpc_ipv4_cidr_block_association.this"
          ],
          "create_before_destroy": true
        }
      ]
    },
    {
      "module": "module.eks_mod",
      "mode": "managed",
      "type": "aws_iam_openid_connect_provider",
      "name": "oidc_provider",
      "provider": "provider[\"registry.terraform.io/hashicorp/aws\"]",
      "instances": [
        {
          "index_key": 0,
          "schema_version": 0,
          "attributes": {
            "arn": "arn:aws:iam::739961805636:oidc-provider/oidc.eks.ap-northeast-2.amazonaws.com/id/CE0FD627FE3D64716EAF7499F1B5F7E3",
            "client_id_list": [
              "sts.amazonaws.com"
            ],
            "id": "arn:aws:iam::739961805636:oidc-provider/oidc.eks.ap-northeast-2.amazonaws.com/id/CE0FD627FE3D64716EAF7499F1B5F7E3",
            "tags": {
              "Name": "eks-mod-eks-irsa",
              "project": "eks-mod"
            },
            "tags_all": {
              "Name": "eks-mod-eks-irsa",
              "project": "eks-mod"
            },
            "thumbprint_list": [
              "06b25927c42a721631c1efd9431e648fa62e1e39"
            ],
            "url": "oidc.eks.ap-northeast-2.amazonaws.com/id/CE0FD627FE3D64716EAF7499F1B5F7E3"
          },
          "sensitive_attributes": [],
          "identity_schema_version": 0,
          "private": "bnVsbA==",
          "dependencies": [
            "module.eks_mod.aws_cloudwatch_log_group.this",
            "module.eks_mod.aws_eks_cluster.this",
            "module.eks_mod.aws_iam_policy.cni_ipv6_policy",
            "module.eks_mod.aws_iam_role.eks_auto",
            "module.eks_mod.aws_iam_role.this",
            "module.eks_mod.aws_iam_role_policy_attachment.this",
            "module.eks_mod.aws_security_group.cluster",
            "module.eks_mod.aws_security_group.node",
            "module.eks_mod.aws_security_group_rule.cluster",
            "module.eks_mod.aws_security_group_rule.node",
            "module.eks_mod.data.aws_caller_identity.current",
            "module.eks_mod.data.aws_iam_policy_document.assume_role_policy",
            "module.eks_mod.data.aws_iam_policy_document.cni_ipv6_policy",
            "module.eks_mod.data.aws_iam_policy_document.node_assume_role_policy",
            "module.eks_mod.data.aws_iam_session_context.current",
            "module.eks_mod.data.aws_partition.current",
            "module.eks_mod.data.tls_certificate.this",
            "module.eks_mod.module.kms.aws_kms_external_key.this",
            "module.eks_mod.module.kms.aws_kms_key.this",
            "module.eks_mod.module.kms.aws_kms_replica_external_key.this",
            "module.eks_mod.module.kms.aws_kms_replica_key.this",
            "module.eks_mod.module.kms.data.aws_caller_identity.current",
            "module.eks_mod.module.kms.data.aws_iam_policy_document.this",
            "module.eks_mod.module.kms.data.aws_partition.current",
            "module.vpc_mod.aws_subnet.private",
            "module.vpc_mod.aws_vpc.this",
            "module.vpc_mod.aws_vpc_ipv4_cidr_block_association.this"
          ]
        }
      ]
    },
    {
      "module": "module.eks_mod",
      "mode": "managed",
      "type": "aws_iam_policy",
      "name": "cluster_encryption",
      "provider": "provider[\"registry.terraform.io/hashicorp/aws\"]",
      "instances": [
        {
          "index_key": 0,
          "schema_version": 0,
          "attributes": {
            "arn": "arn:aws:iam::739961805636:policy/eks-mod-cluster-ClusterEncryption20260227013225179100000011",
            "attachment_count": 1,
            "description": "Cluster encryption policy to allow cluster role to utilize CMK provided",
            "id": "arn:aws:iam::739961805636:policy/eks-mod-cluster-ClusterEncryption20260227013225179100000011",
            "name": "eks-mod-cluster-ClusterEncryption20260227013225179100000011",
            "name_prefix": "eks-mod-cluster-ClusterEncryption",
            "path": "/",
            "policy": "{\"Statement\":[{\"Action\":[\"kms:Encrypt\",\"kms:Decrypt\",\"kms:ListGrants\",\"kms:DescribeKey\"],\"Effect\":\"Allow\",\"Resource\":\"arn:aws:kms:ap-northeast-2:739961805636:key/e1fff7c3-7007-4119-90a8-1ae894581fb7\"}],\"Version\":\"2012-10-17\"}",
            "policy_id": "ANPA2YSJJDNCE2HZ7KFQB",
            "tags": {
              "project": "eks-mod"
            },
            "tags_all": {
              "project": "eks-mod"
            }
          },
          "sensitive_attributes": [],
          "identity_schema_version": 0,
          "private": "bnVsbA==",
          "dependencies": [
            "module.eks_mod.aws_iam_role.this",
            "module.eks_mod.data.aws_caller_identity.current",
            "module.eks_mod.data.aws_iam_policy_document.assume_role_policy",
            "module.eks_mod.data.aws_iam_session_context.current",
            "module.eks_mod.module.kms.aws_kms_external_key.this",
            "module.eks_mod.module.kms.aws_kms_key.this",
            "module.eks_mod.module.kms.aws_kms_replica_external_key.this",
            "module.eks_mod.module.kms.aws_kms_replica_key.this",
            "module.eks_mod.module.kms.data.aws_caller_identity.current",
            "module.eks_mod.module.kms.data.aws_iam_policy_document.this",
            "module.eks_mod.module.kms.data.aws_partition.current"
          ]
        }
      ]
    },
    {
      "module": "module.eks_mod",
      "mode": "managed",
      "type": "aws_iam_policy",
      "name": "custom",
      "provider": "provider[\"registry.terraform.io/hashicorp/aws\"]",
      "instances": [
        {
          "index_key": 0,
          "schema_version": 0,
          "attributes": {
            "arn": "arn:aws:iam::739961805636:policy/eks-mod-cluster-20260227013203320300000001",
            "attachment_count": 1,
            "description": "",
            "id": "arn:aws:iam::739961805636:policy/eks-mod-cluster-20260227013203320300000001",
            "name": "eks-mod-cluster-20260227013203320300000001",
            "name_prefix": "eks-mod-cluster-",
            "path": "/",
            "policy": "{\"Statement\":[{\"Action\":[\"ec2:RunInstances\",\"ec2:CreateLaunchTemplate\",\"ec2:CreateFleet\"],\"Condition\":{\"StringEquals\":{\"aws:RequestTag/eks:eks-cluster-name\":\"${aws:PrincipalTag/eks:eks-cluster-name}\"},\"StringLike\":{\"aws:RequestTag/eks:kubernetes-node-class-name\":\"*\",\"aws:RequestTag/eks:kubernetes-node-pool-name\":\"*\"}},\"Effect\":\"Allow\",\"Resource\":\"*\",\"Sid\":\"Compute\"},{\"Action\":[\"ec2:CreateVolume\",\"ec2:CreateSnapshot\"],\"Condition\":{\"StringEquals\":{\"aws:RequestTag/eks:eks-cluster-name\":\"${aws:PrincipalTag/eks:eks-cluster-name}\"}},\"Effect\":\"Allow\",\"Resource\":[\"arn:aws:ec2:*:*:volume/*\",\"arn:aws:ec2:*:*:snapshot/*\"],\"Sid\":\"Storage\"},{\"Action\":\"ec2:CreateNetworkInterface\",\"Condition\":{\"StringEquals\":{\"aws:RequestTag/eks:eks-cluster-name\":\"${aws:PrincipalTag/eks:eks-cluster-name}\",\"aws:RequestTag/eks:kubernetes-cni-node-name\":\"*\"}},\"Effect\":\"Allow\",\"Resource\":\"*\",\"Sid\":\"Networking\"},{\"Action\":[\"elasticloadbalancing:CreateTargetGroup\",\"elasticloadbalancing:CreateRule\",\"elasticloadbalancing:CreateLoadBalancer\",\"elasticloadbalancing:CreateListener\",\"ec2:CreateSecurityGroup\"],\"Condition\":{\"StringEquals\":{\"aws:RequestTag/eks:eks-cluster-name\":\"${aws:PrincipalTag/eks:eks-cluster-name}\"}},\"Effect\":\"Allow\",\"Resource\":\"*\",\"Sid\":\"LoadBalancer\"},{\"Action\":\"shield:CreateProtection\",\"Condition\":{\"StringEquals\":{\"aws:RequestTag/eks:eks-cluster-name\":\"${aws:PrincipalTag/eks:eks-cluster-name}\"}},\"Effect\":\"Allow\",\"Resource\":\"*\",\"Sid\":\"ShieldProtection\"},{\"Action\":\"shield:TagResource\",\"Condition\":{\"StringEquals\":{\"aws:RequestTag/eks:eks-cluster-name\":\"${aws:PrincipalTag/eks:eks-cluster-name}\"}},\"Effect\":\"Allow\",\"Resource\":\"arn:aws:shield::*:protection/*\",\"Sid\":\"ShieldTagResource\"}],\"Version\":\"2012-10-17\"}",
            "policy_id": "ANPA2YSJJDNCCILGE3LJA",
            "tags": {
              "project": "eks-mod"
            },
            "tags_all": {
              "project": "eks-mod"
            }
          },
          "sensitive_attributes": [],
          "identity_schema_version": 0,
          "private": "bnVsbA==",
          "dependencies": [
            "module.eks_mod.data.aws_iam_policy_document.custom",
            "module.eks_mod.data.aws_partition.current"
          ]
        }
      ]
    },
    {
      "module": "module.eks_mod",
      "mode": "managed",
      "type": "aws_iam_role",
      "name": "this",
      "provider": "provider[\"registry.terraform.io/hashicorp/aws\"]",
      "instances": [
        {
          "index_key": 0,
          "schema_version": 0,
          "attributes": {
            "arn": "arn:aws:iam::739961805636:role/eks-mod-cluster-20260227013203320400000002",
            "assume_role_policy": "{\"Statement\":[{\"Action\":[\"sts:TagSession\",\"sts:AssumeRole\"],\"Effect\":\"Allow\",\"Principal\":{\"Service\":\"eks.amazonaws.com\"},\"Sid\":\"EKSClusterAssumeRole\"}],\"Version\":\"2012-10-17\"}",
            "create_date": "2026-02-27T01:32:04Z",
            "description": "",
            "force_detach_policies": true,
            "id": "eks-mod-cluster-20260227013203320400000002",
            "inline_policy": [],
            "managed_policy_arns": [
              "arn:aws:iam::739961805636:policy/eks-mod-cluster-20260227013203320300000001",
              "arn:aws:iam::739961805636:policy/eks-mod-cluster-ClusterEncryption20260227013225179100000011",
              "arn:aws:iam::aws:policy/AmazonEKSClusterPolicy",
              "arn:aws:iam::aws:policy/AmazonEKSVPCResourceController"
            ],
            "max_session_duration": 3600,
            "name": "eks-mod-cluster-20260227013203320400000002",
            "name_prefix": "eks-mod-cluster-",
            "path": "/",
            "permissions_boundary": "",
            "tags": {
              "project": "eks-mod"
            },
            "tags_all": {
              "project": "eks-mod"
            },
            "unique_id": "AROA2YSJJDNCIPBXCJ6K3"
          },
          "sensitive_attributes": [],
          "identity_schema_version": 0,
          "private": "bnVsbA==",
          "dependencies": [
            "module.eks_mod.data.aws_iam_policy_document.assume_role_policy"
          ],
          "create_before_destroy": true
        }
      ]
    },
    {
      "module": "module.eks_mod",
      "mode": "managed",
      "type": "aws_iam_role_policy_attachment",
      "name": "cluster_encryption",
      "provider": "provider[\"registry.terraform.io/hashicorp/aws\"]",
      "instances": [
        {
          "index_key": 0,
          "schema_version": 0,
          "attributes": {
            "id": "eks-mod-cluster-20260227013203320400000002-20260227013226467800000012",
            "policy_arn": "arn:aws:iam::739961805636:policy/eks-mod-cluster-ClusterEncryption20260227013225179100000011",
            "role": "eks-mod-cluster-20260227013203320400000002"
          },
          "sensitive_attributes": [],
          "identity_schema_version": 0,
          "private": "bnVsbA==",
          "dependencies": [
            "module.eks_mod.aws_iam_policy.cluster_encryption",
            "module.eks_mod.aws_iam_role.this",
            "module.eks_mod.data.aws_caller_identity.current",
            "module.eks_mod.data.aws_iam_policy_document.assume_role_policy",
            "module.eks_mod.data.aws_iam_session_context.current",
            "module.eks_mod.module.kms.aws_kms_external_key.this",
            "module.eks_mod.module.kms.aws_kms_key.this",
            "module.eks_mod.module.kms.aws_kms_replica_external_key.this",
            "module.eks_mod.module.kms.aws_kms_replica_key.this",
            "module.eks_mod.module.kms.data.aws_caller_identity.current",
            "module.eks_mod.module.kms.data.aws_iam_policy_document.this",
            "module.eks_mod.module.kms.data.aws_partition.current"
          ]
        }
      ]
    },
    {
      "module": "module.eks_mod",
      "mode": "managed",
      "type": "aws_iam_role_policy_attachment",
      "name": "custom",
      "provider": "provider[\"registry.terraform.io/hashicorp/aws\"]",
      "instances": [
        {
          "index_key": 0,
          "schema_version": 0,
          "attributes": {
            "id": "eks-mod-cluster-20260227013203320400000002-20260227013205291100000005",
            "policy_arn": "arn:aws:iam::739961805636:policy/eks-mod-cluster-20260227013203320300000001",
            "role": "eks-mod-cluster-20260227013203320400000002"
          },
          "sensitive_attributes": [],
          "identity_schema_version": 0,
          "private": "bnVsbA==",
          "dependencies": [
            "module.eks_mod.aws_iam_policy.custom",
            "module.eks_mod.aws_iam_role.this",
            "module.eks_mod.data.aws_iam_policy_document.assume_role_policy",
            "module.eks_mod.data.aws_iam_policy_document.custom",
            "module.eks_mod.data.aws_partition.current"
          ]
        }
      ]
    },
    {
      "module": "module.eks_mod",
      "mode": "managed",
      "type": "aws_iam_role_policy_attachment",
      "name": "this",
      "provider": "provider[\"registry.terraform.io/hashicorp/aws\"]",
      "instances": [
        {
          "index_key": "AmazonEKSClusterPolicy",
          "schema_version": 0,
          "attributes": {
            "id": "eks-mod-cluster-20260227013203320400000002-20260227013205297600000007",
            "policy_arn": "arn:aws:iam::aws:policy/AmazonEKSClusterPolicy",
            "role": "eks-mod-cluster-20260227013203320400000002"
          },
          "sensitive_attributes": [],
          "identity_schema_version": 0,
          "private": "bnVsbA==",
          "dependencies": [
            "module.eks_mod.aws_iam_role.this",
            "module.eks_mod.data.aws_iam_policy_document.assume_role_policy",
            "module.eks_mod.data.aws_partition.current"
          ],
          "create_before_destroy": true
        },
        {
          "index_key": "AmazonEKSVPCResourceController",
          "schema_version": 0,
          "attributes": {
            "id": "eks-mod-cluster-20260227013203320400000002-20260227013205293500000006",
            "policy_arn": "arn:aws:iam::aws:policy/AmazonEKSVPCResourceController",
            "role": "eks-mod-cluster-20260227013203320400000002"
          },
          "sensitive_attributes": [],
          "identity_schema_version": 0,
          "private": "bnVsbA==",
          "dependencies": [
            "module.eks_mod.aws_iam_role.this",
            "module.eks_mod.data.aws_iam_policy_document.assume_role_policy",
            "module.eks_mod.data.aws_partition.current"
          ],
          "create_before_destroy": true
        }
      ]
    },
    {
      "module": "module.eks_mod",
      "mode": "managed",
      "type": "aws_security_group",
      "name": "cluster",
      "provider": "provider[\"registry.terraform.io/hashicorp/aws\"]",
      "instances": [
        {
          "index_key": 0,
          "schema_version": 1,
          "attributes": {
            "arn": "arn:aws:ec2:ap-northeast-2:739961805636:security-group/sg-0b13ff6b9e3d2f7bb",
            "description": "EKS cluster security group",
            "egress": [],
            "id": "sg-0b13ff6b9e3d2f7bb",
            "ingress": [
              {
                "cidr_blocks": [],
                "description": "Node groups to cluster API",
                "from_port": 443,
                "ipv6_cidr_blocks": [],
                "prefix_list_ids": [],
                "protocol": "tcp",
                "security_groups": [
                  "sg-0cda38fbac4477f75"
                ],
                "self": false,
                "to_port": 443
              }
            ],
            "name": "eks-mod-cluster-2026022701321547940000000b",
            "name_prefix": "eks-mod-cluster-",
            "owner_id": "739961805636",
            "revoke_rules_on_delete": false,
            "tags": {
              "Name": "eks-mod-cluster",
              "project": "eks-mod"
            },
            "tags_all": {
              "Name": "eks-mod-cluster",
              "project": "eks-mod"
            },
            "timeouts": null,
            "vpc_id": "vpc-01bc425b97e51fd71"
          },
          "sensitive_attributes": [],
          "identity_schema_version": 0,
          "private": "eyJlMmJmYjczMC1lY2FhLTExZTYtOGY4OC0zNDM2M2JjN2M0YzAiOnsiY3JlYXRlIjo2MDAwMDAwMDAwMDAsImRlbGV0ZSI6OTAwMDAwMDAwMDAwfSwic2NoZW1hX3ZlcnNpb24iOiIxIn0=",
          "dependencies": [
            "module.vpc_mod.aws_vpc.this"
          ],
          "create_before_destroy": true
        }
      ]
    },
    {
      "module": "module.eks_mod",
      "mode": "managed",
      "type": "aws_security_group",
      "name": "node",
      "provider": "provider[\"registry.terraform.io/hashicorp/aws\"]",
      "instances": [
        {
          "index_key": 0,
          "schema_version": 1,
          "attributes": {
            "arn": "arn:aws:ec2:ap-northeast-2:739961805636:security-group/sg-0cda38fbac4477f75",
            "description": "EKS node shared security group",
            "egress": [
              {
                "cidr_blocks": [
                  "0.0.0.0/0"
                ],
                "description": "Allow all egress",
                "from_port": 0,
                "ipv6_cidr_blocks": [],
                "prefix_list_ids": [],
                "protocol": "-1",
                "security_groups": [],
                "self": false,
                "to_port": 0
              }
            ],
            "id": "sg-0cda38fbac4477f75",
            "ingress": [
              {
                "cidr_blocks": [],
                "description": "Cluster API to node 4443/tcp webhook",
                "from_port": 4443,
                "ipv6_cidr_blocks": [],
                "prefix_list_ids": [],
                "protocol": "tcp",
                "security_groups": [
                  "sg-0b13ff6b9e3d2f7bb"
                ],
                "self": false,
                "to_port": 4443
              },
              {
                "cidr_blocks": [],
                "description": "Cluster API to node 6443/tcp webhook",
                "from_port": 6443,
                "ipv6_cidr_blocks": [],
                "prefix_list_ids": [],
                "protocol": "tcp",
                "security_groups": [
                  "sg-0b13ff6b9e3d2f7bb"
                ],
                "self": false,
                "to_port": 6443
              },
              {
                "cidr_blocks": [],
                "description": "Cluster API to node 8443/tcp webhook",
                "from_port": 8443,
                "ipv6_cidr_blocks": [],
                "prefix_list_ids": [],
                "protocol": "tcp",
                "security_groups": [
                  "sg-0b13ff6b9e3d2f7bb"
                ],
                "self": false,
                "to_port": 8443
              },
              {
                "cidr_blocks": [],
                "description": "Cluster API to node 9443/tcp webhook",
                "from_port": 9443,
                "ipv6_cidr_blocks": [],
                "prefix_list_ids": [],
                "protocol": "tcp",
                "security_groups": [
                  "sg-0b13ff6b9e3d2f7bb"
                ],
                "self": false,
                "to_port": 9443
              },
              {
                "cidr_blocks": [],
                "description": "Cluster API to node groups",
                "from_port": 443,
                "ipv6_cidr_blocks": [],
                "prefix_list_ids": [],
                "protocol": "tcp",
                "security_groups": [
                  "sg-0b13ff6b9e3d2f7bb"
                ],
                "self": false,
                "to_port": 443
              },
              {
                "cidr_blocks": [],
                "description": "Cluster API to node kubelets",
                "from_port": 10250,
                "ipv6_cidr_blocks": [],
                "prefix_list_ids": [],
                "protocol": "tcp",
                "security_groups": [
                  "sg-0b13ff6b9e3d2f7bb"
                ],
                "self": false,
                "to_port": 10250
              },
              {
                "cidr_blocks": [],
                "description": "Node to node CoreDNS UDP",
                "from_port": 53,
                "ipv6_cidr_blocks": [],
                "prefix_list_ids": [],
                "protocol": "udp",
                "security_groups": [],
                "self": true,
                "to_port": 53
              },
              {
                "cidr_blocks": [],
                "description": "Node to node CoreDNS",
                "from_port": 53,
                "ipv6_cidr_blocks": [],
                "prefix_list_ids": [],
                "protocol": "tcp",
                "security_groups": [],
                "self": true,
                "to_port": 53
              },
              {
                "cidr_blocks": [],
                "description": "Node to node ingress on ephemeral ports",
                "from_port": 1025,
                "ipv6_cidr_blocks": [],
                "prefix_list_ids": [],
                "protocol": "tcp",
                "security_groups": [],
                "self": true,
                "to_port": 65535
              },
              {
                "cidr_blocks": [],
                "description": "elbv2.k8s.aws/targetGroupBinding=shared",
                "from_port": 8080,
                "ipv6_cidr_blocks": [],
                "prefix_list_ids": [],
                "protocol": "tcp",
                "security_groups": [
                  "sg-01750c10daf15ac1c"
                ],
                "self": false,
                "to_port": 8080
              }
            ],
            "name": "eks-mod-node-2026022701321547910000000a",
            "name_prefix": "eks-mod-node-",
            "owner_id": "739961805636",
            "revoke_rules_on_delete": false,
            "tags": {
              "Name": "eks-mod-node",
              "kubernetes.io/cluster/eks-mod": "owned",
              "project": "eks-mod"
            },
            "tags_all": {
              "Name": "eks-mod-node",
              "kubernetes.io/cluster/eks-mod": "owned",
              "project": "eks-mod"
            },
            "timeouts": null,
            "vpc_id": "vpc-01bc425b97e51fd71"
          },
          "sensitive_attributes": [],
          "identity_schema_version": 0,
          "private": "eyJlMmJmYjczMC1lY2FhLTExZTYtOGY4OC0zNDM2M2JjN2M0YzAiOnsiY3JlYXRlIjo2MDAwMDAwMDAwMDAsImRlbGV0ZSI6OTAwMDAwMDAwMDAwfSwic2NoZW1hX3ZlcnNpb24iOiIxIn0=",
          "dependencies": [
            "module.vpc_mod.aws_vpc.this"
          ],
          "create_before_destroy": true
        }
      ]
    },
    {
      "module": "module.eks_mod",
      "mode": "managed",
      "type": "aws_security_group_rule",
      "name": "cluster",
      "provider": "provider[\"registry.terraform.io/hashicorp/aws\"]",
      "instances": [
        {
          "index_key": "ingress_nodes_443",
          "schema_version": 2,
          "attributes": {
            "cidr_blocks": null,
            "description": "Node groups to cluster API",
            "from_port": 443,
            "id": "sgrule-2415699481",
            "ipv6_cidr_blocks": null,
            "prefix_list_ids": null,
            "protocol": "tcp",
            "security_group_id": "sg-0b13ff6b9e3d2f7bb",
            "security_group_rule_id": "sgr-061730affd47a881d",
            "self": false,
            "source_security_group_id": "sg-0cda38fbac4477f75",
            "timeouts": null,
            "to_port": 443,
            "type": "ingress"
          },
          "sensitive_attributes": [],
          "identity_schema_version": 0,
          "private": "eyJlMmJmYjczMC1lY2FhLTExZTYtOGY4OC0zNDM2M2JjN2M0YzAiOnsiY3JlYXRlIjozMDAwMDAwMDAwMDB9LCJzY2hlbWFfdmVyc2lvbiI6IjIifQ==",
          "dependencies": [
            "module.eks_mod.aws_security_group.cluster",
            "module.eks_mod.aws_security_group.node",
            "module.vpc_mod.aws_vpc.this"
          ],
          "create_before_destroy": true
        }
      ]
    },
    {
      "module": "module.eks_mod",
      "mode": "managed",
      "type": "aws_security_group_rule",
      "name": "node",
      "provider": "provider[\"registry.terraform.io/hashicorp/aws\"]",
      "instances": [
        {
          "index_key": "egress_all",
          "schema_version": 2,
          "attributes": {
            "cidr_blocks": [
              "0.0.0.0/0"
            ],
            "description": "Allow all egress",
            "from_port": 0,
            "id": "sgrule-4049272268",
            "ipv6_cidr_blocks": null,
            "prefix_list_ids": [],
            "protocol": "-1",
            "security_group_id": "sg-0cda38fbac4477f75",
            "security_group_rule_id": "sgr-09e381515628087ae",
            "self": false,
            "source_security_group_id": null,
            "timeouts": null,
            "to_port": 0,
            "type": "egress"
          },
          "sensitive_attributes": [],
          "identity_schema_version": 0,
          "private": "eyJlMmJmYjczMC1lY2FhLTExZTYtOGY4OC0zNDM2M2JjN2M0YzAiOnsiY3JlYXRlIjozMDAwMDAwMDAwMDB9LCJzY2hlbWFfdmVyc2lvbiI6IjIifQ==",
          "dependencies": [
            "module.eks_mod.aws_security_group.cluster",
            "module.eks_mod.aws_security_group.node",
            "module.vpc_mod.aws_vpc.this"
          ],
          "create_before_destroy": true
        },
        {
          "index_key": "ingress_cluster_443",
          "schema_version": 2,
          "attributes": {
            "cidr_blocks": null,
            "description": "Cluster API to node groups",
            "from_port": 443,
            "id": "sgrule-42548731",
            "ipv6_cidr_blocks": null,
            "prefix_list_ids": [],
            "protocol": "tcp",
            "security_group_id": "sg-0cda38fbac4477f75",
            "security_group_rule_id": "sgr-0b591a56f35cea791",
            "self": false,
            "source_security_group_id": "sg-0b13ff6b9e3d2f7bb",
            "timeouts": null,
            "to_port": 443,
            "type": "ingress"
          },
          "sensitive_attributes": [],
          "identity_schema_version": 0,
          "private": "eyJlMmJmYjczMC1lY2FhLTExZTYtOGY4OC0zNDM2M2JjN2M0YzAiOnsiY3JlYXRlIjozMDAwMDAwMDAwMDB9LCJzY2hlbWFfdmVyc2lvbiI6IjIifQ==",
          "dependencies": [
            "module.eks_mod.aws_security_group.cluster",
            "module.eks_mod.aws_security_group.node",
            "module.vpc_mod.aws_vpc.this"
          ],
          "create_before_destroy": true
        },
        {
          "index_key": "ingress_cluster_4443_webhook",
          "schema_version": 2,
          "attributes": {
            "cidr_blocks": null,
            "description": "Cluster API to node 4443/tcp webhook",
            "from_port": 4443,
            "id": "sgrule-445005665",
            "ipv6_cidr_blocks": null,
            "prefix_list_ids": [],
            "protocol": "tcp",
            "security_group_id": "sg-0cda38fbac4477f75",
            "security_group_rule_id": "sgr-0d0c6efec420f3fc5",
            "self": false,
            "source_security_group_id": "sg-0b13ff6b9e3d2f7bb",
            "timeouts": null,
            "to_port": 4443,
            "type": "ingress"
          },
          "sensitive_attributes": [],
          "identity_schema_version": 0,
          "private": "eyJlMmJmYjczMC1lY2FhLTExZTYtOGY4OC0zNDM2M2JjN2M0YzAiOnsiY3JlYXRlIjozMDAwMDAwMDAwMDB9LCJzY2hlbWFfdmVyc2lvbiI6IjIifQ==",
          "dependencies": [
            "module.eks_mod.aws_security_group.cluster",
            "module.eks_mod.aws_security_group.node",
            "module.vpc_mod.aws_vpc.this"
          ],
          "create_before_destroy": true
        },
        {
          "index_key": "ingress_cluster_6443_webhook",
          "schema_version": 2,
          "attributes": {
            "cidr_blocks": null,
            "description": "Cluster API to node 6443/tcp webhook",
            "from_port": 6443,
            "id": "sgrule-3552860407",
            "ipv6_cidr_blocks": null,
            "prefix_list_ids": [],
            "protocol": "tcp",
            "security_group_id": "sg-0cda38fbac4477f75",
            "security_group_rule_id": "sgr-0bdbda05cdb2c3946",
            "self": false,
            "source_security_group_id": "sg-0b13ff6b9e3d2f7bb",
            "timeouts": null,
            "to_port": 6443,
            "type": "ingress"
          },
          "sensitive_attributes": [],
          "identity_schema_version": 0,
          "private": "eyJlMmJmYjczMC1lY2FhLTExZTYtOGY4OC0zNDM2M2JjN2M0YzAiOnsiY3JlYXRlIjozMDAwMDAwMDAwMDB9LCJzY2hlbWFfdmVyc2lvbiI6IjIifQ==",
          "dependencies": [
            "module.eks_mod.aws_security_group.cluster",
            "module.eks_mod.aws_security_group.node",
            "module.vpc_mod.aws_vpc.this"
          ],
          "create_before_destroy": true
        },
        {
          "index_key": "ingress_cluster_8443_webhook",
          "schema_version": 2,
          "attributes": {
            "cidr_blocks": null,
            "description": "Cluster API to node 8443/tcp webhook",
            "from_port": 8443,
            "id": "sgrule-3231212758",
            "ipv6_cidr_blocks": null,
            "prefix_list_ids": [],
            "protocol": "tcp",
            "security_group_id": "sg-0cda38fbac4477f75",
            "security_group_rule_id": "sgr-0214c6d6e1c3cac52",
            "self": false,
            "source_security_group_id": "sg-0b13ff6b9e3d2f7bb",
            "timeouts": null,
            "to_port": 8443,
            "type": "ingress"
          },
          "sensitive_attributes": [],
          "identity_schema_version": 0,
          "private": "eyJlMmJmYjczMC1lY2FhLTExZTYtOGY4OC0zNDM2M2JjN2M0YzAiOnsiY3JlYXRlIjozMDAwMDAwMDAwMDB9LCJzY2hlbWFfdmVyc2lvbiI6IjIifQ==",
          "dependencies": [
            "module.eks_mod.aws_security_group.cluster",
            "module.eks_mod.aws_security_group.node",
            "module.vpc_mod.aws_vpc.this"
          ],
          "create_before_destroy": true
        },
        {
          "index_key": "ingress_cluster_9443_webhook",
          "schema_version": 2,
          "attributes": {
            "cidr_blocks": null,
            "description": "Cluster API to node 9443/tcp webhook",
            "from_port": 9443,
            "id": "sgrule-2755221277",
            "ipv6_cidr_blocks": null,
            "prefix_list_ids": [],
            "protocol": "tcp",
            "security_group_id": "sg-0cda38fbac4477f75",
            "security_group_rule_id": "sgr-08d54d46d5cd92667",
            "self": false,
            "source_security_group_id": "sg-0b13ff6b9e3d2f7bb",
            "timeouts": null,
            "to_port": 9443,
            "type": "ingress"
          },
          "sensitive_attributes": [],
          "identity_schema_version": 0,
          "private": "eyJlMmJmYjczMC1lY2FhLTExZTYtOGY4OC0zNDM2M2JjN2M0YzAiOnsiY3JlYXRlIjozMDAwMDAwMDAwMDB9LCJzY2hlbWFfdmVyc2lvbiI6IjIifQ==",
          "dependencies": [
            "module.eks_mod.aws_security_group.cluster",
            "module.eks_mod.aws_security_group.node",
            "module.vpc_mod.aws_vpc.this"
          ],
          "create_before_destroy": true
        },
        {
          "index_key": "ingress_cluster_kubelet",
          "schema_version": 2,
          "attributes": {
            "cidr_blocks": null,
            "description": "Cluster API to node kubelets",
            "from_port": 10250,
            "id": "sgrule-3292590940",
            "ipv6_cidr_blocks": null,
            "prefix_list_ids": [],
            "protocol": "tcp",
            "security_group_id": "sg-0cda38fbac4477f75",
            "security_group_rule_id": "sgr-095180b25ea1ea409",
            "self": false,
            "source_security_group_id": "sg-0b13ff6b9e3d2f7bb",
            "timeouts": null,
            "to_port": 10250,
            "type": "ingress"
          },
          "sensitive_attributes": [],
          "identity_schema_version": 0,
          "private": "eyJlMmJmYjczMC1lY2FhLTExZTYtOGY4OC0zNDM2M2JjN2M0YzAiOnsiY3JlYXRlIjozMDAwMDAwMDAwMDB9LCJzY2hlbWFfdmVyc2lvbiI6IjIifQ==",
          "dependencies": [
            "module.eks_mod.aws_security_group.cluster",
            "module.eks_mod.aws_security_group.node",
            "module.vpc_mod.aws_vpc.this"
          ],
          "create_before_destroy": true
        },
        {
          "index_key": "ingress_nodes_ephemeral",
          "schema_version": 2,
          "attributes": {
            "cidr_blocks": null,
            "description": "Node to node ingress on ephemeral ports",
            "from_port": 1025,
            "id": "sgrule-2943371517",
            "ipv6_cidr_blocks": null,
            "prefix_list_ids": [],
            "protocol": "tcp",
            "security_group_id": "sg-0cda38fbac4477f75",
            "security_group_rule_id": "sgr-05bc16bb26e5dc343",
            "self": true,
            "source_security_group_id": null,
            "timeouts": null,
            "to_port": 65535,
            "type": "ingress"
          },
          "sensitive_attributes": [],
          "identity_schema_version": 0,
          "private": "eyJlMmJmYjczMC1lY2FhLTExZTYtOGY4OC0zNDM2M2JjN2M0YzAiOnsiY3JlYXRlIjozMDAwMDAwMDAwMDB9LCJzY2hlbWFfdmVyc2lvbiI6IjIifQ==",
          "dependencies": [
            "module.eks_mod.aws_security_group.cluster",
            "module.eks_mod.aws_security_group.node",
            "module.vpc_mod.aws_vpc.this"
          ],
          "create_before_destroy": true
        },
        {
          "index_key": "ingress_self_coredns_tcp",
          "schema_version": 2,
          "attributes": {
            "cidr_blocks": null,
            "description": "Node to node CoreDNS",
            "from_port": 53,
            "id": "sgrule-3725968435",
            "ipv6_cidr_blocks": null,
            "prefix_list_ids": [],
            "protocol": "tcp",
            "security_group_id": "sg-0cda38fbac4477f75",
            "security_group_rule_id": "sgr-0657329ebfcaafd72",
            "self": true,
            "source_security_group_id": null,
            "timeouts": null,
            "to_port": 53,
            "type": "ingress"
          },
          "sensitive_attributes": [],
          "identity_schema_version": 0,
          "private": "eyJlMmJmYjczMC1lY2FhLTExZTYtOGY4OC0zNDM2M2JjN2M0YzAiOnsiY3JlYXRlIjozMDAwMDAwMDAwMDB9LCJzY2hlbWFfdmVyc2lvbiI6IjIifQ==",
          "dependencies": [
            "module.eks_mod.aws_security_group.cluster",
            "module.eks_mod.aws_security_group.node",
            "module.vpc_mod.aws_vpc.this"
          ],
          "create_before_destroy": true
        },
        {
          "index_key": "ingress_self_coredns_udp",
          "schema_version": 2,
          "attributes": {
            "cidr_blocks": null,
            "description": "Node to node CoreDNS UDP",
            "from_port": 53,
            "id": "sgrule-2051696604",
            "ipv6_cidr_blocks": null,
            "prefix_list_ids": [],
            "protocol": "udp",
            "security_group_id": "sg-0cda38fbac4477f75",
            "security_group_rule_id": "sgr-0097f663e065686d4",
            "self": true,
            "source_security_group_id": null,
            "timeouts": null,
            "to_port": 53,
            "type": "ingress"
          },
          "sensitive_attributes": [],
          "identity_schema_version": 0,
          "private": "eyJlMmJmYjczMC1lY2FhLTExZTYtOGY4OC0zNDM2M2JjN2M0YzAiOnsiY3JlYXRlIjozMDAwMDAwMDAwMDB9LCJzY2hlbWFfdmVyc2lvbiI6IjIifQ==",
          "dependencies": [
            "module.eks_mod.aws_security_group.cluster",
            "module.eks_mod.aws_security_group.node",
            "module.vpc_mod.aws_vpc.this"
          ],
          "create_before_destroy": true
        }
      ]
    },
    {
      "module": "module.eks_mod",
      "mode": "managed",
      "type": "time_sleep",
      "name": "this",
      "provider": "provider[\"registry.terraform.io/hashicorp/time\"]",
      "instances": [
        {
          "index_key": 0,
          "schema_version": 0,
          "attributes": {
            "create_duration": "30s",
            "destroy_duration": null,
            "id": "2026-02-27T01:41:51Z",
            "triggers": {
              "cluster_certificate_authority_data": "LS0tLS1CRUdJTiBDRVJUSUZJQ0FURS0tLS0tCk1JSURCVENDQWUyZ0F3SUJBZ0lJU0k4cjJ4QXhpaUl3RFFZSktvWklodmNOQVFFTEJRQXdGVEVUTUJFR0ExVUUKQXhNS2EzVmlaWEp1WlhSbGN6QWVGdzB5TmpBeU1qY3dNVE15TXpWYUZ3MHpOakF5TWpVd01UTTNNelZhTUJVeApFekFSQmdOVkJBTVRDbXQxWW1WeWJtVjBaWE13Z2dFaU1BMEdDU3FHU0liM0RRRUJBUVVBQTRJQkR3QXdnZ0VLCkFvSUJBUUM0WTlPMSs3d3NNelhGM2lnenNiYUVMVFI5TGNETkhsUWN1eTJ5d25XU0F5ZDNVckl0RThpQUNSU2oKR2tkL3JVM2xWdHBtR2pMbm9xcXdTNUxXcHQzUE1oNlpXUDZWNG1iOTVmVkxjRWZ0akZ0T2swejdjVGRveTJ5OApkOXZoVTBRZS9xbDhNZGxmWWZJYzJ4bkdGeERRSzRMclltWkNYZkVTMDN4NWxhcG0zR3F5ejNucmhCYjV6RUw0CmxKSm1QZFpld1BTS1A2YWpSU3lkQzJrbEhJV2U0TjFBZmJEUkEzbTVUSHN4VENBalg2VHlvYTdYV0RyOTc2V0sKS1hTdTR4N2M4UlJxRFl4bHltMEhjM1VaaHRRdXNSaXQxUmROaGUrT2VUa3F2MGsrNjhiRlVuWHJCOW1ZRDZtTwpkbE5oc2d4RktKUlpOLzU2eDFValM4Zzkzc2JYQWdNQkFBR2pXVEJYTUE0R0ExVWREd0VCL3dRRUF3SUNwREFQCkJnTlZIUk1CQWY4RUJUQURBUUgvTUIwR0ExVWREZ1FXQkJRVnFQTkZWc3ZDMVdPOHNMQm1yd1NNMXhPYWVEQVYKQmdOVkhSRUVEakFNZ2dwcmRXSmxjbTVsZEdWek1BMEdDU3FHU0liM0RRRUJDd1VBQTRJQkFRQmgzZC9wRXl5QQo0L3dkQmRMM0dlTEhpN2hEOE5sVjFveFg3RklHbzd4UTdKR2NUajd6amowVmhnaXFnQjlWNlprOGpRb0VRbnpVCmhYUG4vRm0yM1h1Nm5zVkRJYTFQRERSNVd2Y2tYeFA0Z291T1AxUkU1ZDNvaXRibmJlTlUzQ3hTam9xeEpWeE0KRXh3VmZVUklwWkxSbTZVc2lueXY2blIzbnFNekJickxuL3lreGdpQS9rbVBCY2QxcVNUNWdQVjdncElkVktDTgp6VGtmZG1TcHJEMWxxVmR4TXpPTE9wT2owNjUvMnFLa0swa2JYRUlHRFRJbW5hblFucHJSSEhDZXhVNXBZS2JaCkZXa1R1ZG9lQks4ZzgwaUZOeUtadHhtWTZiNkFua0RlL00zcGJKSktaRkdQcHY4U3l6VVVBTTNTM0E1Q3hnWE4KOEk3emIyR0o1WDhICi0tLS0tRU5EIENFUlRJRklDQVRFLS0tLS0K",
              "cluster_endpoint": "https://CE0FD627FE3D64716EAF7499F1B5F7E3.gr7.ap-northeast-2.eks.amazonaws.com",
              "cluster_name": "eks-mod",
              "cluster_service_cidr": "172.20.0.0/16",
              "cluster_version": "1.29"
            }
          },
          "sensitive_attributes": [],
          "identity_schema_version": 0,
          "dependencies": [
            "module.eks_mod.aws_cloudwatch_log_group.this",
            "module.eks_mod.aws_eks_cluster.this",
            "module.eks_mod.aws_iam_policy.cni_ipv6_policy",
            "module.eks_mod.aws_iam_role.eks_auto",
            "module.eks_mod.aws_iam_role.this",
            "module.eks_mod.aws_iam_role_policy_attachment.this",
            "module.eks_mod.aws_security_group.cluster",
            "module.eks_mod.aws_security_group.node",
            "module.eks_mod.aws_security_group_rule.cluster",
            "module.eks_mod.aws_security_group_rule.node",
            "module.eks_mod.data.aws_caller_identity.current",
            "module.eks_mod.data.aws_iam_policy_document.assume_role_policy",
            "module.eks_mod.data.aws_iam_policy_document.cni_ipv6_policy",
            "module.eks_mod.data.aws_iam_policy_document.node_assume_role_policy",
            "module.eks_mod.data.aws_iam_session_context.current",
            "module.eks_mod.data.aws_partition.current",
            "module.eks_mod.module.kms.aws_kms_external_key.this",
            "module.eks_mod.module.kms.aws_kms_key.this",
            "module.eks_mod.module.kms.aws_kms_replica_external_key.this",
            "module.eks_mod.module.kms.aws_kms_replica_key.this",
            "module.eks_mod.module.kms.data.aws_caller_identity.current",
            "module.eks_mod.module.kms.data.aws_iam_policy_document.this",
            "module.eks_mod.module.kms.data.aws_partition.current",
            "module.vpc_mod.aws_subnet.private",
            "module.vpc_mod.aws_vpc.this",
            "module.vpc_mod.aws_vpc_ipv4_cidr_block_association.this"
          ],
          "create_before_destroy": true
        }
      ]
    },
    {
      "module": "module.eks_mod.module.eks_managed_node_group[\"default\"]",
      "mode": "data",
      "type": "aws_caller_identity",
      "name": "current",
      "provider": "provider[\"registry.terraform.io/hashicorp/aws\"]",
      "instances": [
        {
          "schema_version": 0,
          "attributes": {
            "account_id": "739961805636",
            "arn": "arn:aws:iam::739961805636:user/admin-user",
            "id": "739961805636",
            "user_id": "AIDA2YSJJDNCNEHFS2DS4"
          },
          "sensitive_attributes": [],
          "identity_schema_version": 0
        }
      ]
    },
    {
      "module": "module.eks_mod.module.eks_managed_node_group[\"default\"]",
      "mode": "data",
      "type": "aws_iam_policy_document",
      "name": "assume_role_policy",
      "provider": "provider[\"registry.terraform.io/hashicorp/aws\"]",
      "instances": [
        {
          "index_key": 0,
          "schema_version": 0,
          "attributes": {
            "id": "2560088296",
            "json": "{\n  \"Version\": \"2012-10-17\",\n  \"Statement\": [\n    {\n      \"Sid\": \"EKSNodeAssumeRole\",\n      \"Effect\": \"Allow\",\n      \"Action\": \"sts:AssumeRole\",\n      \"Principal\": {\n        \"Service\": \"ec2.amazonaws.com\"\n      }\n    }\n  ]\n}",
            "minified_json": "{\"Version\":\"2012-10-17\",\"Statement\":[{\"Sid\":\"EKSNodeAssumeRole\",\"Effect\":\"Allow\",\"Action\":\"sts:AssumeRole\",\"Principal\":{\"Service\":\"ec2.amazonaws.com\"}}]}",
            "override_json": null,
            "override_policy_documents": null,
            "policy_id": null,
            "source_json": null,
            "source_policy_documents": null,
            "statement": [
              {
                "actions": [
                  "sts:AssumeRole"
                ],
                "condition": [],
                "effect": "Allow",
                "not_actions": [],
                "not_principals": [],
                "not_resources": [],
                "principals": [
                  {
                    "identifiers": [
                      "ec2.amazonaws.com"
                    ],
                    "type": "Service"
                  }
                ],
                "resources": [],
                "sid": "EKSNodeAssumeRole"
              }
            ],
            "version": "2012-10-17"
          },
          "sensitive_attributes": [],
          "identity_schema_version": 0
        }
      ]
    },
    {
      "module": "module.eks_mod.module.eks_managed_node_group[\"default\"]",
      "mode": "data",
      "type": "aws_partition",
      "name": "current",
      "provider": "provider[\"registry.terraform.io/hashicorp/aws\"]",
      "instances": [
        {
          "schema_version": 0,
          "attributes": {
            "dns_suffix": "amazonaws.com",
            "id": "aws",
            "partition": "aws",
            "reverse_dns_prefix": "com.amazonaws"
          },
          "sensitive_attributes": [],
          "identity_schema_version": 0
        }
      ]
    },
    {
      "module": "module.eks_mod.module.eks_managed_node_group[\"default\"]",
      "mode": "managed",
      "type": "aws_eks_node_group",
      "name": "this",
      "provider": "provider[\"registry.terraform.io/hashicorp/aws\"]",
      "instances": [
        {
          "index_key": 0,
          "schema_version": 0,
          "attributes": {
            "ami_type": "AL2_x86_64",
            "arn": "arn:aws:eks:ap-northeast-2:739961805636:nodegroup/eks-mod/default-20260227014157367100000017/76ce4e61-3e37-9a6e-da0d-0733a2ab65b7",
            "capacity_type": "ON_DEMAND",
            "cluster_name": "eks-mod",
            "disk_size": 0,
            "force_update_version": null,
            "id": "eks-mod:default-20260227014157367100000017",
            "instance_types": [
              "t3.small"
            ],
            "labels": {},
            "launch_template": [
              {
                "id": "lt-048d2a7122a11ac3b",
                "name": "default-20260227014151565800000015",
                "version": "1"
              }
            ],
            "node_group_name": "default-20260227014157367100000017",
            "node_group_name_prefix": "default-",
            "node_repair_config": [],
            "node_role_arn": "arn:aws:iam::739961805636:role/default-eks-node-group-2026022701321692420000000c",
            "release_version": "1.29.15-20251209",
            "remote_access": [],
            "resources": [
              {
                "autoscaling_groups": [
                  {
                    "name": "eks-default-20260227014157367100000017-76ce4e61-3e37-9a6e-da0d-0733a2ab65b7"
                  }
                ],
                "remote_access_security_group_id": ""
              }
            ],
            "scaling_config": [
              {
                "desired_size": 2,
                "max_size": 3,
                "min_size": 1
              }
            ],
            "status": "ACTIVE",
            "subnet_ids": [
              "subnet-0b8fb8d9ff2618a55",
              "subnet-0c99f8ac5cd489932"
            ],
            "tags": {
              "Name": "default",
              "project": "eks-mod"
            },
            "tags_all": {
              "Name": "default",
              "project": "eks-mod"
            },
            "taint": [],
            "timeouts": {
              "create": null,
              "delete": null,
              "update": null
            },
            "update_config": [
              {
                "max_unavailable": 0,
                "max_unavailable_percentage": 33
              }
            ],
            "version": "1.29"
          },
          "sensitive_attributes": [],
          "identity_schema_version": 0,
          "private": "eyJlMmJmYjczMC1lY2FhLTExZTYtOGY4OC0zNDM2M2JjN2M0YzAiOnsiY3JlYXRlIjozNjAwMDAwMDAwMDAwLCJkZWxldGUiOjM2MDAwMDAwMDAwMDAsInVwZGF0ZSI6MzYwMDAwMDAwMDAwMH19",
          "dependencies": [
            "module.eks_mod.aws_cloudwatch_log_group.this",
            "module.eks_mod.aws_eks_cluster.this",
            "module.eks_mod.aws_iam_policy.cni_ipv6_policy",
            "module.eks_mod.aws_iam_role.eks_auto",
            "module.eks_mod.aws_iam_role.this",
            "module.eks_mod.aws_iam_role_policy_attachment.this",
            "module.eks_mod.aws_security_group.cluster",
            "module.eks_mod.aws_security_group.node",
            "module.eks_mod.aws_security_group_rule.cluster",
            "module.eks_mod.aws_security_group_rule.node",
            "module.eks_mod.data.aws_caller_identity.current",
            "module.eks_mod.data.aws_iam_policy_document.assume_role_policy",
            "module.eks_mod.data.aws_iam_policy_document.cni_ipv6_policy",
            "module.eks_mod.data.aws_iam_policy_document.node_assume_role_policy",
            "module.eks_mod.data.aws_iam_session_context.current",
            "module.eks_mod.data.aws_partition.current",
            "module.eks_mod.module.eks_managed_node_group.aws_iam_role.this",
            "module.eks_mod.module.eks_managed_node_group.aws_iam_role_policy_attachment.additional",
            "module.eks_mod.module.eks_managed_node_group.aws_iam_role_policy_attachment.this",
            "module.eks_mod.module.eks_managed_node_group.aws_launch_template.this",
            "module.eks_mod.module.eks_managed_node_group.aws_placement_group.this",
            "module.eks_mod.module.eks_managed_node_group.data.aws_caller_identity.current",
            "module.eks_mod.module.eks_managed_node_group.data.aws_ec2_instance_type.this",
            "module.eks_mod.module.eks_managed_node_group.data.aws_ec2_instance_type_offerings.this",
            "module.eks_mod.module.eks_managed_node_group.data.aws_iam_policy_document.assume_role_policy",
            "module.eks_mod.module.eks_managed_node_group.data.aws_partition.current",
            "module.eks_mod.module.eks_managed_node_group.data.aws_ssm_parameter.ami",
            "module.eks_mod.module.eks_managed_node_group.data.aws_subnets.placement_group",
            "module.eks_mod.module.eks_managed_node_group.module.user_data.data.cloudinit_config.al2023_eks_managed_node_group",
            "module.eks_mod.module.eks_managed_node_group.module.user_data.data.cloudinit_config.linux_eks_managed_node_group",
            "module.eks_mod.module.kms.aws_kms_external_key.this",
            "module.eks_mod.module.kms.aws_kms_key.this",
            "module.eks_mod.module.kms.aws_kms_replica_external_key.this",
            "module.eks_mod.module.kms.aws_kms_replica_key.this",
            "module.eks_mod.module.kms.data.aws_caller_identity.current",
            "module.eks_mod.module.kms.data.aws_iam_policy_document.this",
            "module.eks_mod.module.kms.data.aws_partition.current",
            "module.eks_mod.time_sleep.this",
            "module.vpc_mod.aws_subnet.private",
            "module.vpc_mod.aws_vpc.this",
            "module.vpc_mod.aws_vpc_ipv4_cidr_block_association.this"
          ],
          "create_before_destroy": true
        }
      ]
    },
    {
      "module": "module.eks_mod.module.eks_managed_node_group[\"default\"]",
      "mode": "managed",
      "type": "aws_iam_role",
      "name": "this",
      "provider": "provider[\"registry.terraform.io/hashicorp/aws\"]",
      "instances": [
        {
          "index_key": 0,
          "schema_version": 0,
          "attributes": {
            "arn": "arn:aws:iam::739961805636:role/default-eks-node-group-2026022701321692420000000c",
            "assume_role_policy": "{\"Statement\":[{\"Action\":\"sts:AssumeRole\",\"Effect\":\"Allow\",\"Principal\":{\"Service\":\"ec2.amazonaws.com\"},\"Sid\":\"EKSNodeAssumeRole\"}],\"Version\":\"2012-10-17\"}",
            "create_date": "2026-02-27T01:32:17Z",
            "description": "EKS managed node group IAM role",
            "force_detach_policies": true,
            "id": "default-eks-node-group-2026022701321692420000000c",
            "inline_policy": [],
            "managed_policy_arns": [
              "arn:aws:iam::aws:policy/AmazonEC2ContainerRegistryReadOnly",
              "arn:aws:iam::aws:policy/AmazonEKSWorkerNodePolicy",
              "arn:aws:iam::aws:policy/AmazonEKS_CNI_Policy"
            ],
            "max_session_duration": 3600,
            "name": "default-eks-node-group-2026022701321692420000000c",
            "name_prefix": "default-eks-node-group-",
            "path": "/",
            "permissions_boundary": "",
            "tags": {
              "project": "eks-mod"
            },
            "tags_all": {
              "project": "eks-mod"
            },
            "unique_id": "AROA2YSJJDNCPTTNAPFHC"
          },
          "sensitive_attributes": [],
          "identity_schema_version": 0,
          "private": "bnVsbA==",
          "dependencies": [
            "module.eks_mod.module.eks_managed_node_group.data.aws_iam_policy_document.assume_role_policy",
            "module.vpc_mod.aws_subnet.private",
            "module.vpc_mod.aws_vpc.this",
            "module.vpc_mod.aws_vpc_ipv4_cidr_block_association.this"
          ],
          "create_before_destroy": true
        }
      ]
    },
    {
      "module": "module.eks_mod.module.eks_managed_node_group[\"default\"]",
      "mode": "managed",
      "type": "aws_iam_role_policy_attachment",
      "name": "this",
      "provider": "provider[\"registry.terraform.io/hashicorp/aws\"]",
      "instances": [
        {
          "index_key": "AmazonEC2ContainerRegistryReadOnly",
          "schema_version": 0,
          "attributes": {
            "id": "default-eks-node-group-2026022701321692420000000c-2026022701321917870000000d",
            "policy_arn": "arn:aws:iam::aws:policy/AmazonEC2ContainerRegistryReadOnly",
            "role": "default-eks-node-group-2026022701321692420000000c"
          },
          "sensitive_attributes": [],
          "identity_schema_version": 0,
          "private": "bnVsbA==",
          "dependencies": [
            "module.eks_mod.module.eks_managed_node_group.aws_iam_role.this",
            "module.eks_mod.module.eks_managed_node_group.data.aws_caller_identity.current",
            "module.eks_mod.module.eks_managed_node_group.data.aws_iam_policy_document.assume_role_policy",
            "module.eks_mod.module.eks_managed_node_group.data.aws_partition.current",
            "module.vpc_mod.aws_subnet.private",
            "module.vpc_mod.aws_vpc.this",
            "module.vpc_mod.aws_vpc_ipv4_cidr_block_association.this"
          ],
          "create_before_destroy": true
        },
        {
          "index_key": "AmazonEKSWorkerNodePolicy",
          "schema_version": 0,
          "attributes": {
            "id": "default-eks-node-group-2026022701321692420000000c-2026022701321977770000000e",
            "policy_arn": "arn:aws:iam::aws:policy/AmazonEKSWorkerNodePolicy",
            "role": "default-eks-node-group-2026022701321692420000000c"
          },
          "sensitive_attributes": [],
          "identity_schema_version": 0,
          "private": "bnVsbA==",
          "dependencies": [
            "module.eks_mod.module.eks_managed_node_group.aws_iam_role.this",
            "module.eks_mod.module.eks_managed_node_group.data.aws_caller_identity.current",
            "module.eks_mod.module.eks_managed_node_group.data.aws_iam_policy_document.assume_role_policy",
            "module.eks_mod.module.eks_managed_node_group.data.aws_partition.current",
            "module.vpc_mod.aws_subnet.private",
            "module.vpc_mod.aws_vpc.this",
            "module.vpc_mod.aws_vpc_ipv4_cidr_block_association.this"
          ],
          "create_before_destroy": true
        },
        {
          "index_key": "AmazonEKS_CNI_Policy",
          "schema_version": 0,
          "attributes": {
            "id": "default-eks-node-group-2026022701321692420000000c-2026022701321978180000000f",
            "policy_arn": "arn:aws:iam::aws:policy/AmazonEKS_CNI_Policy",
            "role": "default-eks-node-group-2026022701321692420000000c"
          },
          "sensitive_attributes": [],
          "identity_schema_version": 0,
          "private": "bnVsbA==",
          "dependencies": [
            "module.eks_mod.module.eks_managed_node_group.aws_iam_role.this",
            "module.eks_mod.module.eks_managed_node_group.data.aws_caller_identity.current",
            "module.eks_mod.module.eks_managed_node_group.data.aws_iam_policy_document.assume_role_policy",
            "module.eks_mod.module.eks_managed_node_group.data.aws_partition.current",
            "module.vpc_mod.aws_subnet.private",
            "module.vpc_mod.aws_vpc.this",
            "module.vpc_mod.aws_vpc_ipv4_cidr_block_association.this"
          ],
          "create_before_destroy": true
        }
      ]
    },
    {
      "module": "module.eks_mod.module.eks_managed_node_group[\"default\"]",
      "mode": "managed",
      "type": "aws_launch_template",
      "name": "this",
      "provider": "provider[\"registry.terraform.io/hashicorp/aws\"]",
      "instances": [
        {
          "index_key": 0,
          "schema_version": 0,
          "attributes": {
            "arn": "arn:aws:ec2:ap-northeast-2:739961805636:launch-template/lt-048d2a7122a11ac3b",
            "block_device_mappings": [],
            "capacity_reservation_specification": [],
            "cpu_options": [],
            "credit_specification": [],
            "default_version": 1,
            "description": "Custom launch template for default EKS managed node group",
            "disable_api_stop": false,
            "disable_api_termination": false,
            "ebs_optimized": "",
            "elastic_gpu_specifications": [],
            "elastic_inference_accelerator": [],
            "enclave_options": [],
            "hibernation_options": [],
            "iam_instance_profile": [],
            "id": "lt-048d2a7122a11ac3b",
            "image_id": "",
            "instance_initiated_shutdown_behavior": "",
            "instance_market_options": [],
            "instance_requirements": [],
            "instance_type": "",
            "kernel_id": "",
            "key_name": "",
            "latest_version": 1,
            "license_specification": [],
            "maintenance_options": [],
            "metadata_options": [
              {
                "http_endpoint": "enabled",
                "http_protocol_ipv6": "",
                "http_put_response_hop_limit": 2,
                "http_tokens": "required",
                "instance_metadata_tags": ""
              }
            ],
            "monitoring": [
              {
                "enabled": true
              }
            ],
            "name": "default-20260227014151565800000015",
            "name_prefix": "default-",
            "network_interfaces": [],
            "placement": [],
            "private_dns_name_options": [],
            "ram_disk_id": "",
            "security_group_names": [],
            "tag_specifications": [
              {
                "resource_type": "instance",
                "tags": {
                  "Name": "default",
                  "project": "eks-mod"
                }
              },
              {
                "resource_type": "network-interface",
                "tags": {
                  "Name": "default",
                  "project": "eks-mod"
                }
              },
              {
                "resource_type": "volume",
                "tags": {
                  "Name": "default",
                  "project": "eks-mod"
                }
              }
            ],
            "tags": {
              "project": "eks-mod"
            },
            "tags_all": {
              "project": "eks-mod"
            },
            "update_default_version": true,
            "user_data": "",
            "vpc_security_group_ids": [
              "sg-0cda38fbac4477f75"
            ]
          },
          "sensitive_attributes": [],
          "identity_schema_version": 0,
          "private": "bnVsbA==",
          "dependencies": [
            "module.eks_mod.aws_cloudwatch_log_group.this",
            "module.eks_mod.aws_eks_cluster.this",
            "module.eks_mod.aws_iam_policy.cni_ipv6_policy",
            "module.eks_mod.aws_iam_role.eks_auto",
            "module.eks_mod.aws_iam_role.this",
            "module.eks_mod.aws_iam_role_policy_attachment.this",
            "module.eks_mod.aws_security_group.cluster",
            "module.eks_mod.aws_security_group.node",
            "module.eks_mod.aws_security_group_rule.cluster",
            "module.eks_mod.aws_security_group_rule.node",
            "module.eks_mod.data.aws_caller_identity.current",
            "module.eks_mod.data.aws_iam_policy_document.assume_role_policy",
            "module.eks_mod.data.aws_iam_policy_document.cni_ipv6_policy",
            "module.eks_mod.data.aws_iam_policy_document.node_assume_role_policy",
            "module.eks_mod.data.aws_iam_session_context.current",
            "module.eks_mod.data.aws_partition.current",
            "module.eks_mod.module.eks_managed_node_group.aws_iam_role.this",
            "module.eks_mod.module.eks_managed_node_group.aws_iam_role_policy_attachment.additional",
            "module.eks_mod.module.eks_managed_node_group.aws_iam_role_policy_attachment.this",
            "module.eks_mod.module.eks_managed_node_group.aws_placement_group.this",
            "module.eks_mod.module.eks_managed_node_group.data.aws_caller_identity.current",
            "module.eks_mod.module.eks_managed_node_group.data.aws_ec2_instance_type.this",
            "module.eks_mod.module.eks_managed_node_group.data.aws_iam_policy_document.assume_role_policy",
            "module.eks_mod.module.eks_managed_node_group.data.aws_partition.current",
            "module.eks_mod.module.eks_managed_node_group.module.user_data.data.cloudinit_config.al2023_eks_managed_node_group",
            "module.eks_mod.module.eks_managed_node_group.module.user_data.data.cloudinit_config.linux_eks_managed_node_group",
            "module.eks_mod.module.kms.aws_kms_external_key.this",
            "module.eks_mod.module.kms.aws_kms_key.this",
            "module.eks_mod.module.kms.aws_kms_replica_external_key.this",
            "module.eks_mod.module.kms.aws_kms_replica_key.this",
            "module.eks_mod.module.kms.data.aws_caller_identity.current",
            "module.eks_mod.module.kms.data.aws_iam_policy_document.this",
            "module.eks_mod.module.kms.data.aws_partition.current",
            "module.eks_mod.time_sleep.this",
            "module.vpc_mod.aws_subnet.private",
            "module.vpc_mod.aws_vpc.this",
            "module.vpc_mod.aws_vpc_ipv4_cidr_block_association.this"
          ],
          "create_before_destroy": true
        }
      ]
    },
    {
      "module": "module.eks_mod.module.eks_managed_node_group[\"default\"].module.user_data",
      "mode": "managed",
      "type": "null_resource",
      "name": "validate_cluster_service_cidr",
      "provider": "provider[\"registry.terraform.io/hashicorp/null\"]",
      "instances": [
        {
          "schema_version": 0,
          "attributes": {
            "id": "2484395661517569044",
            "triggers": null
          },
          "sensitive_attributes": [],
          "identity_schema_version": 0,
          "dependencies": [
            "module.eks_mod.aws_cloudwatch_log_group.this",
            "module.eks_mod.aws_eks_cluster.this",
            "module.eks_mod.aws_iam_policy.cni_ipv6_policy",
            "module.eks_mod.aws_iam_role.eks_auto",
            "module.eks_mod.aws_iam_role.this",
            "module.eks_mod.aws_iam_role_policy_attachment.this",
            "module.eks_mod.aws_security_group.cluster",
            "module.eks_mod.aws_security_group.node",
            "module.eks_mod.aws_security_group_rule.cluster",
            "module.eks_mod.aws_security_group_rule.node",
            "module.eks_mod.data.aws_caller_identity.current",
            "module.eks_mod.data.aws_iam_policy_document.assume_role_policy",
            "module.eks_mod.data.aws_iam_policy_document.cni_ipv6_policy",
            "module.eks_mod.data.aws_iam_policy_document.node_assume_role_policy",
            "module.eks_mod.data.aws_iam_session_context.current",
            "module.eks_mod.data.aws_partition.current",
            "module.eks_mod.module.kms.aws_kms_external_key.this",
            "module.eks_mod.module.kms.aws_kms_key.this",
            "module.eks_mod.module.kms.aws_kms_replica_external_key.this",
            "module.eks_mod.module.kms.aws_kms_replica_key.this",
            "module.eks_mod.module.kms.data.aws_caller_identity.current",
            "module.eks_mod.module.kms.data.aws_iam_policy_document.this",
            "module.eks_mod.module.kms.data.aws_partition.current",
            "module.eks_mod.time_sleep.this",
            "module.vpc_mod.aws_subnet.private",
            "module.vpc_mod.aws_vpc.this",
            "module.vpc_mod.aws_vpc_ipv4_cidr_block_association.this"
          ]
        }
      ]
    },
    {
      "module": "module.eks_mod.module.kms",
      "mode": "data",
      "type": "aws_caller_identity",
      "name": "current",
      "provider": "provider[\"registry.terraform.io/hashicorp/aws\"]",
      "instances": [
        {
          "index_key": 0,
          "schema_version": 0,
          "attributes": {
            "account_id": "739961805636",
            "arn": "arn:aws:iam::739961805636:user/admin-user",
            "id": "739961805636",
            "user_id": "AIDA2YSJJDNCNEHFS2DS4"
          },
          "sensitive_attributes": [],
          "identity_schema_version": 0
        }
      ]
    },
    {
      "module": "module.eks_mod.module.kms",
      "mode": "data",
      "type": "aws_iam_policy_document",
      "name": "this",
      "provider": "provider[\"registry.terraform.io/hashicorp/aws\"]",
      "instances": [
        {
          "index_key": 0,
          "schema_version": 0,
          "attributes": {
            "id": "30256554",
            "json": "{\n  \"Version\": \"2012-10-17\",\n  \"Statement\": [\n    {\n      \"Sid\": \"Default\",\n      \"Effect\": \"Allow\",\n      \"Action\": \"kms:*\",\n      \"Resource\": \"*\",\n      \"Principal\": {\n        \"AWS\": \"arn:aws:iam::739961805636:root\"\n      }\n    },\n    {\n      \"Sid\": \"KeyAdministration\",\n      \"Effect\": \"Allow\",\n      \"Action\": [\n        \"kms:Update*\",\n        \"kms:UntagResource\",\n        \"kms:TagResource\",\n        \"kms:ScheduleKeyDeletion\",\n        \"kms:Revoke*\",\n        \"kms:ReplicateKey\",\n        \"kms:Put*\",\n        \"kms:List*\",\n        \"kms:ImportKeyMaterial\",\n        \"kms:Get*\",\n        \"kms:Enable*\",\n        \"kms:Disable*\",\n        \"kms:Describe*\",\n        \"kms:Delete*\",\n        \"kms:Create*\",\n        \"kms:CancelKeyDeletion\"\n      ],\n      \"Resource\": \"*\",\n      \"Principal\": {\n        \"AWS\": \"arn:aws:iam::739961805636:user/admin-user\"\n      }\n    },\n    {\n      \"Sid\": \"KeyUsage\",\n      \"Effect\": \"Allow\",\n      \"Action\": [\n        \"kms:ReEncrypt*\",\n        \"kms:GenerateDataKey*\",\n        \"kms:Encrypt\",\n        \"kms:DescribeKey\",\n        \"kms:Decrypt\"\n      ],\n      \"Resource\": \"*\",\n      \"Principal\": {\n        \"AWS\": \"arn:aws:iam::739961805636:role/eks-mod-cluster-20260227013203320400000002\"\n      }\n    }\n  ]\n}",
            "minified_json": "{\"Version\":\"2012-10-17\",\"Statement\":[{\"Sid\":\"Default\",\"Effect\":\"Allow\",\"Action\":\"kms:*\",\"Resource\":\"*\",\"Principal\":{\"AWS\":\"arn:aws:iam::739961805636:root\"}},{\"Sid\":\"KeyAdministration\",\"Effect\":\"Allow\",\"Action\":[\"kms:Update*\",\"kms:UntagResource\",\"kms:TagResource\",\"kms:ScheduleKeyDeletion\",\"kms:Revoke*\",\"kms:ReplicateKey\",\"kms:Put*\",\"kms:List*\",\"kms:ImportKeyMaterial\",\"kms:Get*\",\"kms:Enable*\",\"kms:Disable*\",\"kms:Describe*\",\"kms:Delete*\",\"kms:Create*\",\"kms:CancelKeyDeletion\"],\"Resource\":\"*\",\"Principal\":{\"AWS\":\"arn:aws:iam::739961805636:user/admin-user\"}},{\"Sid\":\"KeyUsage\",\"Effect\":\"Allow\",\"Action\":[\"kms:ReEncrypt*\",\"kms:GenerateDataKey*\",\"kms:Encrypt\",\"kms:DescribeKey\",\"kms:Decrypt\"],\"Resource\":\"*\",\"Principal\":{\"AWS\":\"arn:aws:iam::739961805636:role/eks-mod-cluster-20260227013203320400000002\"}}]}",
            "override_json": null,
            "override_policy_documents": null,
            "policy_id": null,
            "source_json": null,
            "source_policy_documents": null,
            "statement": [
              {
                "actions": [
                  "kms:*"
                ],
                "condition": [],
                "effect": "Allow",
                "not_actions": [],
                "not_principals": [],
                "not_resources": [],
                "principals": [
                  {
                    "identifiers": [
                      "arn:aws:iam::739961805636:root"
                    ],
                    "type": "AWS"
                  }
                ],
                "resources": [
                  "*"
                ],
                "sid": "Default"
              },
              {
                "actions": [
                  "kms:CancelKeyDeletion",
                  "kms:Create*",
                  "kms:Delete*",
                  "kms:Describe*",
                  "kms:Disable*",
                  "kms:Enable*",
                  "kms:Get*",
                  "kms:ImportKeyMaterial",
                  "kms:List*",
                  "kms:Put*",
                  "kms:ReplicateKey",
                  "kms:Revoke*",
                  "kms:ScheduleKeyDeletion",
                  "kms:TagResource",
                  "kms:UntagResource",
                  "kms:Update*"
                ],
                "condition": [],
                "effect": "Allow",
                "not_actions": [],
                "not_principals": [],
                "not_resources": [],
                "principals": [
                  {
                    "identifiers": [
                      "arn:aws:iam::739961805636:user/admin-user"
                    ],
                    "type": "AWS"
                  }
                ],
                "resources": [
                  "*"
                ],
                "sid": "KeyAdministration"
              },
              {
                "actions": [
                  "kms:Decrypt",
                  "kms:DescribeKey",
                  "kms:Encrypt",
                  "kms:GenerateDataKey*",
                  "kms:ReEncrypt*"
                ],
                "condition": [],
                "effect": "Allow",
                "not_actions": [],
                "not_principals": [],
                "not_resources": [],
                "principals": [
                  {
                    "identifiers": [
                      "arn:aws:iam::739961805636:role/eks-mod-cluster-20260227013203320400000002"
                    ],
                    "type": "AWS"
                  }
                ],
                "resources": [
                  "*"
                ],
                "sid": "KeyUsage"
              }
            ],
            "version": "2012-10-17"
          },
          "sensitive_attributes": [],
          "identity_schema_version": 0
        }
      ]
    },
    {
      "module": "module.eks_mod.module.kms",
      "mode": "data",
      "type": "aws_partition",
      "name": "current",
      "provider": "provider[\"registry.terraform.io/hashicorp/aws\"]",
      "instances": [
        {
          "index_key": 0,
          "schema_version": 0,
          "attributes": {
            "dns_suffix": "amazonaws.com",
            "id": "aws",
            "partition": "aws",
            "reverse_dns_prefix": "com.amazonaws"
          },
          "sensitive_attributes": [],
          "identity_schema_version": 0
        }
      ]
    },
    {
      "module": "module.eks_mod.module.kms",
      "mode": "managed",
      "type": "aws_kms_alias",
      "name": "this",
      "provider": "provider[\"registry.terraform.io/hashicorp/aws\"]",
      "instances": [
        {
          "index_key": "cluster",
          "schema_version": 0,
          "attributes": {
            "arn": "arn:aws:kms:ap-northeast-2:739961805636:alias/eks/eks-mod",
            "id": "alias/eks/eks-mod",
            "name": "alias/eks/eks-mod",
            "name_prefix": "",
            "target_key_arn": "arn:aws:kms:ap-northeast-2:739961805636:key/e1fff7c3-7007-4119-90a8-1ae894581fb7",
            "target_key_id": "e1fff7c3-7007-4119-90a8-1ae894581fb7"
          },
          "sensitive_attributes": [],
          "identity_schema_version": 0,
          "private": "bnVsbA==",
          "dependencies": [
            "module.eks_mod.aws_iam_role.this",
            "module.eks_mod.data.aws_caller_identity.current",
            "module.eks_mod.data.aws_iam_policy_document.assume_role_policy",
            "module.eks_mod.data.aws_iam_session_context.current",
            "module.eks_mod.module.kms.aws_kms_external_key.this",
            "module.eks_mod.module.kms.aws_kms_key.this",
            "module.eks_mod.module.kms.aws_kms_replica_external_key.this",
            "module.eks_mod.module.kms.aws_kms_replica_key.this",
            "module.eks_mod.module.kms.data.aws_caller_identity.current",
            "module.eks_mod.module.kms.data.aws_iam_policy_document.this",
            "module.eks_mod.module.kms.data.aws_partition.current"
          ]
        }
      ]
    },
    {
      "module": "module.eks_mod.module.kms",
      "mode": "managed",
      "type": "aws_kms_key",
      "name": "this",
      "provider": "provider[\"registry.terraform.io/hashicorp/aws\"]",
      "instances": [
        {
          "index_key": 0,
          "schema_version": 0,
          "attributes": {
            "arn": "arn:aws:kms:ap-northeast-2:739961805636:key/e1fff7c3-7007-4119-90a8-1ae894581fb7",
            "bypass_policy_lockout_safety_check": false,
            "custom_key_store_id": "",
            "customer_master_key_spec": "SYMMETRIC_DEFAULT",
            "deletion_window_in_days": null,
            "description": "eks-mod cluster encryption key",
            "enable_key_rotation": true,
            "id": "e1fff7c3-7007-4119-90a8-1ae894581fb7",
            "is_enabled": true,
            "key_id": "e1fff7c3-7007-4119-90a8-1ae894581fb7",
            "key_usage": "ENCRYPT_DECRYPT",
            "multi_region": false,
            "policy": "{\"Statement\":[{\"Action\":\"kms:*\",\"Effect\":\"Allow\",\"Principal\":{\"AWS\":\"arn:aws:iam::739961805636:root\"},\"Resource\":\"*\",\"Sid\":\"Default\"},{\"Action\":[\"kms:Update*\",\"kms:UntagResource\",\"kms:TagResource\",\"kms:ScheduleKeyDeletion\",\"kms:Revoke*\",\"kms:ReplicateKey\",\"kms:Put*\",\"kms:List*\",\"kms:ImportKeyMaterial\",\"kms:Get*\",\"kms:Enable*\",\"kms:Disable*\",\"kms:Describe*\",\"kms:Delete*\",\"kms:Create*\",\"kms:CancelKeyDeletion\"],\"Effect\":\"Allow\",\"Principal\":{\"AWS\":\"arn:aws:iam::739961805636:user/admin-user\"},\"Resource\":\"*\",\"Sid\":\"KeyAdministration\"},{\"Action\":[\"kms:ReEncrypt*\",\"kms:GenerateDataKey*\",\"kms:Encrypt\",\"kms:DescribeKey\",\"kms:Decrypt\"],\"Effect\":\"Allow\",\"Principal\":{\"AWS\":\"arn:aws:iam::739961805636:role/eks-mod-cluster-20260227013203320400000002\"},\"Resource\":\"*\",\"Sid\":\"KeyUsage\"}],\"Version\":\"2012-10-17\"}",
            "rotation_period_in_days": 365,
            "tags": {
              "project": "eks-mod",
              "terraform-aws-modules": "eks"
            },
            "tags_all": {
              "project": "eks-mod",
              "terraform-aws-modules": "eks"
            },
            "timeouts": null,
            "xks_key_id": ""
          },
          "sensitive_attributes": [],
          "identity_schema_version": 0,
          "private": "eyJlMmJmYjczMC1lY2FhLTExZTYtOGY4OC0zNDM2M2JjN2M0YzAiOnsiY3JlYXRlIjoxMjAwMDAwMDAwMDB9fQ==",
          "dependencies": [
            "module.eks_mod.aws_iam_role.this",
            "module.eks_mod.data.aws_caller_identity.current",
            "module.eks_mod.data.aws_iam_policy_document.assume_role_policy",
            "module.eks_mod.data.aws_iam_session_context.current",
            "module.eks_mod.module.kms.data.aws_caller_identity.current",
            "module.eks_mod.module.kms.data.aws_iam_policy_document.this",
            "module.eks_mod.module.kms.data.aws_partition.current"
          ],
          "create_before_destroy": true
        }
      ]
    },
    {
      "module": "module.lb_role",
      "mode": "data",
      "type": "aws_caller_identity",
      "name": "current",
      "provider": "provider[\"registry.terraform.io/hashicorp/aws\"]",
      "instances": [
        {
          "schema_version": 0,
          "attributes": {
            "account_id": "739961805636",
            "arn": "arn:aws:iam::739961805636:user/admin-user",
            "id": "739961805636",
            "user_id": "AIDA2YSJJDNCNEHFS2DS4"
          },
          "sensitive_attributes": [],
          "identity_schema_version": 0
        }
      ]
    },
    {
      "module": "module.lb_role",
      "mode": "data",
      "type": "aws_iam_policy_document",
      "name": "load_balancer_controller",
      "provider": "provider[\"registry.terraform.io/hashicorp/aws\"]",
      "instances": [
        {
          "index_key": 0,
          "schema_version": 0,
          "attributes": {
            "id": "1541424006",
            "json": "{\n  \"Version\": \"2012-10-17\",\n  \"Statement\": [\n    {\n      \"Effect\": \"Allow\",\n      \"Action\": \"iam:CreateServiceLinkedRole\",\n      \"Resource\": \"*\",\n      \"Condition\": {\n        \"StringEquals\": {\n          \"iam:AWSServiceName\": \"elasticloadbalancing.amazonaws.com\"\n        }\n      }\n    },\n    {\n      \"Effect\": \"Allow\",\n      \"Action\": [\n        \"elasticloadbalancing:DescribeTrustStores\",\n        \"elasticloadbalancing:DescribeTargetHealth\",\n        \"elasticloadbalancing:DescribeTargetGroups\",\n        \"elasticloadbalancing:DescribeTargetGroupAttributes\",\n        \"elasticloadbalancing:DescribeTags\",\n        \"elasticloadbalancing:DescribeSSLPolicies\",\n        \"elasticloadbalancing:DescribeRules\",\n        \"elasticloadbalancing:DescribeLoadBalancers\",\n        \"elasticloadbalancing:DescribeLoadBalancerAttributes\",\n        \"elasticloadbalancing:DescribeListeners\",\n        \"elasticloadbalancing:DescribeListenerCertificates\",\n        \"elasticloadbalancing:DescribeListenerAttributes\",\n        \"elasticloadbalancing:DescribeCapacityReservation\",\n        \"ec2:GetSecurityGroupsForVpc\",\n        \"ec2:GetCoipPoolUsage\",\n        \"ec2:DescribeVpcs\",\n        \"ec2:DescribeVpcPeeringConnections\",\n        \"ec2:DescribeTags\",\n        \"ec2:DescribeSubnets\",\n        \"ec2:DescribeSecurityGroups\",\n        \"ec2:DescribeRouteTables\",\n        \"ec2:DescribeNetworkInterfaces\",\n        \"ec2:DescribeIpamPools\",\n        \"ec2:DescribeInternetGateways\",\n        \"ec2:DescribeInstances\",\n        \"ec2:DescribeCoipPools\",\n        \"ec2:DescribeAvailabilityZones\",\n        \"ec2:DescribeAddresses\",\n        \"ec2:DescribeAccountAttributes\"\n      ],\n      \"Resource\": \"*\"\n    },\n    {\n      \"Effect\": \"Allow\",\n      \"Action\": [\n        \"wafv2:GetWebACLForResource\",\n        \"wafv2:GetWebACL\",\n        \"wafv2:DisassociateWebACL\",\n        \"wafv2:AssociateWebACL\",\n        \"waf-regional:GetWebACLForResource\",\n        \"waf-regional:GetWebACL\",\n        \"waf-regional:DisassociateWebACL\",\n        \"waf-regional:AssociateWebACL\",\n        \"shield:GetSubscriptionState\",\n        \"shield:DescribeProtection\",\n        \"shield:DeleteProtection\",\n        \"shield:CreateProtection\",\n        \"iam:ListServerCertificates\",\n        \"iam:GetServerCertificate\",\n        \"cognito-idp:DescribeUserPoolClient\",\n        \"acm:ListCertificates\",\n        \"acm:DescribeCertificate\"\n      ],\n      \"Resource\": \"*\"\n    },\n    {\n      \"Effect\": \"Allow\",\n      \"Action\": [\n        \"ec2:RevokeSecurityGroupIngress\",\n        \"ec2:AuthorizeSecurityGroupIngress\"\n      ],\n      \"Resource\": \"*\"\n    },\n    {\n      \"Effect\": \"Allow\",\n      \"Action\": \"ec2:CreateSecurityGroup\",\n      \"Resource\": \"*\"\n    },\n    {\n      \"Effect\": \"Allow\",\n      \"Action\": \"ec2:CreateTags\",\n      \"Resource\": \"arn:aws:ec2:*:*:security-group/*\",\n      \"Condition\": {\n        \"Null\": {\n          \"aws:RequestTag/elbv2.k8s.aws/cluster\": \"false\"\n        },\n        \"StringEquals\": {\n          \"ec2:CreateAction\": \"CreateSecurityGroup\"\n        }\n      }\n    },\n    {\n      \"Effect\": \"Allow\",\n      \"Action\": [\n        \"ec2:DeleteTags\",\n        \"ec2:CreateTags\"\n      ],\n      \"Resource\": \"arn:aws:ec2:*:*:security-group/*\",\n      \"Condition\": {\n        \"Null\": {\n          \"aws:RequestTag/elbv2.k8s.aws/cluster\": \"true\",\n          \"aws:ResourceTag/elbv2.k8s.aws/cluster\": \"false\"\n        }\n      }\n    },\n    {\n      \"Effect\": \"Allow\",\n      \"Action\": [\n        \"ec2:RevokeSecurityGroupIngress\",\n        \"ec2:DeleteSecurityGroup\",\n        \"ec2:AuthorizeSecurityGroupIngress\"\n      ],\n      \"Resource\": \"*\",\n      \"Condition\": {\n        \"Null\": {\n          \"aws:ResourceTag/elbv2.k8s.aws/cluster\": \"false\"\n        }\n      }\n    },\n    {\n      \"Effect\": \"Allow\",\n      \"Action\": [\n        \"elasticloadbalancing:CreateTargetGroup\",\n        \"elasticloadbalancing:CreateLoadBalancer\"\n      ],\n      \"Resource\": \"*\",\n      \"Condition\": {\n        \"Null\": {\n          \"aws:RequestTag/elbv2.k8s.aws/cluster\": \"false\"\n        }\n      }\n    },\n    {\n      \"Effect\": \"Allow\",\n      \"Action\": [\n        \"elasticloadbalancing:DeleteRule\",\n        \"elasticloadbalancing:DeleteListener\",\n        \"elasticloadbalancing:CreateRule\",\n        \"elasticloadbalancing:CreateListener\"\n      ],\n      \"Resource\": \"*\"\n    },\n    {\n      \"Effect\": \"Allow\",\n      \"Action\": [\n        \"elasticloadbalancing:RemoveTags\",\n        \"elasticloadbalancing:AddTags\"\n      ],\n      \"Resource\": [\n        \"arn:aws:elasticloadbalancing:*:*:targetgroup/*/*\",\n        \"arn:aws:elasticloadbalancing:*:*:loadbalancer/net/*/*\",\n        \"arn:aws:elasticloadbalancing:*:*:loadbalancer/app/*/*\"\n      ],\n      \"Condition\": {\n        \"Null\": {\n          \"aws:RequestTag/elbv2.k8s.aws/cluster\": \"true\",\n          \"aws:ResourceTag/elbv2.k8s.aws/cluster\": \"false\"\n        }\n      }\n    },\n    {\n      \"Effect\": \"Allow\",\n      \"Action\": [\n        \"elasticloadbalancing:RemoveTags\",\n        \"elasticloadbalancing:AddTags\"\n      ],\n      \"Resource\": [\n        \"arn:aws:elasticloadbalancing:*:*:listener/net/*/*/*\",\n        \"arn:aws:elasticloadbalancing:*:*:listener/app/*/*/*\",\n        \"arn:aws:elasticloadbalancing:*:*:listener-rule/net/*/*/*\",\n        \"arn:aws:elasticloadbalancing:*:*:listener-rule/app/*/*/*\"\n      ]\n    },\n    {\n      \"Effect\": \"Allow\",\n      \"Action\": [\n        \"elasticloadbalancing:SetSubnets\",\n        \"elasticloadbalancing:SetSecurityGroups\",\n        \"elasticloadbalancing:SetIpAddressType\",\n        \"elasticloadbalancing:ModifyTargetGroupAttributes\",\n        \"elasticloadbalancing:ModifyTargetGroup\",\n        \"elasticloadbalancing:ModifyLoadBalancerAttributes\",\n        \"elasticloadbalancing:ModifyListenerAttributes\",\n        \"elasticloadbalancing:ModifyIpPools\",\n        \"elasticloadbalancing:ModifyCapacityReservation\",\n        \"elasticloadbalancing:DeleteTargetGroup\",\n        \"elasticloadbalancing:DeleteLoadBalancer\"\n      ],\n      \"Resource\": \"*\",\n      \"Condition\": {\n        \"Null\": {\n          \"aws:ResourceTag/elbv2.k8s.aws/cluster\": \"false\"\n        }\n      }\n    },\n    {\n      \"Effect\": \"Allow\",\n      \"Action\": \"elasticloadbalancing:AddTags\",\n      \"Resource\": [\n        \"arn:aws:elasticloadbalancing:*:*:targetgroup/*/*\",\n        \"arn:aws:elasticloadbalancing:*:*:loadbalancer/net/*/*\",\n        \"arn:aws:elasticloadbalancing:*:*:loadbalancer/app/*/*\"\n      ],\n      \"Condition\": {\n        \"Null\": {\n          \"aws:RequestTag/elbv2.k8s.aws/cluster\": \"false\"\n        },\n        \"StringEquals\": {\n          \"elasticloadbalancing:CreateAction\": [\n            \"CreateTargetGroup\",\n            \"CreateLoadBalancer\"\n          ]\n        }\n      }\n    },\n    {\n      \"Effect\": \"Allow\",\n      \"Action\": [\n        \"elasticloadbalancing:RegisterTargets\",\n        \"elasticloadbalancing:DeregisterTargets\"\n      ],\n      \"Resource\": \"arn:aws:elasticloadbalancing:*:*:targetgroup/*/*\"\n    },\n    {\n      \"Effect\": \"Allow\",\n      \"Action\": [\n        \"elasticloadbalancing:SetWebAcl\",\n        \"elasticloadbalancing:SetRulePriorities\",\n        \"elasticloadbalancing:RemoveListenerCertificates\",\n        \"elasticloadbalancing:ModifyRule\",\n        \"elasticloadbalancing:ModifyListener\",\n        \"elasticloadbalancing:AddListenerCertificates\"\n      ],\n      \"Resource\": \"*\"\n    }\n  ]\n}",
            "minified_json": "{\"Version\":\"2012-10-17\",\"Statement\":[{\"Effect\":\"Allow\",\"Action\":\"iam:CreateServiceLinkedRole\",\"Resource\":\"*\",\"Condition\":{\"StringEquals\":{\"iam:AWSServiceName\":\"elasticloadbalancing.amazonaws.com\"}}},{\"Effect\":\"Allow\",\"Action\":[\"elasticloadbalancing:DescribeTrustStores\",\"elasticloadbalancing:DescribeTargetHealth\",\"elasticloadbalancing:DescribeTargetGroups\",\"elasticloadbalancing:DescribeTargetGroupAttributes\",\"elasticloadbalancing:DescribeTags\",\"elasticloadbalancing:DescribeSSLPolicies\",\"elasticloadbalancing:DescribeRules\",\"elasticloadbalancing:DescribeLoadBalancers\",\"elasticloadbalancing:DescribeLoadBalancerAttributes\",\"elasticloadbalancing:DescribeListeners\",\"elasticloadbalancing:DescribeListenerCertificates\",\"elasticloadbalancing:DescribeListenerAttributes\",\"elasticloadbalancing:DescribeCapacityReservation\",\"ec2:GetSecurityGroupsForVpc\",\"ec2:GetCoipPoolUsage\",\"ec2:DescribeVpcs\",\"ec2:DescribeVpcPeeringConnections\",\"ec2:DescribeTags\",\"ec2:DescribeSubnets\",\"ec2:DescribeSecurityGroups\",\"ec2:DescribeRouteTables\",\"ec2:DescribeNetworkInterfaces\",\"ec2:DescribeIpamPools\",\"ec2:DescribeInternetGateways\",\"ec2:DescribeInstances\",\"ec2:DescribeCoipPools\",\"ec2:DescribeAvailabilityZones\",\"ec2:DescribeAddresses\",\"ec2:DescribeAccountAttributes\"],\"Resource\":\"*\"},{\"Effect\":\"Allow\",\"Action\":[\"wafv2:GetWebACLForResource\",\"wafv2:GetWebACL\",\"wafv2:DisassociateWebACL\",\"wafv2:AssociateWebACL\",\"waf-regional:GetWebACLForResource\",\"waf-regional:GetWebACL\",\"waf-regional:DisassociateWebACL\",\"waf-regional:AssociateWebACL\",\"shield:GetSubscriptionState\",\"shield:DescribeProtection\",\"shield:DeleteProtection\",\"shield:CreateProtection\",\"iam:ListServerCertificates\",\"iam:GetServerCertificate\",\"cognito-idp:DescribeUserPoolClient\",\"acm:ListCertificates\",\"acm:DescribeCertificate\"],\"Resource\":\"*\"},{\"Effect\":\"Allow\",\"Action\":[\"ec2:RevokeSecurityGroupIngress\",\"ec2:AuthorizeSecurityGroupIngress\"],\"Resource\":\"*\"},{\"Effect\":\"Allow\",\"Action\":\"ec2:CreateSecurityGroup\",\"Resource\":\"*\"},{\"Effect\":\"Allow\",\"Action\":\"ec2:CreateTags\",\"Resource\":\"arn:aws:ec2:*:*:security-group/*\",\"Condition\":{\"Null\":{\"aws:RequestTag/elbv2.k8s.aws/cluster\":\"false\"},\"StringEquals\":{\"ec2:CreateAction\":\"CreateSecurityGroup\"}}},{\"Effect\":\"Allow\",\"Action\":[\"ec2:DeleteTags\",\"ec2:CreateTags\"],\"Resource\":\"arn:aws:ec2:*:*:security-group/*\",\"Condition\":{\"Null\":{\"aws:RequestTag/elbv2.k8s.aws/cluster\":\"true\",\"aws:ResourceTag/elbv2.k8s.aws/cluster\":\"false\"}}},{\"Effect\":\"Allow\",\"Action\":[\"ec2:RevokeSecurityGroupIngress\",\"ec2:DeleteSecurityGroup\",\"ec2:AuthorizeSecurityGroupIngress\"],\"Resource\":\"*\",\"Condition\":{\"Null\":{\"aws:ResourceTag/elbv2.k8s.aws/cluster\":\"false\"}}},{\"Effect\":\"Allow\",\"Action\":[\"elasticloadbalancing:CreateTargetGroup\",\"elasticloadbalancing:CreateLoadBalancer\"],\"Resource\":\"*\",\"Condition\":{\"Null\":{\"aws:RequestTag/elbv2.k8s.aws/cluster\":\"false\"}}},{\"Effect\":\"Allow\",\"Action\":[\"elasticloadbalancing:DeleteRule\",\"elasticloadbalancing:DeleteListener\",\"elasticloadbalancing:CreateRule\",\"elasticloadbalancing:CreateListener\"],\"Resource\":\"*\"},{\"Effect\":\"Allow\",\"Action\":[\"elasticloadbalancing:RemoveTags\",\"elasticloadbalancing:AddTags\"],\"Resource\":[\"arn:aws:elasticloadbalancing:*:*:targetgroup/*/*\",\"arn:aws:elasticloadbalancing:*:*:loadbalancer/net/*/*\",\"arn:aws:elasticloadbalancing:*:*:loadbalancer/app/*/*\"],\"Condition\":{\"Null\":{\"aws:RequestTag/elbv2.k8s.aws/cluster\":\"true\",\"aws:ResourceTag/elbv2.k8s.aws/cluster\":\"false\"}}},{\"Effect\":\"Allow\",\"Action\":[\"elasticloadbalancing:RemoveTags\",\"elasticloadbalancing:AddTags\"],\"Resource\":[\"arn:aws:elasticloadbalancing:*:*:listener/net/*/*/*\",\"arn:aws:elasticloadbalancing:*:*:listener/app/*/*/*\",\"arn:aws:elasticloadbalancing:*:*:listener-rule/net/*/*/*\",\"arn:aws:elasticloadbalancing:*:*:listener-rule/app/*/*/*\"]},{\"Effect\":\"Allow\",\"Action\":[\"elasticloadbalancing:SetSubnets\",\"elasticloadbalancing:SetSecurityGroups\",\"elasticloadbalancing:SetIpAddressType\",\"elasticloadbalancing:ModifyTargetGroupAttributes\",\"elasticloadbalancing:ModifyTargetGroup\",\"elasticloadbalancing:ModifyLoadBalancerAttributes\",\"elasticloadbalancing:ModifyListenerAttributes\",\"elasticloadbalancing:ModifyIpPools\",\"elasticloadbalancing:ModifyCapacityReservation\",\"elasticloadbalancing:DeleteTargetGroup\",\"elasticloadbalancing:DeleteLoadBalancer\"],\"Resource\":\"*\",\"Condition\":{\"Null\":{\"aws:ResourceTag/elbv2.k8s.aws/cluster\":\"false\"}}},{\"Effect\":\"Allow\",\"Action\":\"elasticloadbalancing:AddTags\",\"Resource\":[\"arn:aws:elasticloadbalancing:*:*:targetgroup/*/*\",\"arn:aws:elasticloadbalancing:*:*:loadbalancer/net/*/*\",\"arn:aws:elasticloadbalancing:*:*:loadbalancer/app/*/*\"],\"Condition\":{\"Null\":{\"aws:RequestTag/elbv2.k8s.aws/cluster\":\"false\"},\"StringEquals\":{\"elasticloadbalancing:CreateAction\":[\"CreateTargetGroup\",\"CreateLoadBalancer\"]}}},{\"Effect\":\"Allow\",\"Action\":[\"elasticloadbalancing:RegisterTargets\",\"elasticloadbalancing:DeregisterTargets\"],\"Resource\":\"arn:aws:elasticloadbalancing:*:*:targetgroup/*/*\"},{\"Effect\":\"Allow\",\"Action\":[\"elasticloadbalancing:SetWebAcl\",\"elasticloadbalancing:SetRulePriorities\",\"elasticloadbalancing:RemoveListenerCertificates\",\"elasticloadbalancing:ModifyRule\",\"elasticloadbalancing:ModifyListener\",\"elasticloadbalancing:AddListenerCertificates\"],\"Resource\":\"*\"}]}",
            "override_json": null,
            "override_policy_documents": null,
            "policy_id": null,
            "source_json": null,
            "source_policy_documents": null,
            "statement": [
              {
                "actions": [
                  "iam:CreateServiceLinkedRole"
                ],
                "condition": [
                  {
                    "test": "StringEquals",
                    "values": [
                      "elasticloadbalancing.amazonaws.com"
                    ],
                    "variable": "iam:AWSServiceName"
                  }
                ],
                "effect": "Allow",
                "not_actions": [],
                "not_principals": [],
                "not_resources": [],
                "principals": [],
                "resources": [
                  "*"
                ],
                "sid": ""
              },
              {
                "actions": [
                  "ec2:DescribeAccountAttributes",
                  "ec2:DescribeAddresses",
                  "ec2:DescribeAvailabilityZones",
                  "ec2:DescribeCoipPools",
                  "ec2:DescribeInstances",
                  "ec2:DescribeInternetGateways",
                  "ec2:DescribeIpamPools",
                  "ec2:DescribeNetworkInterfaces",
                  "ec2:DescribeRouteTables",
                  "ec2:DescribeSecurityGroups",
                  "ec2:DescribeSubnets",
                  "ec2:DescribeTags",
                  "ec2:DescribeVpcPeeringConnections",
                  "ec2:DescribeVpcs",
                  "ec2:GetCoipPoolUsage",
                  "ec2:GetSecurityGroupsForVpc",
                  "elasticloadbalancing:DescribeCapacityReservation",
                  "elasticloadbalancing:DescribeListenerAttributes",
                  "elasticloadbalancing:DescribeListenerCertificates",
                  "elasticloadbalancing:DescribeListeners",
                  "elasticloadbalancing:DescribeLoadBalancerAttributes",
                  "elasticloadbalancing:DescribeLoadBalancers",
                  "elasticloadbalancing:DescribeRules",
                  "elasticloadbalancing:DescribeSSLPolicies",
                  "elasticloadbalancing:DescribeTags",
                  "elasticloadbalancing:DescribeTargetGroupAttributes",
                  "elasticloadbalancing:DescribeTargetGroups",
                  "elasticloadbalancing:DescribeTargetHealth",
                  "elasticloadbalancing:DescribeTrustStores"
                ],
                "condition": [],
                "effect": "Allow",
                "not_actions": [],
                "not_principals": [],
                "not_resources": [],
                "principals": [],
                "resources": [
                  "*"
                ],
                "sid": ""
              },
              {
                "actions": [
                  "acm:DescribeCertificate",
                  "acm:ListCertificates",
                  "cognito-idp:DescribeUserPoolClient",
                  "iam:GetServerCertificate",
                  "iam:ListServerCertificates",
                  "shield:CreateProtection",
                  "shield:DeleteProtection",
                  "shield:DescribeProtection",
                  "shield:GetSubscriptionState",
                  "waf-regional:AssociateWebACL",
                  "waf-regional:DisassociateWebACL",
                  "waf-regional:GetWebACL",
                  "waf-regional:GetWebACLForResource",
                  "wafv2:AssociateWebACL",
                  "wafv2:DisassociateWebACL",
                  "wafv2:GetWebACL",
                  "wafv2:GetWebACLForResource"
                ],
                "condition": [],
                "effect": "Allow",
                "not_actions": [],
                "not_principals": [],
                "not_resources": [],
                "principals": [],
                "resources": [
                  "*"
                ],
                "sid": ""
              },
              {
                "actions": [
                  "ec2:AuthorizeSecurityGroupIngress",
                  "ec2:RevokeSecurityGroupIngress"
                ],
                "condition": [],
                "effect": "Allow",
                "not_actions": [],
                "not_principals": [],
                "not_resources": [],
                "principals": [],
                "resources": [
                  "*"
                ],
                "sid": ""
              },
              {
                "actions": [
                  "ec2:CreateSecurityGroup"
                ],
                "condition": [],
                "effect": "Allow",
                "not_actions": [],
                "not_principals": [],
                "not_resources": [],
                "principals": [],
                "resources": [
                  "*"
                ],
                "sid": ""
              },
              {
                "actions": [
                  "ec2:CreateTags"
                ],
                "condition": [
                  {
                    "test": "Null",
                    "values": [
                      "false"
                    ],
                    "variable": "aws:RequestTag/elbv2.k8s.aws/cluster"
                  },
                  {
                    "test": "StringEquals",
                    "values": [
                      "CreateSecurityGroup"
                    ],
                    "variable": "ec2:CreateAction"
                  }
                ],
                "effect": "Allow",
                "not_actions": [],
                "not_principals": [],
                "not_resources": [],
                "principals": [],
                "resources": [
                  "arn:aws:ec2:*:*:security-group/*"
                ],
                "sid": ""
              },
              {
                "actions": [
                  "ec2:CreateTags",
                  "ec2:DeleteTags"
                ],
                "condition": [
                  {
                    "test": "Null",
                    "values": [
                      "false"
                    ],
                    "variable": "aws:ResourceTag/elbv2.k8s.aws/cluster"
                  },
                  {
                    "test": "Null",
                    "values": [
                      "true"
                    ],
                    "variable": "aws:RequestTag/elbv2.k8s.aws/cluster"
                  }
                ],
                "effect": "Allow",
                "not_actions": [],
                "not_principals": [],
                "not_resources": [],
                "principals": [],
                "resources": [
                  "arn:aws:ec2:*:*:security-group/*"
                ],
                "sid": ""
              },
              {
                "actions": [
                  "ec2:AuthorizeSecurityGroupIngress",
                  "ec2:DeleteSecurityGroup",
                  "ec2:RevokeSecurityGroupIngress"
                ],
                "condition": [
                  {
                    "test": "Null",
                    "values": [
                      "false"
                    ],
                    "variable": "aws:ResourceTag/elbv2.k8s.aws/cluster"
                  }
                ],
                "effect": "Allow",
                "not_actions": [],
                "not_principals": [],
                "not_resources": [],
                "principals": [],
                "resources": [
                  "*"
                ],
                "sid": ""
              },
              {
                "actions": [
                  "elasticloadbalancing:CreateLoadBalancer",
                  "elasticloadbalancing:CreateTargetGroup"
                ],
                "condition": [
                  {
                    "test": "Null",
                    "values": [
                      "false"
                    ],
                    "variable": "aws:RequestTag/elbv2.k8s.aws/cluster"
                  }
                ],
                "effect": "Allow",
                "not_actions": [],
                "not_principals": [],
                "not_resources": [],
                "principals": [],
                "resources": [
                  "*"
                ],
                "sid": ""
              },
              {
                "actions": [
                  "elasticloadbalancing:CreateListener",
                  "elasticloadbalancing:CreateRule",
                  "elasticloadbalancing:DeleteListener",
                  "elasticloadbalancing:DeleteRule"
                ],
                "condition": [],
                "effect": "Allow",
                "not_actions": [],
                "not_principals": [],
                "not_resources": [],
                "principals": [],
                "resources": [
                  "*"
                ],
                "sid": ""
              },
              {
                "actions": [
                  "elasticloadbalancing:AddTags",
                  "elasticloadbalancing:RemoveTags"
                ],
                "condition": [
                  {
                    "test": "Null",
                    "values": [
                      "false"
                    ],
                    "variable": "aws:ResourceTag/elbv2.k8s.aws/cluster"
                  },
                  {
                    "test": "Null",
                    "values": [
                      "true"
                    ],
                    "variable": "aws:RequestTag/elbv2.k8s.aws/cluster"
                  }
                ],
                "effect": "Allow",
                "not_actions": [],
                "not_principals": [],
                "not_resources": [],
                "principals": [],
                "resources": [
                  "arn:aws:elasticloadbalancing:*:*:loadbalancer/app/*/*",
                  "arn:aws:elasticloadbalancing:*:*:loadbalancer/net/*/*",
                  "arn:aws:elasticloadbalancing:*:*:targetgroup/*/*"
                ],
                "sid": ""
              },
              {
                "actions": [
                  "elasticloadbalancing:AddTags",
                  "elasticloadbalancing:RemoveTags"
                ],
                "condition": [],
                "effect": "Allow",
                "not_actions": [],
                "not_principals": [],
                "not_resources": [],
                "principals": [],
                "resources": [
                  "arn:aws:elasticloadbalancing:*:*:listener-rule/app/*/*/*",
                  "arn:aws:elasticloadbalancing:*:*:listener-rule/net/*/*/*",
                  "arn:aws:elasticloadbalancing:*:*:listener/app/*/*/*",
                  "arn:aws:elasticloadbalancing:*:*:listener/net/*/*/*"
                ],
                "sid": ""
              },
              {
                "actions": [
                  "elasticloadbalancing:DeleteLoadBalancer",
                  "elasticloadbalancing:DeleteTargetGroup",
                  "elasticloadbalancing:ModifyCapacityReservation",
                  "elasticloadbalancing:ModifyIpPools",
                  "elasticloadbalancing:ModifyListenerAttributes",
                  "elasticloadbalancing:ModifyLoadBalancerAttributes",
                  "elasticloadbalancing:ModifyTargetGroup",
                  "elasticloadbalancing:ModifyTargetGroupAttributes",
                  "elasticloadbalancing:SetIpAddressType",
                  "elasticloadbalancing:SetSecurityGroups",
                  "elasticloadbalancing:SetSubnets"
                ],
                "condition": [
                  {
                    "test": "Null",
                    "values": [
                      "false"
                    ],
                    "variable": "aws:ResourceTag/elbv2.k8s.aws/cluster"
                  }
                ],
                "effect": "Allow",
                "not_actions": [],
                "not_principals": [],
                "not_resources": [],
                "principals": [],
                "resources": [
                  "*"
                ],
                "sid": ""
              },
              {
                "actions": [
                  "elasticloadbalancing:AddTags"
                ],
                "condition": [
                  {
                    "test": "Null",
                    "values": [
                      "false"
                    ],
                    "variable": "aws:RequestTag/elbv2.k8s.aws/cluster"
                  },
                  {
                    "test": "StringEquals",
                    "values": [
                      "CreateTargetGroup",
                      "CreateLoadBalancer"
                    ],
                    "variable": "elasticloadbalancing:CreateAction"
                  }
                ],
                "effect": "Allow",
                "not_actions": [],
                "not_principals": [],
                "not_resources": [],
                "principals": [],
                "resources": [
                  "arn:aws:elasticloadbalancing:*:*:loadbalancer/app/*/*",
                  "arn:aws:elasticloadbalancing:*:*:loadbalancer/net/*/*",
                  "arn:aws:elasticloadbalancing:*:*:targetgroup/*/*"
                ],
                "sid": ""
              },
              {
                "actions": [
                  "elasticloadbalancing:DeregisterTargets",
                  "elasticloadbalancing:RegisterTargets"
                ],
                "condition": [],
                "effect": "Allow",
                "not_actions": [],
                "not_principals": [],
                "not_resources": [],
                "principals": [],
                "resources": [
                  "arn:aws:elasticloadbalancing:*:*:targetgroup/*/*"
                ],
                "sid": ""
              },
              {
                "actions": [
                  "elasticloadbalancing:AddListenerCertificates",
                  "elasticloadbalancing:ModifyListener",
                  "elasticloadbalancing:ModifyRule",
                  "elasticloadbalancing:RemoveListenerCertificates",
                  "elasticloadbalancing:SetRulePriorities",
                  "elasticloadbalancing:SetWebAcl"
                ],
                "condition": [],
                "effect": "Allow",
                "not_actions": [],
                "not_principals": [],
                "not_resources": [],
                "principals": [],
                "resources": [
                  "*"
                ],
                "sid": ""
              }
            ],
            "version": "2012-10-17"
          },
          "sensitive_attributes": [],
          "identity_schema_version": 0
        }
      ]
    },
    {
      "module": "module.lb_role",
      "mode": "data",
      "type": "aws_iam_policy_document",
      "name": "this",
      "provider": "provider[\"registry.terraform.io/hashicorp/aws\"]",
      "instances": [
        {
          "index_key": 0,
          "schema_version": 0,
          "attributes": {
            "id": "470527981",
            "json": "{\n  \"Version\": \"2012-10-17\",\n  \"Statement\": [\n    {\n      \"Effect\": \"Allow\",\n      \"Action\": \"sts:AssumeRoleWithWebIdentity\",\n      \"Principal\": {\n        \"Federated\": \"arn:aws:iam::739961805636:oidc-provider/oidc.eks.ap-northeast-2.amazonaws.com/id/CE0FD627FE3D64716EAF7499F1B5F7E3\"\n      },\n      \"Condition\": {\n        \"StringEquals\": {\n          \"oidc.eks.ap-northeast-2.amazonaws.com/id/CE0FD627FE3D64716EAF7499F1B5F7E3:aud\": \"sts.amazonaws.com\",\n          \"oidc.eks.ap-northeast-2.amazonaws.com/id/CE0FD627FE3D64716EAF7499F1B5F7E3:sub\": \"system:serviceaccount:kube-system:aws-load-balancer-controller\"\n        }\n      }\n    }\n  ]\n}",
            "minified_json": "{\"Version\":\"2012-10-17\",\"Statement\":[{\"Effect\":\"Allow\",\"Action\":\"sts:AssumeRoleWithWebIdentity\",\"Principal\":{\"Federated\":\"arn:aws:iam::739961805636:oidc-provider/oidc.eks.ap-northeast-2.amazonaws.com/id/CE0FD627FE3D64716EAF7499F1B5F7E3\"},\"Condition\":{\"StringEquals\":{\"oidc.eks.ap-northeast-2.amazonaws.com/id/CE0FD627FE3D64716EAF7499F1B5F7E3:aud\":\"sts.amazonaws.com\",\"oidc.eks.ap-northeast-2.amazonaws.com/id/CE0FD627FE3D64716EAF7499F1B5F7E3:sub\":\"system:serviceaccount:kube-system:aws-load-balancer-controller\"}}}]}",
            "override_json": null,
            "override_policy_documents": null,
            "policy_id": null,
            "source_json": null,
            "source_policy_documents": null,
            "statement": [
              {
                "actions": [
                  "sts:AssumeRoleWithWebIdentity"
                ],
                "condition": [
                  {
                    "test": "StringEquals",
                    "values": [
                      "sts.amazonaws.com"
                    ],
                    "variable": "oidc.eks.ap-northeast-2.amazonaws.com/id/CE0FD627FE3D64716EAF7499F1B5F7E3:aud"
                  },
                  {
                    "test": "StringEquals",
                    "values": [
                      "system:serviceaccount:kube-system:aws-load-balancer-controller"
                    ],
                    "variable": "oidc.eks.ap-northeast-2.amazonaws.com/id/CE0FD627FE3D64716EAF7499F1B5F7E3:sub"
                  }
                ],
                "effect": "Allow",
                "not_actions": [],
                "not_principals": [],
                "not_resources": [],
                "principals": [
                  {
                    "identifiers": [
                      "arn:aws:iam::739961805636:oidc-provider/oidc.eks.ap-northeast-2.amazonaws.com/id/CE0FD627FE3D64716EAF7499F1B5F7E3"
                    ],
                    "type": "Federated"
                  }
                ],
                "resources": [],
                "sid": ""
              }
            ],
            "version": "2012-10-17"
          },
          "sensitive_attributes": [],
          "identity_schema_version": 0
        }
      ]
    },
    {
      "module": "module.lb_role",
      "mode": "data",
      "type": "aws_partition",
      "name": "current",
      "provider": "provider[\"registry.terraform.io/hashicorp/aws\"]",
      "instances": [
        {
          "schema_version": 0,
          "attributes": {
            "dns_suffix": "amazonaws.com",
            "id": "aws",
            "partition": "aws",
            "reverse_dns_prefix": "com.amazonaws"
          },
          "sensitive_attributes": [],
          "identity_schema_version": 0
        }
      ]
    },
    {
      "module": "module.lb_role",
      "mode": "data",
      "type": "aws_region",
      "name": "current",
      "provider": "provider[\"registry.terraform.io/hashicorp/aws\"]",
      "instances": [
        {
          "schema_version": 0,
          "attributes": {
            "description": "Asia Pacific (Seoul)",
            "endpoint": "ec2.ap-northeast-2.amazonaws.com",
            "id": "ap-northeast-2",
            "name": "ap-northeast-2"
          },
          "sensitive_attributes": [],
          "identity_schema_version": 0
        }
      ]
    },
    {
      "module": "module.lb_role",
      "mode": "managed",
      "type": "aws_iam_policy",
      "name": "load_balancer_controller",
      "provider": "provider[\"registry.terraform.io/hashicorp/aws\"]",
      "instances": [
        {
          "index_key": 0,
          "schema_version": 0,
          "attributes": {
            "arn": "arn:aws:iam::739961805636:policy/AmazonEKS_AWS_Load_Balancer_Controller-20260227013203321400000004",
            "attachment_count": 1,
            "description": "Provides permissions for AWS Load Balancer Controller addon",
            "id": "arn:aws:iam::739961805636:policy/AmazonEKS_AWS_Load_Balancer_Controller-20260227013203321400000004",
            "name": "AmazonEKS_AWS_Load_Balancer_Controller-20260227013203321400000004",
            "name_prefix": "AmazonEKS_AWS_Load_Balancer_Controller-",
            "path": "/",
            "policy": "{\"Statement\":[{\"Action\":\"iam:CreateServiceLinkedRole\",\"Condition\":{\"StringEquals\":{\"iam:AWSServiceName\":\"elasticloadbalancing.amazonaws.com\"}},\"Effect\":\"Allow\",\"Resource\":\"*\"},{\"Action\":[\"elasticloadbalancing:DescribeTrustStores\",\"elasticloadbalancing:DescribeTargetHealth\",\"elasticloadbalancing:DescribeTargetGroups\",\"elasticloadbalancing:DescribeTargetGroupAttributes\",\"elasticloadbalancing:DescribeTags\",\"elasticloadbalancing:DescribeSSLPolicies\",\"elasticloadbalancing:DescribeRules\",\"elasticloadbalancing:DescribeLoadBalancers\",\"elasticloadbalancing:DescribeLoadBalancerAttributes\",\"elasticloadbalancing:DescribeListeners\",\"elasticloadbalancing:DescribeListenerCertificates\",\"elasticloadbalancing:DescribeListenerAttributes\",\"elasticloadbalancing:DescribeCapacityReservation\",\"ec2:GetSecurityGroupsForVpc\",\"ec2:GetCoipPoolUsage\",\"ec2:DescribeVpcs\",\"ec2:DescribeVpcPeeringConnections\",\"ec2:DescribeTags\",\"ec2:DescribeSubnets\",\"ec2:DescribeSecurityGroups\",\"ec2:DescribeRouteTables\",\"ec2:DescribeNetworkInterfaces\",\"ec2:DescribeIpamPools\",\"ec2:DescribeInternetGateways\",\"ec2:DescribeInstances\",\"ec2:DescribeCoipPools\",\"ec2:DescribeAvailabilityZones\",\"ec2:DescribeAddresses\",\"ec2:DescribeAccountAttributes\"],\"Effect\":\"Allow\",\"Resource\":\"*\"},{\"Action\":[\"wafv2:GetWebACLForResource\",\"wafv2:GetWebACL\",\"wafv2:DisassociateWebACL\",\"wafv2:AssociateWebACL\",\"waf-regional:GetWebACLForResource\",\"waf-regional:GetWebACL\",\"waf-regional:DisassociateWebACL\",\"waf-regional:AssociateWebACL\",\"shield:GetSubscriptionState\",\"shield:DescribeProtection\",\"shield:DeleteProtection\",\"shield:CreateProtection\",\"iam:ListServerCertificates\",\"iam:GetServerCertificate\",\"cognito-idp:DescribeUserPoolClient\",\"acm:ListCertificates\",\"acm:DescribeCertificate\"],\"Effect\":\"Allow\",\"Resource\":\"*\"},{\"Action\":[\"ec2:RevokeSecurityGroupIngress\",\"ec2:AuthorizeSecurityGroupIngress\"],\"Effect\":\"Allow\",\"Resource\":\"*\"},{\"Action\":\"ec2:CreateSecurityGroup\",\"Effect\":\"Allow\",\"Resource\":\"*\"},{\"Action\":\"ec2:CreateTags\",\"Condition\":{\"Null\":{\"aws:RequestTag/elbv2.k8s.aws/cluster\":\"false\"},\"StringEquals\":{\"ec2:CreateAction\":\"CreateSecurityGroup\"}},\"Effect\":\"Allow\",\"Resource\":\"arn:aws:ec2:*:*:security-group/*\"},{\"Action\":[\"ec2:DeleteTags\",\"ec2:CreateTags\"],\"Condition\":{\"Null\":{\"aws:RequestTag/elbv2.k8s.aws/cluster\":\"true\",\"aws:ResourceTag/elbv2.k8s.aws/cluster\":\"false\"}},\"Effect\":\"Allow\",\"Resource\":\"arn:aws:ec2:*:*:security-group/*\"},{\"Action\":[\"ec2:RevokeSecurityGroupIngress\",\"ec2:DeleteSecurityGroup\",\"ec2:AuthorizeSecurityGroupIngress\"],\"Condition\":{\"Null\":{\"aws:ResourceTag/elbv2.k8s.aws/cluster\":\"false\"}},\"Effect\":\"Allow\",\"Resource\":\"*\"},{\"Action\":[\"elasticloadbalancing:CreateTargetGroup\",\"elasticloadbalancing:CreateLoadBalancer\"],\"Condition\":{\"Null\":{\"aws:RequestTag/elbv2.k8s.aws/cluster\":\"false\"}},\"Effect\":\"Allow\",\"Resource\":\"*\"},{\"Action\":[\"elasticloadbalancing:DeleteRule\",\"elasticloadbalancing:DeleteListener\",\"elasticloadbalancing:CreateRule\",\"elasticloadbalancing:CreateListener\"],\"Effect\":\"Allow\",\"Resource\":\"*\"},{\"Action\":[\"elasticloadbalancing:RemoveTags\",\"elasticloadbalancing:AddTags\"],\"Condition\":{\"Null\":{\"aws:RequestTag/elbv2.k8s.aws/cluster\":\"true\",\"aws:ResourceTag/elbv2.k8s.aws/cluster\":\"false\"}},\"Effect\":\"Allow\",\"Resource\":[\"arn:aws:elasticloadbalancing:*:*:targetgroup/*/*\",\"arn:aws:elasticloadbalancing:*:*:loadbalancer/net/*/*\",\"arn:aws:elasticloadbalancing:*:*:loadbalancer/app/*/*\"]},{\"Action\":[\"elasticloadbalancing:RemoveTags\",\"elasticloadbalancing:AddTags\"],\"Effect\":\"Allow\",\"Resource\":[\"arn:aws:elasticloadbalancing:*:*:listener/net/*/*/*\",\"arn:aws:elasticloadbalancing:*:*:listener/app/*/*/*\",\"arn:aws:elasticloadbalancing:*:*:listener-rule/net/*/*/*\",\"arn:aws:elasticloadbalancing:*:*:listener-rule/app/*/*/*\"]},{\"Action\":[\"elasticloadbalancing:SetSubnets\",\"elasticloadbalancing:SetSecurityGroups\",\"elasticloadbalancing:SetIpAddressType\",\"elasticloadbalancing:ModifyTargetGroupAttributes\",\"elasticloadbalancing:ModifyTargetGroup\",\"elasticloadbalancing:ModifyLoadBalancerAttributes\",\"elasticloadbalancing:ModifyListenerAttributes\",\"elasticloadbalancing:ModifyIpPools\",\"elasticloadbalancing:ModifyCapacityReservation\",\"elasticloadbalancing:DeleteTargetGroup\",\"elasticloadbalancing:DeleteLoadBalancer\"],\"Condition\":{\"Null\":{\"aws:ResourceTag/elbv2.k8s.aws/cluster\":\"false\"}},\"Effect\":\"Allow\",\"Resource\":\"*\"},{\"Action\":\"elasticloadbalancing:AddTags\",\"Condition\":{\"Null\":{\"aws:RequestTag/elbv2.k8s.aws/cluster\":\"false\"},\"StringEquals\":{\"elasticloadbalancing:CreateAction\":[\"CreateTargetGroup\",\"CreateLoadBalancer\"]}},\"Effect\":\"Allow\",\"Resource\":[\"arn:aws:elasticloadbalancing:*:*:targetgroup/*/*\",\"arn:aws:elasticloadbalancing:*:*:loadbalancer/net/*/*\",\"arn:aws:elasticloadbalancing:*:*:loadbalancer/app/*/*\"]},{\"Action\":[\"elasticloadbalancing:RegisterTargets\",\"elasticloadbalancing:DeregisterTargets\"],\"Effect\":\"Allow\",\"Resource\":\"arn:aws:elasticloadbalancing:*:*:targetgroup/*/*\"},{\"Action\":[\"elasticloadbalancing:SetWebAcl\",\"elasticloadbalancing:SetRulePriorities\",\"elasticloadbalancing:RemoveListenerCertificates\",\"elasticloadbalancing:ModifyRule\",\"elasticloadbalancing:ModifyListener\",\"elasticloadbalancing:AddListenerCertificates\"],\"Effect\":\"Allow\",\"Resource\":\"*\"}],\"Version\":\"2012-10-17\"}",
            "policy_id": "ANPA2YSJJDNCDIHR3GCJU",
            "tags": {},
            "tags_all": {}
          },
          "sensitive_attributes": [],
          "identity_schema_version": 0,
          "private": "bnVsbA==",
          "dependencies": [
            "module.lb_role.data.aws_iam_policy_document.load_balancer_controller",
            "module.lb_role.data.aws_partition.current"
          ]
        }
      ]
    },
    {
      "module": "module.lb_role",
      "mode": "managed",
      "type": "aws_iam_role",
      "name": "this",
      "provider": "provider[\"registry.terraform.io/hashicorp/aws\"]",
      "instances": [
        {
          "index_key": 0,
          "schema_version": 0,
          "attributes": {
            "arn": "arn:aws:iam::739961805636:role/eks-mod-lb-controller",
            "assume_role_policy": "{\"Statement\":[{\"Action\":\"sts:AssumeRoleWithWebIdentity\",\"Condition\":{\"StringEquals\":{\"oidc.eks.ap-northeast-2.amazonaws.com/id/CE0FD627FE3D64716EAF7499F1B5F7E3:aud\":\"sts.amazonaws.com\",\"oidc.eks.ap-northeast-2.amazonaws.com/id/CE0FD627FE3D64716EAF7499F1B5F7E3:sub\":\"system:serviceaccount:kube-system:aws-load-balancer-controller\"}},\"Effect\":\"Allow\",\"Principal\":{\"Federated\":\"arn:aws:iam::739961805636:oidc-provider/oidc.eks.ap-northeast-2.amazonaws.com/id/CE0FD627FE3D64716EAF7499F1B5F7E3\"}}],\"Version\":\"2012-10-17\"}",
            "create_date": "2026-02-27T01:41:23Z",
            "description": "",
            "force_detach_policies": true,
            "id": "eks-mod-lb-controller",
            "inline_policy": [],
            "managed_policy_arns": [
              "arn:aws:iam::739961805636:policy/AmazonEKS_AWS_Load_Balancer_Controller-20260227013203321400000004"
            ],
            "max_session_duration": 3600,
            "name": "eks-mod-lb-controller",
            "name_prefix": "",
            "path": "/",
            "permissions_boundary": "",
            "tags": {},
            "tags_all": {},
            "unique_id": "AROA2YSJJDNCMP35T7UCA"
          },
          "sensitive_attributes": [],
          "identity_schema_version": 0,
          "private": "bnVsbA==",
          "dependencies": [
            "module.eks_mod.aws_cloudwatch_log_group.this",
            "module.eks_mod.aws_eks_cluster.this",
            "module.eks_mod.aws_iam_openid_connect_provider.oidc_provider",
            "module.eks_mod.aws_iam_policy.cni_ipv6_policy",
            "module.eks_mod.aws_iam_role.eks_auto",
            "module.eks_mod.aws_iam_role.this",
            "module.eks_mod.aws_iam_role_policy_attachment.this",
            "module.eks_mod.aws_security_group.cluster",
            "module.eks_mod.aws_security_group.node",
            "module.eks_mod.aws_security_group_rule.cluster",
            "module.eks_mod.aws_security_group_rule.node",
            "module.eks_mod.data.aws_caller_identity.current",
            "module.eks_mod.data.aws_iam_policy_document.assume_role_policy",
            "module.eks_mod.data.aws_iam_policy_document.cni_ipv6_policy",
            "module.eks_mod.data.aws_iam_policy_document.node_assume_role_policy",
            "module.eks_mod.data.aws_iam_session_context.current",
            "module.eks_mod.data.aws_partition.current",
            "module.eks_mod.data.tls_certificate.this",
            "module.eks_mod.module.kms.aws_kms_external_key.this",
            "module.eks_mod.module.kms.aws_kms_key.this",
            "module.eks_mod.module.kms.aws_kms_replica_external_key.this",
            "module.eks_mod.module.kms.aws_kms_replica_key.this",
            "module.eks_mod.module.kms.data.aws_caller_identity.current",
            "module.eks_mod.module.kms.data.aws_iam_policy_document.this",
            "module.eks_mod.module.kms.data.aws_partition.current",
            "module.lb_role.data.aws_caller_identity.current",
            "module.lb_role.data.aws_iam_policy_document.this",
            "module.lb_role.data.aws_partition.current",
            "module.vpc_mod.aws_subnet.private",
            "module.vpc_mod.aws_vpc.this",
            "module.vpc_mod.aws_vpc_ipv4_cidr_block_association.this"
          ]
        }
      ]
    },
    {
      "module": "module.lb_role",
      "mode": "managed",
      "type": "aws_iam_role_policy_attachment",
      "name": "load_balancer_controller",
      "provider": "provider[\"registry.terraform.io/hashicorp/aws\"]",
      "instances": [
        {
          "index_key": 0,
          "schema_version": 0,
          "attributes": {
            "id": "eks-mod-lb-controller-20260227014125645000000014",
            "policy_arn": "arn:aws:iam::739961805636:policy/AmazonEKS_AWS_Load_Balancer_Controller-20260227013203321400000004",
            "role": "eks-mod-lb-controller"
          },
          "sensitive_attributes": [],
          "identity_schema_version": 0,
          "private": "bnVsbA==",
          "dependencies": [
            "module.eks_mod.aws_cloudwatch_log_group.this",
            "module.eks_mod.aws_eks_cluster.this",
            "module.eks_mod.aws_iam_openid_connect_provider.oidc_provider",
            "module.eks_mod.aws_iam_policy.cni_ipv6_policy",
            "module.eks_mod.aws_iam_role.eks_auto",
            "module.eks_mod.aws_iam_role.this",
            "module.eks_mod.aws_iam_role_policy_attachment.this",
            "module.eks_mod.aws_security_group.cluster",
            "module.eks_mod.aws_security_group.node",
            "module.eks_mod.aws_security_group_rule.cluster",
            "module.eks_mod.aws_security_group_rule.node",
            "module.eks_mod.data.aws_caller_identity.current",
            "module.eks_mod.data.aws_iam_policy_document.assume_role_policy",
            "module.eks_mod.data.aws_iam_policy_document.cni_ipv6_policy",
            "module.eks_mod.data.aws_iam_policy_document.node_assume_role_policy",
            "module.eks_mod.data.aws_iam_session_context.current",
            "module.eks_mod.data.aws_partition.current",
            "module.eks_mod.data.tls_certificate.this",
            "module.eks_mod.module.kms.aws_kms_external_key.this",
            "module.eks_mod.module.kms.aws_kms_key.this",
            "module.eks_mod.module.kms.aws_kms_replica_external_key.this",
            "module.eks_mod.module.kms.aws_kms_replica_key.this",
            "module.eks_mod.module.kms.data.aws_caller_identity.current",
            "module.eks_mod.module.kms.data.aws_iam_policy_document.this",
            "module.eks_mod.module.kms.data.aws_partition.current",
            "module.lb_role.aws_iam_policy.load_balancer_controller",
            "module.lb_role.aws_iam_role.this",
            "module.lb_role.data.aws_caller_identity.current",
            "module.lb_role.data.aws_iam_policy_document.load_balancer_controller",
            "module.lb_role.data.aws_iam_policy_document.this",
            "module.lb_role.data.aws_partition.current",
            "module.vpc_mod.aws_subnet.private",
            "module.vpc_mod.aws_vpc.this",
            "module.vpc_mod.aws_vpc_ipv4_cidr_block_association.this"
          ]
        }
      ]
    },
    {
      "module": "module.vpc_mod",
      "mode": "managed",
      "type": "aws_default_network_acl",
      "name": "this",
      "provider": "provider[\"registry.terraform.io/hashicorp/aws\"]",
      "instances": [
        {
          "index_key": 0,
          "schema_version": 0,
          "attributes": {
            "arn": "arn:aws:ec2:ap-northeast-2:739961805636:network-acl/acl-09a46f81d985787c5",
            "default_network_acl_id": "acl-09a46f81d985787c5",
            "egress": [
              {
                "action": "allow",
                "cidr_block": "",
                "from_port": 0,
                "icmp_code": 0,
                "icmp_type": 0,
                "ipv6_cidr_block": "::/0",
                "protocol": "-1",
                "rule_no": 101,
                "to_port": 0
              },
              {
                "action": "allow",
                "cidr_block": "0.0.0.0/0",
                "from_port": 0,
                "icmp_code": 0,
                "icmp_type": 0,
                "ipv6_cidr_block": "",
                "protocol": "-1",
                "rule_no": 100,
                "to_port": 0
              }
            ],
            "id": "acl-09a46f81d985787c5",
            "ingress": [
              {
                "action": "allow",
                "cidr_block": "",
                "from_port": 0,
                "icmp_code": 0,
                "icmp_type": 0,
                "ipv6_cidr_block": "::/0",
                "protocol": "-1",
                "rule_no": 101,
                "to_port": 0
              },
              {
                "action": "allow",
                "cidr_block": "0.0.0.0/0",
                "from_port": 0,
                "icmp_code": 0,
                "icmp_type": 0,
                "ipv6_cidr_block": "",
                "protocol": "-1",
                "rule_no": 100,
                "to_port": 0
              }
            ],
            "owner_id": "739961805636",
            "subnet_ids": [
              "subnet-0187b1022fe511046",
              "subnet-0a6bed9d0c87f7168",
              "subnet-0b8fb8d9ff2618a55",
              "subnet-0c99f8ac5cd489932"
            ],
            "tags": {
              "Name": "terraform-01-mod-default",
              "project": "eks-mod"
            },
            "tags_all": {
              "Name": "terraform-01-mod-default",
              "project": "eks-mod"
            },
            "vpc_id": "vpc-01bc425b97e51fd71"
          },
          "sensitive_attributes": [],
          "identity_schema_version": 0,
          "private": "bnVsbA==",
          "dependencies": [
            "module.vpc_mod.aws_vpc.this"
          ]
        }
      ]
    },
    {
      "module": "module.vpc_mod",
      "mode": "managed",
      "type": "aws_default_route_table",
      "name": "default",
      "provider": "provider[\"registry.terraform.io/hashicorp/aws\"]",
      "instances": [
        {
          "index_key": 0,
          "schema_version": 0,
          "attributes": {
            "arn": "arn:aws:ec2:ap-northeast-2:739961805636:route-table/rtb-02b3cd39b1a6ef675",
            "default_route_table_id": "rtb-02b3cd39b1a6ef675",
            "id": "rtb-02b3cd39b1a6ef675",
            "owner_id": "739961805636",
            "propagating_vgws": [],
            "route": [],
            "tags": {
              "Name": "terraform-01-mod-default",
              "project": "eks-mod"
            },
            "tags_all": {
              "Name": "terraform-01-mod-default",
              "project": "eks-mod"
            },
            "timeouts": {
              "create": "5m",
              "update": "5m"
            },
            "vpc_id": "vpc-01bc425b97e51fd71"
          },
          "sensitive_attributes": [],
          "identity_schema_version": 0,
          "private": "eyJlMmJmYjczMC1lY2FhLTExZTYtOGY4OC0zNDM2M2JjN2M0YzAiOnsiY3JlYXRlIjozMDAwMDAwMDAwMDAsInVwZGF0ZSI6MzAwMDAwMDAwMDAwfX0=",
          "dependencies": [
            "module.vpc_mod.aws_vpc.this"
          ]
        }
      ]
    },
    {
      "module": "module.vpc_mod",
      "mode": "managed",
      "type": "aws_default_security_group",
      "name": "this",
      "provider": "provider[\"registry.terraform.io/hashicorp/aws\"]",
      "instances": [
        {
          "index_key": 0,
          "schema_version": 1,
          "attributes": {
            "arn": "arn:aws:ec2:ap-northeast-2:739961805636:security-group/sg-0031180c83badfbda",
            "description": "default VPC security group",
            "egress": [],
            "id": "sg-0031180c83badfbda",
            "ingress": [],
            "name": "default",
            "name_prefix": "",
            "owner_id": "739961805636",
            "revoke_rules_on_delete": false,
            "tags": {
              "Name": "terraform-01-mod-default",
              "project": "eks-mod"
            },
            "tags_all": {
              "Name": "terraform-01-mod-default",
              "project": "eks-mod"
            },
            "vpc_id": "vpc-01bc425b97e51fd71"
          },
          "sensitive_attributes": [],
          "identity_schema_version": 0,
          "private": "eyJzY2hlbWFfdmVyc2lvbiI6IjEifQ==",
          "dependencies": [
            "module.vpc_mod.aws_vpc.this"
          ]
        }
      ]
    },
    {
      "module": "module.vpc_mod",
      "mode": "managed",
      "type": "aws_eip",
      "name": "nat",
      "provider": "provider[\"registry.terraform.io/hashicorp/aws\"]",
      "instances": [
        {
          "index_key": 0,
          "schema_version": 0,
          "attributes": {
            "address": null,
            "allocation_id": "eipalloc-0427e1443e98af1c0",
            "arn": "arn:aws:ec2:ap-northeast-2:739961805636:elastic-ip/eipalloc-0427e1443e98af1c0",
            "associate_with_private_ip": null,
            "association_id": "eipassoc-078890707d180e4dd",
            "carrier_ip": "",
            "customer_owned_ip": "",
            "customer_owned_ipv4_pool": "",
            "domain": "vpc",
            "id": "eipalloc-0427e1443e98af1c0",
            "instance": "",
            "ipam_pool_id": null,
            "network_border_group": "ap-northeast-2",
            "network_interface": "eni-011fa4318ca3b29d0",
            "private_dns": "ip-10-10-1-220.ap-northeast-2.compute.internal",
            "private_ip": "10.10.1.220",
            "ptr_record": "",
            "public_dns": "ec2-43-203-33-6.ap-northeast-2.compute.amazonaws.com",
            "public_ip": "43.203.33.6",
            "public_ipv4_pool": "amazon",
            "tags": {
              "Name": "terraform-01-mod-ap-northeast-2a",
              "project": "eks-mod"
            },
            "tags_all": {
              "Name": "terraform-01-mod-ap-northeast-2a",
              "project": "eks-mod"
            },
            "timeouts": null,
            "vpc": true
          },
          "sensitive_attributes": [],
          "identity_schema_version": 0,
          "private": "eyJlMmJmYjczMC1lY2FhLTExZTYtOGY4OC0zNDM2M2JjN2M0YzAiOnsiZGVsZXRlIjoxODAwMDAwMDAwMDAsInJlYWQiOjkwMDAwMDAwMDAwMCwidXBkYXRlIjozMDAwMDAwMDAwMDB9fQ==",
          "dependencies": [
            "module.vpc_mod.aws_internet_gateway.this",
            "module.vpc_mod.aws_vpc.this",
            "module.vpc_mod.aws_vpc_ipv4_cidr_block_association.this"
          ]
        }
      ]
    },
    {
      "module": "module.vpc_mod",
      "mode": "managed",
      "type": "aws_internet_gateway",
      "name": "this",
      "provider": "provider[\"registry.terraform.io/hashicorp/aws\"]",
      "instances": [
        {
          "index_key": 0,
          "schema_version": 0,
          "attributes": {
            "arn": "arn:aws:ec2:ap-northeast-2:739961805636:internet-gateway/igw-069de879020642857",
            "id": "igw-069de879020642857",
            "owner_id": "739961805636",
            "tags": {
              "Name": "terraform-01-mod",
              "project": "eks-mod"
            },
            "tags_all": {
              "Name": "terraform-01-mod",
              "project": "eks-mod"
            },
            "timeouts": null,
            "vpc_id": "vpc-01bc425b97e51fd71"
          },
          "sensitive_attributes": [],
          "identity_schema_version": 0,
          "private": "eyJlMmJmYjczMC1lY2FhLTExZTYtOGY4OC0zNDM2M2JjN2M0YzAiOnsiY3JlYXRlIjoxMjAwMDAwMDAwMDAwLCJkZWxldGUiOjEyMDAwMDAwMDAwMDAsInVwZGF0ZSI6MTIwMDAwMDAwMDAwMH19",
          "dependencies": [
            "module.vpc_mod.aws_vpc.this",
            "module.vpc_mod.aws_vpc_ipv4_cidr_block_association.this"
          ]
        }
      ]
    },
    {
      "module": "module.vpc_mod",
      "mode": "managed",
      "type": "aws_nat_gateway",
      "name": "this",
      "provider": "provider[\"registry.terraform.io/hashicorp/aws\"]",
      "instances": [
        {
          "index_key": 0,
          "schema_version": 0,
          "attributes": {
            "allocation_id": "eipalloc-0427e1443e98af1c0",
            "association_id": "eipassoc-078890707d180e4dd",
            "connectivity_type": "public",
            "id": "nat-04a2cbc6bf7ea93f8",
            "network_interface_id": "eni-011fa4318ca3b29d0",
            "private_ip": "10.10.1.220",
            "public_ip": "43.203.33.6",
            "secondary_allocation_ids": [],
            "secondary_private_ip_address_count": 0,
            "secondary_private_ip_addresses": [],
            "subnet_id": "subnet-0187b1022fe511046",
            "tags": {
              "Name": "terraform-01-mod-ap-northeast-2a",
              "project": "eks-mod"
            },
            "tags_all": {
              "Name": "terraform-01-mod-ap-northeast-2a",
              "project": "eks-mod"
            },
            "timeouts": null
          },
          "sensitive_attributes": [],
          "identity_schema_version": 0,
          "private": "eyJlMmJmYjczMC1lY2FhLTExZTYtOGY4OC0zNDM2M2JjN2M0YzAiOnsiY3JlYXRlIjo2MDAwMDAwMDAwMDAsImRlbGV0ZSI6MTgwMDAwMDAwMDAwMCwidXBkYXRlIjo2MDAwMDAwMDAwMDB9fQ==",
          "dependencies": [
            "module.vpc_mod.aws_eip.nat",
            "module.vpc_mod.aws_internet_gateway.this",
            "module.vpc_mod.aws_subnet.public",
            "module.vpc_mod.aws_vpc.this",
            "module.vpc_mod.aws_vpc_ipv4_cidr_block_association.this"
          ]
        }
      ]
    },
    {
      "module": "module.vpc_mod",
      "mode": "managed",
      "type": "aws_route",
      "name": "private_nat_gateway",
      "provider": "provider[\"registry.terraform.io/hashicorp/aws\"]",
      "instances": [
        {
          "index_key": 0,
          "schema_version": 0,
          "attributes": {
            "carrier_gateway_id": "",
            "core_network_arn": "",
            "destination_cidr_block": "0.0.0.0/0",
            "destination_ipv6_cidr_block": "",
            "destination_prefix_list_id": "",
            "egress_only_gateway_id": "",
            "gateway_id": "",
            "id": "r-rtb-0ad23532e5983906f1080289494",
            "instance_id": "",
            "instance_owner_id": "",
            "local_gateway_id": "",
            "nat_gateway_id": "nat-04a2cbc6bf7ea93f8",
            "network_interface_id": "",
            "origin": "CreateRoute",
            "route_table_id": "rtb-0ad23532e5983906f",
            "state": "active",
            "timeouts": {
              "create": "5m",
              "delete": null,
              "update": null
            },
            "transit_gateway_id": "",
            "vpc_endpoint_id": "",
            "vpc_peering_connection_id": ""
          },
          "sensitive_attributes": [],
          "identity_schema_version": 0,
          "private": "eyJlMmJmYjczMC1lY2FhLTExZTYtOGY4OC0zNDM2M2JjN2M0YzAiOnsiY3JlYXRlIjozMDAwMDAwMDAwMDAsImRlbGV0ZSI6MzAwMDAwMDAwMDAwLCJ1cGRhdGUiOjEyMDAwMDAwMDAwMH19",
          "dependencies": [
            "module.vpc_mod.aws_eip.nat",
            "module.vpc_mod.aws_internet_gateway.this",
            "module.vpc_mod.aws_nat_gateway.this",
            "module.vpc_mod.aws_route_table.private",
            "module.vpc_mod.aws_subnet.public",
            "module.vpc_mod.aws_vpc.this",
            "module.vpc_mod.aws_vpc_ipv4_cidr_block_association.this"
          ]
        }
      ]
    },
    {
      "module": "module.vpc_mod",
      "mode": "managed",
      "type": "aws_route",
      "name": "public_internet_gateway",
      "provider": "provider[\"registry.terraform.io/hashicorp/aws\"]",
      "instances": [
        {
          "index_key": 0,
          "schema_version": 0,
          "attributes": {
            "carrier_gateway_id": "",
            "core_network_arn": "",
            "destination_cidr_block": "0.0.0.0/0",
            "destination_ipv6_cidr_block": "",
            "destination_prefix_list_id": "",
            "egress_only_gateway_id": "",
            "gateway_id": "igw-069de879020642857",
            "id": "r-rtb-0718c4df6da04bdcd1080289494",
            "instance_id": "",
            "instance_owner_id": "",
            "local_gateway_id": "",
            "nat_gateway_id": "",
            "network_interface_id": "",
            "origin": "CreateRoute",
            "route_table_id": "rtb-0718c4df6da04bdcd",
            "state": "active",
            "timeouts": {
              "create": "5m",
              "delete": null,
              "update": null
            },
            "transit_gateway_id": "",
            "vpc_endpoint_id": "",
            "vpc_peering_connection_id": ""
          },
          "sensitive_attributes": [],
          "identity_schema_version": 0,
          "private": "eyJlMmJmYjczMC1lY2FhLTExZTYtOGY4OC0zNDM2M2JjN2M0YzAiOnsiY3JlYXRlIjozMDAwMDAwMDAwMDAsImRlbGV0ZSI6MzAwMDAwMDAwMDAwLCJ1cGRhdGUiOjEyMDAwMDAwMDAwMH19",
          "dependencies": [
            "module.vpc_mod.aws_internet_gateway.this",
            "module.vpc_mod.aws_route_table.public",
            "module.vpc_mod.aws_vpc.this",
            "module.vpc_mod.aws_vpc_ipv4_cidr_block_association.this"
          ]
        }
      ]
    },
    {
      "module": "module.vpc_mod",
      "mode": "managed",
      "type": "aws_route_table",
      "name": "private",
      "provider": "provider[\"registry.terraform.io/hashicorp/aws\"]",
      "instances": [
        {
          "index_key": 0,
          "schema_version": 0,
          "attributes": {
            "arn": "arn:aws:ec2:ap-northeast-2:739961805636:route-table/rtb-0ad23532e5983906f",
            "id": "rtb-0ad23532e5983906f",
            "owner_id": "739961805636",
            "propagating_vgws": [],
            "route": [
              {
                "carrier_gateway_id": "",
                "cidr_block": "0.0.0.0/0",
                "core_network_arn": "",
                "destination_prefix_list_id": "",
                "egress_only_gateway_id": "",
                "gateway_id": "",
                "ipv6_cidr_block": "",
                "local_gateway_id": "",
                "nat_gateway_id": "nat-04a2cbc6bf7ea93f8",
                "network_interface_id": "",
                "transit_gateway_id": "",
                "vpc_endpoint_id": "",
                "vpc_peering_connection_id": ""
              }
            ],
            "tags": {
              "Name": "terraform-01-mod-private",
              "project": "eks-mod"
            },
            "tags_all": {
              "Name": "terraform-01-mod-private",
              "project": "eks-mod"
            },
            "timeouts": null,
            "vpc_id": "vpc-01bc425b97e51fd71"
          },
          "sensitive_attributes": [],
          "identity_schema_version": 0,
          "private": "eyJlMmJmYjczMC1lY2FhLTExZTYtOGY4OC0zNDM2M2JjN2M0YzAiOnsiY3JlYXRlIjozMDAwMDAwMDAwMDAsImRlbGV0ZSI6MzAwMDAwMDAwMDAwLCJ1cGRhdGUiOjEyMDAwMDAwMDAwMH19",
          "dependencies": [
            "module.vpc_mod.aws_vpc.this",
            "module.vpc_mod.aws_vpc_ipv4_cidr_block_association.this"
          ]
        }
      ]
    },
    {
      "module": "module.vpc_mod",
      "mode": "managed",
      "type": "aws_route_table",
      "name": "public",
      "provider": "provider[\"registry.terraform.io/hashicorp/aws\"]",
      "instances": [
        {
          "index_key": 0,
          "schema_version": 0,
          "attributes": {
            "arn": "arn:aws:ec2:ap-northeast-2:739961805636:route-table/rtb-0718c4df6da04bdcd",
            "id": "rtb-0718c4df6da04bdcd",
            "owner_id": "739961805636",
            "propagating_vgws": [],
            "route": [
              {
                "carrier_gateway_id": "",
                "cidr_block": "0.0.0.0/0",
                "core_network_arn": "",
                "destination_prefix_list_id": "",
                "egress_only_gateway_id": "",
                "gateway_id": "igw-069de879020642857",
                "ipv6_cidr_block": "",
                "local_gateway_id": "",
                "nat_gateway_id": "",
                "network_interface_id": "",
                "transit_gateway_id": "",
                "vpc_endpoint_id": "",
                "vpc_peering_connection_id": ""
              }
            ],
            "tags": {
              "Name": "terraform-01-mod-public",
              "project": "eks-mod"
            },
            "tags_all": {
              "Name": "terraform-01-mod-public",
              "project": "eks-mod"
            },
            "timeouts": null,
            "vpc_id": "vpc-01bc425b97e51fd71"
          },
          "sensitive_attributes": [],
          "identity_schema_version": 0,
          "private": "eyJlMmJmYjczMC1lY2FhLTExZTYtOGY4OC0zNDM2M2JjN2M0YzAiOnsiY3JlYXRlIjozMDAwMDAwMDAwMDAsImRlbGV0ZSI6MzAwMDAwMDAwMDAwLCJ1cGRhdGUiOjEyMDAwMDAwMDAwMH19",
          "dependencies": [
            "module.vpc_mod.aws_vpc.this",
            "module.vpc_mod.aws_vpc_ipv4_cidr_block_association.this"
          ]
        }
      ]
    },
    {
      "module": "module.vpc_mod",
      "mode": "managed",
      "type": "aws_route_table_association",
      "name": "private",
      "provider": "provider[\"registry.terraform.io/hashicorp/aws\"]",
      "instances": [
        {
          "index_key": 0,
          "schema_version": 0,
          "attributes": {
            "gateway_id": "",
            "id": "rtbassoc-0e2495db87037ae2f",
            "route_table_id": "rtb-0ad23532e5983906f",
            "subnet_id": "subnet-0c99f8ac5cd489932",
            "timeouts": null
          },
          "sensitive_attributes": [],
          "identity_schema_version": 0,
          "private": "eyJlMmJmYjczMC1lY2FhLTExZTYtOGY4OC0zNDM2M2JjN2M0YzAiOnsiY3JlYXRlIjozMDAwMDAwMDAwMDAsImRlbGV0ZSI6MzAwMDAwMDAwMDAwLCJ1cGRhdGUiOjEyMDAwMDAwMDAwMH19",
          "dependencies": [
            "module.vpc_mod.aws_route_table.private",
            "module.vpc_mod.aws_subnet.private",
            "module.vpc_mod.aws_vpc.this",
            "module.vpc_mod.aws_vpc_ipv4_cidr_block_association.this"
          ]
        },
        {
          "index_key": 1,
          "schema_version": 0,
          "attributes": {
            "gateway_id": "",
            "id": "rtbassoc-053766f3e44d92554",
            "route_table_id": "rtb-0ad23532e5983906f",
            "subnet_id": "subnet-0b8fb8d9ff2618a55",
            "timeouts": null
          },
          "sensitive_attributes": [],
          "identity_schema_version": 0,
          "private": "eyJlMmJmYjczMC1lY2FhLTExZTYtOGY4OC0zNDM2M2JjN2M0YzAiOnsiY3JlYXRlIjozMDAwMDAwMDAwMDAsImRlbGV0ZSI6MzAwMDAwMDAwMDAwLCJ1cGRhdGUiOjEyMDAwMDAwMDAwMH19",
          "dependencies": [
            "module.vpc_mod.aws_route_table.private",
            "module.vpc_mod.aws_subnet.private",
            "module.vpc_mod.aws_vpc.this",
            "module.vpc_mod.aws_vpc_ipv4_cidr_block_association.this"
          ]
        }
      ]
    },
    {
      "module": "module.vpc_mod",
      "mode": "managed",
      "type": "aws_route_table_association",
      "name": "public",
      "provider": "provider[\"registry.terraform.io/hashicorp/aws\"]",
      "instances": [
        {
          "index_key": 0,
          "schema_version": 0,
          "attributes": {
            "gateway_id": "",
            "id": "rtbassoc-077453a4b7addf4ef",
            "route_table_id": "rtb-0718c4df6da04bdcd",
            "subnet_id": "subnet-0187b1022fe511046",
            "timeouts": null
          },
          "sensitive_attributes": [],
          "identity_schema_version": 0,
          "private": "eyJlMmJmYjczMC1lY2FhLTExZTYtOGY4OC0zNDM2M2JjN2M0YzAiOnsiY3JlYXRlIjozMDAwMDAwMDAwMDAsImRlbGV0ZSI6MzAwMDAwMDAwMDAwLCJ1cGRhdGUiOjEyMDAwMDAwMDAwMH19",
          "dependencies": [
            "module.vpc_mod.aws_route_table.public",
            "module.vpc_mod.aws_subnet.public",
            "module.vpc_mod.aws_vpc.this",
            "module.vpc_mod.aws_vpc_ipv4_cidr_block_association.this"
          ]
        },
        {
          "index_key": 1,
          "schema_version": 0,
          "attributes": {
            "gateway_id": "",
            "id": "rtbassoc-0abffd50ce4d32381",
            "route_table_id": "rtb-0718c4df6da04bdcd",
            "subnet_id": "subnet-0a6bed9d0c87f7168",
            "timeouts": null
          },
          "sensitive_attributes": [],
          "identity_schema_version": 0,
          "private": "eyJlMmJmYjczMC1lY2FhLTExZTYtOGY4OC0zNDM2M2JjN2M0YzAiOnsiY3JlYXRlIjozMDAwMDAwMDAwMDAsImRlbGV0ZSI6MzAwMDAwMDAwMDAwLCJ1cGRhdGUiOjEyMDAwMDAwMDAwMH19",
          "dependencies": [
            "module.vpc_mod.aws_route_table.public",
            "module.vpc_mod.aws_subnet.public",
            "module.vpc_mod.aws_vpc.this",
            "module.vpc_mod.aws_vpc_ipv4_cidr_block_association.this"
          ]
        }
      ]
    },
    {
      "module": "module.vpc_mod",
      "mode": "managed",
      "type": "aws_subnet",
      "name": "private",
      "provider": "provider[\"registry.terraform.io/hashicorp/aws\"]",
      "instances": [
        {
          "index_key": 0,
          "schema_version": 1,
          "attributes": {
            "arn": "arn:aws:ec2:ap-northeast-2:739961805636:subnet/subnet-0c99f8ac5cd489932",
            "assign_ipv6_address_on_creation": false,
            "availability_zone": "ap-northeast-2a",
            "availability_zone_id": "apne2-az1",
            "cidr_block": "10.10.101.0/24",
            "customer_owned_ipv4_pool": "",
            "enable_dns64": false,
            "enable_lni_at_device_index": 0,
            "enable_resource_name_dns_a_record_on_launch": false,
            "enable_resource_name_dns_aaaa_record_on_launch": false,
            "id": "subnet-0c99f8ac5cd489932",
            "ipv6_cidr_block": "",
            "ipv6_cidr_block_association_id": "",
            "ipv6_native": false,
            "map_customer_owned_ip_on_launch": false,
            "map_public_ip_on_launch": false,
            "outpost_arn": "",
            "owner_id": "739961805636",
            "private_dns_hostname_type_on_launch": "ip-name",
            "tags": {
              "Name": "terraform-01-mod-private-ap-northeast-2a",
              "kubernetes.io/cluster/eks-mod": "shared",
              "kubernetes.io/role/internal-elb": "1",
              "project": "eks-mod"
            },
            "tags_all": {
              "Name": "terraform-01-mod-private-ap-northeast-2a",
              "kubernetes.io/cluster/eks-mod": "shared",
              "kubernetes.io/role/internal-elb": "1",
              "project": "eks-mod"
            },
            "timeouts": null,
            "vpc_id": "vpc-01bc425b97e51fd71"
          },
          "sensitive_attributes": [],
          "identity_schema_version": 0,
          "private": "eyJlMmJmYjczMC1lY2FhLTExZTYtOGY4OC0zNDM2M2JjN2M0YzAiOnsiY3JlYXRlIjo2MDAwMDAwMDAwMDAsImRlbGV0ZSI6MTIwMDAwMDAwMDAwMH0sInNjaGVtYV92ZXJzaW9uIjoiMSJ9",
          "dependencies": [
            "module.vpc_mod.aws_vpc.this",
            "module.vpc_mod.aws_vpc_ipv4_cidr_block_association.this"
          ],
          "create_before_destroy": true
        },
        {
          "index_key": 1,
          "schema_version": 1,
          "attributes": {
            "arn": "arn:aws:ec2:ap-northeast-2:739961805636:subnet/subnet-0b8fb8d9ff2618a55",
            "assign_ipv6_address_on_creation": false,
            "availability_zone": "ap-northeast-2c",
            "availability_zone_id": "apne2-az3",
            "cidr_block": "10.10.102.0/24",
            "customer_owned_ipv4_pool": "",
            "enable_dns64": false,
            "enable_lni_at_device_index": 0,
            "enable_resource_name_dns_a_record_on_launch": false,
            "enable_resource_name_dns_aaaa_record_on_launch": false,
            "id": "subnet-0b8fb8d9ff2618a55",
            "ipv6_cidr_block": "",
            "ipv6_cidr_block_association_id": "",
            "ipv6_native": false,
            "map_customer_owned_ip_on_launch": false,
            "map_public_ip_on_launch": false,
            "outpost_arn": "",
            "owner_id": "739961805636",
            "private_dns_hostname_type_on_launch": "ip-name",
            "tags": {
              "Name": "terraform-01-mod-private-ap-northeast-2c",
              "kubernetes.io/cluster/eks-mod": "shared",
              "kubernetes.io/role/internal-elb": "1",
              "project": "eks-mod"
            },
            "tags_all": {
              "Name": "terraform-01-mod-private-ap-northeast-2c",
              "kubernetes.io/cluster/eks-mod": "shared",
              "kubernetes.io/role/internal-elb": "1",
              "project": "eks-mod"
            },
            "timeouts": null,
            "vpc_id": "vpc-01bc425b97e51fd71"
          },
          "sensitive_attributes": [],
          "identity_schema_version": 0,
          "private": "eyJlMmJmYjczMC1lY2FhLTExZTYtOGY4OC0zNDM2M2JjN2M0YzAiOnsiY3JlYXRlIjo2MDAwMDAwMDAwMDAsImRlbGV0ZSI6MTIwMDAwMDAwMDAwMH0sInNjaGVtYV92ZXJzaW9uIjoiMSJ9",
          "dependencies": [
            "module.vpc_mod.aws_vpc.this",
            "module.vpc_mod.aws_vpc_ipv4_cidr_block_association.this"
          ],
          "create_before_destroy": true
        }
      ]
    },
    {
      "module": "module.vpc_mod",
      "mode": "managed",
      "type": "aws_subnet",
      "name": "public",
      "provider": "provider[\"registry.terraform.io/hashicorp/aws\"]",
      "instances": [
        {
          "index_key": 0,
          "schema_version": 1,
          "attributes": {
            "arn": "arn:aws:ec2:ap-northeast-2:739961805636:subnet/subnet-0187b1022fe511046",
            "assign_ipv6_address_on_creation": false,
            "availability_zone": "ap-northeast-2a",
            "availability_zone_id": "apne2-az1",
            "cidr_block": "10.10.1.0/24",
            "customer_owned_ipv4_pool": "",
            "enable_dns64": false,
            "enable_lni_at_device_index": 0,
            "enable_resource_name_dns_a_record_on_launch": false,
            "enable_resource_name_dns_aaaa_record_on_launch": false,
            "id": "subnet-0187b1022fe511046",
            "ipv6_cidr_block": "",
            "ipv6_cidr_block_association_id": "",
            "ipv6_native": false,
            "map_customer_owned_ip_on_launch": false,
            "map_public_ip_on_launch": false,
            "outpost_arn": "",
            "owner_id": "739961805636",
            "private_dns_hostname_type_on_launch": "ip-name",
            "tags": {
              "Name": "terraform-01-mod-public-ap-northeast-2a",
              "kubernetes.io/cluster/eks-mod": "shared",
              "kubernetes.io/role/elb": "1",
              "project": "eks-mod"
            },
            "tags_all": {
              "Name": "terraform-01-mod-public-ap-northeast-2a",
              "kubernetes.io/cluster/eks-mod": "shared",
              "kubernetes.io/role/elb": "1",
              "project": "eks-mod"
            },
            "timeouts": null,
            "vpc_id": "vpc-01bc425b97e51fd71"
          },
          "sensitive_attributes": [],
          "identity_schema_version": 0,
          "private": "eyJlMmJmYjczMC1lY2FhLTExZTYtOGY4OC0zNDM2M2JjN2M0YzAiOnsiY3JlYXRlIjo2MDAwMDAwMDAwMDAsImRlbGV0ZSI6MTIwMDAwMDAwMDAwMH0sInNjaGVtYV92ZXJzaW9uIjoiMSJ9",
          "dependencies": [
            "module.vpc_mod.aws_vpc.this",
            "module.vpc_mod.aws_vpc_ipv4_cidr_block_association.this"
          ]
        },
        {
          "index_key": 1,
          "schema_version": 1,
          "attributes": {
            "arn": "arn:aws:ec2:ap-northeast-2:739961805636:subnet/subnet-0a6bed9d0c87f7168",
            "assign_ipv6_address_on_creation": false,
            "availability_zone": "ap-northeast-2c",
            "availability_zone_id": "apne2-az3",
            "cidr_block": "10.10.2.0/24",
            "customer_owned_ipv4_pool": "",
            "enable_dns64": false,
            "enable_lni_at_device_index": 0,
            "enable_resource_name_dns_a_record_on_launch": false,
            "enable_resource_name_dns_aaaa_record_on_launch": false,
            "id": "subnet-0a6bed9d0c87f7168",
            "ipv6_cidr_block": "",
            "ipv6_cidr_block_association_id": "",
            "ipv6_native": false,
            "map_customer_owned_ip_on_launch": false,
            "map_public_ip_on_launch": false,
            "outpost_arn": "",
            "owner_id": "739961805636",
            "private_dns_hostname_type_on_launch": "ip-name",
            "tags": {
              "Name": "terraform-01-mod-public-ap-northeast-2c",
              "kubernetes.io/cluster/eks-mod": "shared",
              "kubernetes.io/role/elb": "1",
              "project": "eks-mod"
            },
            "tags_all": {
              "Name": "terraform-01-mod-public-ap-northeast-2c",
              "kubernetes.io/cluster/eks-mod": "shared",
              "kubernetes.io/role/elb": "1",
              "project": "eks-mod"
            },
            "timeouts": null,
            "vpc_id": "vpc-01bc425b97e51fd71"
          },
          "sensitive_attributes": [],
          "identity_schema_version": 0,
          "private": "eyJlMmJmYjczMC1lY2FhLTExZTYtOGY4OC0zNDM2M2JjN2M0YzAiOnsiY3JlYXRlIjo2MDAwMDAwMDAwMDAsImRlbGV0ZSI6MTIwMDAwMDAwMDAwMH0sInNjaGVtYV92ZXJzaW9uIjoiMSJ9",
          "dependencies": [
            "module.vpc_mod.aws_vpc.this",
            "module.vpc_mod.aws_vpc_ipv4_cidr_block_association.this"
          ]
        }
      ]
    },
    {
      "module": "module.vpc_mod",
      "mode": "managed",
      "type": "aws_vpc",
      "name": "this",
      "provider": "provider[\"registry.terraform.io/hashicorp/aws\"]",
      "instances": [
        {
          "index_key": 0,
          "schema_version": 1,
          "attributes": {
            "arn": "arn:aws:ec2:ap-northeast-2:739961805636:vpc/vpc-01bc425b97e51fd71",
            "assign_generated_ipv6_cidr_block": false,
            "cidr_block": "10.10.0.0/16",
            "default_network_acl_id": "acl-09a46f81d985787c5",
            "default_route_table_id": "rtb-02b3cd39b1a6ef675",
            "default_security_group_id": "sg-0031180c83badfbda",
            "dhcp_options_id": "dopt-028d1a46ec037e7ec",
            "enable_dns_hostnames": true,
            "enable_dns_support": true,
            "enable_network_address_usage_metrics": false,
            "id": "vpc-01bc425b97e51fd71",
            "instance_tenancy": "default",
            "ipv4_ipam_pool_id": null,
            "ipv4_netmask_length": null,
            "ipv6_association_id": "",
            "ipv6_cidr_block": "",
            "ipv6_cidr_block_network_border_group": "",
            "ipv6_ipam_pool_id": "",
            "ipv6_netmask_length": 0,
            "main_route_table_id": "rtb-02b3cd39b1a6ef675",
            "owner_id": "739961805636",
            "tags": {
              "Name": "terraform-01-mod",
              "project": "eks-mod"
            },
            "tags_all": {
              "Name": "terraform-01-mod",
              "project": "eks-mod"
            }
          },
          "sensitive_attributes": [],
          "identity_schema_version": 0,
          "private": "eyJzY2hlbWFfdmVyc2lvbiI6IjEifQ==",
          "create_before_destroy": true
        }
      ]
    }
  ],
  "check_results": [
    {
      "object_kind": "var",
      "config_addr": "module.eks_mod.module.self_managed_node_group.var.platform",
      "status": "pass",
      "objects": null
    },
    {
      "object_kind": "resource",
      "config_addr": "module.eks_mod.module.self_managed_node_group.module.user_data.null_resource.validate_cluster_service_cidr",
      "status": "pass",
      "objects": null
    },
    {
      "object_kind": "resource",
      "config_addr": "module.eks_mod.module.eks_managed_node_group.module.user_data.null_resource.validate_cluster_service_cidr",
      "status": "pass",
      "objects": [
        {
          "object_addr": "module.eks_mod.module.eks_managed_node_group[\"default\"].module.user_data.null_resource.validate_cluster_service_cidr",
          "status": "pass"
        }
      ]
    }
  ]
}
